
Microsoft Visual Studio Solution File, Format Version 12.00
# Visual Studio 2013
VisualStudioVersion = 12.0.40418.0
MinimumVisualStudioVersion = 10.0.40219.1
Project("{2150E333-8FDC-42A3-9474-1A3956D46DE8}") = "Samples", "Samples", "{806D5361-BD93-4138-BA61-D1D5D7B7791D}"
EndProject
Project("{FAE04EC0-301F-11D3-BF4B-00C04F79EFBC}") = "Salesforce.Sample.RestExplorer.Phone", "Samples\Salesforce.Sample.RestExplorer.Phone\Salesforce.Sample.RestExplorer.Phone.csproj", "{D6D66DE5-899D-4B9D-9A96-FD9028D1017E}"
EndProject
Project("{2150E333-8FDC-42A3-9474-1A3956D46DE8}") = "Salesforce.Sample.RestExplorer", "Salesforce.Sample.RestExplorer", "{E56A2E69-A53A-4C0D-8131-2C5C5711992A}"
EndProject
Project("{FAE04EC0-301F-11D3-BF4B-00C04F79EFBC}") = "Salesforce.Sample.RestExplorer.Store", "Samples\Salesforce.Sample.RestExplorer.Store\Salesforce.Sample.RestExplorer.Store.csproj", "{A60A0A18-A146-4777-84A1-63B839F84371}"
EndProject
Project("{2150E333-8FDC-42A3-9474-1A3956D46DE8}") = "Salesforce.Sample.Container", "Salesforce.Sample.Container", "{2DE5D60C-1262-472C-8D97-41C1D227B0B5}"
EndProject
Project("{D954291E-2A0B-460D-934E-DC6B0785DB48}") = "Salesforce.Sample.Container.Shared", "Samples\Salesforce.Sample.Container\Salesforce.Sample.Container.Shared\Salesforce.Sample.Container.Shared.shproj", "{F6F2D28C-BA6E-4937-92D5-6F99D02270D4}"
EndProject
Project("{FAE04EC0-301F-11D3-BF4B-00C04F79EFBC}") = "Salesforce.Sample.Container.Windows", "Samples\Salesforce.Sample.Container\Salesforce.Sample.Container.Windows\Salesforce.Sample.Container.Windows.csproj", "{E3A104A7-6D87-40C3-9ECB-29092B97E022}"
EndProject
Project("{FAE04EC0-301F-11D3-BF4B-00C04F79EFBC}") = "Salesforce.Sample.Container.WindowsPhone", "Samples\Salesforce.Sample.Container\Salesforce.Sample.Container.WindowsPhone\Salesforce.Sample.Container.WindowsPhone.csproj", "{975C84C9-616F-4D8C-8A80-13F8E7A4B046}"
EndProject
Project("{2150E333-8FDC-42A3-9474-1A3956D46DE8}") = "Salesforce.Sample.SmartSyncExplorer", "Salesforce.Sample.SmartSyncExplorer", "{6639B890-FCD6-497F-8696-7B5CFFF68E17}"
EndProject
Project("{D954291E-2A0B-460D-934E-DC6B0785DB48}") = "Salesforce.Sample.SmartSyncExplorer.Shared", "Samples\Salesforce.Sample.SmartSyncExplorer\Salesforce.Sample.SmartSyncExplorer.Shared\Salesforce.Sample.SmartSyncExplorer.Shared.shproj", "{445FC4F7-03D2-4C48-98A2-EE47912D0F5D}"
EndProject
Project("{FAE04EC0-301F-11D3-BF4B-00C04F79EFBC}") = "Salesforce.Sample.SmartSyncExplorer.Windows", "Samples\Salesforce.Sample.SmartSyncExplorer\Salesforce.Sample.SmartSyncExplorer.Windows\Salesforce.Sample.SmartSyncExplorer.Windows.csproj", "{513E0A0A-BB9B-443B-95D7-6767BC9146FB}"
EndProject
Project("{FAE04EC0-301F-11D3-BF4B-00C04F79EFBC}") = "Salesforce.Sample.SmartSyncExplorer.WindowsPhone", "Samples\Salesforce.Sample.SmartSyncExplorer\Salesforce.Sample.SmartSyncExplorer.WindowsPhone\Salesforce.Sample.SmartSyncExplorer.WindowsPhone.csproj", "{3E1D2A5B-9956-41E2-A1FE-284E98ED3855}"
EndProject
Project("{2150E333-8FDC-42A3-9474-1A3956D46DE8}") = "Salesforce.Sample.NativeSmartStoreSample", "Salesforce.Sample.NativeSmartStoreSample", "{76C48959-4121-4E9B-A328-7090B279EA46}"
EndProject
Project("{D954291E-2A0B-460D-934E-DC6B0785DB48}") = "Salesforce.Sample.NativeSmartStoreSample.Shared", "Samples\Salesforce.Sample.NativeSmartStoreSample\Salesforce.Sample.NativeSmartStoreSample.Shared\Salesforce.Sample.NativeSmartStoreSample.Shared.shproj", "{DFCD6129-BC1A-44B8-9620-257F03B04DD0}"
EndProject
Project("{FAE04EC0-301F-11D3-BF4B-00C04F79EFBC}") = "Salesforce.Sample.NativeSmartStoreSample.Windows", "Samples\Salesforce.Sample.NativeSmartStoreSample\Salesforce.Sample.NativeSmartStoreSample.Windows\Salesforce.Sample.NativeSmartStoreSample.Windows.csproj", "{727A6B56-2EF7-470D-A8EC-C4FFDD5E4214}"
EndProject
Project("{FAE04EC0-301F-11D3-BF4B-00C04F79EFBC}") = "Salesforce.Sample.NativeSmartStoreSample.WindowsPhone", "Samples\Salesforce.Sample.NativeSmartStoreSample\Salesforce.Sample.NativeSmartStoreSample.WindowsPhone\Salesforce.Sample.NativeSmartStoreSample.WindowsPhone.csproj", "{0CCC48EE-997D-4F1A-8D27-E87DBEA58D93}"
EndProject
Project("{2150E333-8FDC-42A3-9474-1A3956D46DE8}") = "SDK", "SDK", "{D999F4D2-11FF-49CD-9D40-938EE3419D07}"
EndProject
Project("{FAE04EC0-301F-11D3-BF4B-00C04F79EFBC}") = "Core", "SalesforceMobileSDK-Windows\SalesforceSDK\Core\Core.csproj", "{CD53C7B7-C3FF-4982-935B-22FB096CD559}"
EndProject
Project("{FAE04EC0-301F-11D3-BF4B-00C04F79EFBC}") = "App", "SalesforceMobileSDK-Windows\SalesforceSDK\App\App.csproj", "{B1D32173-8770-45B7-AEE8-1F29AF8CDC87}"
EndProject
Project("{FAE04EC0-301F-11D3-BF4B-00C04F79EFBC}") = "Phone", "SalesforceMobileSDK-Windows\SalesforceSDK\Phone\Phone.csproj", "{E0188957-3823-40A9-B90D-A8794986D74F}"
EndProject
Project("{FAE04EC0-301F-11D3-BF4B-00C04F79EFBC}") = "Store", "SalesforceMobileSDK-Windows\SalesforceSDK\Store\Store.csproj", "{A107BCC2-EC81-4A4F-8EA2-AA742AFE0F01}"
EndProject
Project("{FAE04EC0-301F-11D3-BF4B-00C04F79EFBC}") = "Hybrid.Core", "SalesforceMobileSDK-Windows\SalesforceSDK\Hybrid\Hybrid.Core.csproj", "{B6F95C8E-E338-4D05-A33D-81C7671A6CB3}"
EndProject
Project("{FAE04EC0-301F-11D3-BF4B-00C04F79EFBC}") = "Hybrid.SmartStore", "SalesforceMobileSDK-Windows\SalesforceSDK\Hybrid.SmartStore\Hybrid.SmartStore.csproj", "{3C768AD4-DAC5-40D5-8AB7-141780333BAF}"
EndProject
Project("{FAE04EC0-301F-11D3-BF4B-00C04F79EFBC}") = "Hybrid.SmartSync", "SalesforceMobileSDK-Windows\SalesforceSDK\Hybrid.SmartSync\Hybrid.SmartSync.csproj", "{B6093B0A-09A7-4DE9-BF0B-5740D2065840}"
EndProject
Project("{262852C6-CD72-467D-83FE-5EEB1973A190}") = "TypeScript", "SalesforceMobileSDK-Windows\SalesforceSDK\TypeScriptLib\TypeScript.jsproj", "{E2E39B4C-E5E1-4163-8FBB-CD01473086D1}"
EndProject
Project("{FAE04EC0-301F-11D3-BF4B-00C04F79EFBC}") = "SmartStore", "SalesforceMobileSDK-Windows\SalesforceSDK\SmartStore\SmartStore.csproj", "{E0838498-6201-4040-B4F1-A2D0C02405A6}"
EndProject
Project("{FAE04EC0-301F-11D3-BF4B-00C04F79EFBC}") = "SmartSync", "SalesforceMobileSDK-Windows\SalesforceSDK\SmartSync\SmartSync.csproj", "{923DCD08-E0AF-4214-86B0-86E37851046B}"
EndProject
Project("{2150E333-8FDC-42A3-9474-1A3956D46DE8}") = ".nuget", ".nuget", "{F93E9B4D-4127-4D56-B225-5EE081485B4A}"
	ProjectSection(SolutionItems) = preProject
		.nuget\NuGet.Config = .nuget\NuGet.Config
		.nuget\NuGet.exe = .nuget\NuGet.exe
		.nuget\NuGet.targets = .nuget\NuGet.targets
	EndProjectSection
EndProject
Global
	GlobalSection(SharedMSBuildProjectFiles) = preSolution
		Samples\Salesforce.Sample.SmartSyncExplorer\Salesforce.Sample.SmartSyncExplorer.Shared\Salesforce.Sample.SmartSyncExplorer.Shared.projitems*{513e0a0a-bb9b-443b-95d7-6767bc9146fb}*SharedItemsImports = 4
		Samples\Salesforce.Sample.SmartSyncExplorer\Salesforce.Sample.SmartSyncExplorer.Shared\Salesforce.Sample.SmartSyncExplorer.Shared.projitems*{3e1d2a5b-9956-41e2-a1fe-284e98ed3855}*SharedItemsImports = 4
		Samples\Salesforce.Sample.NativeSmartStoreSample\Salesforce.Sample.NativeSmartStoreSample.Shared\Salesforce.Sample.NativeSmartStoreSample.Shared.projitems*{727a6b56-2ef7-470d-a8ec-c4ffdd5e4214}*SharedItemsImports = 4
		Samples\Salesforce.Sample.Container\Salesforce.Sample.Container.Shared\Salesforce.Sample.Container.Shared.projitems*{e3a104a7-6d87-40c3-9ecb-29092b97e022}*SharedItemsImports = 4
		Samples\Salesforce.Sample.SmartSyncExplorer\Salesforce.Sample.SmartSyncExplorer.Shared\Salesforce.Sample.SmartSyncExplorer.Shared.projitems*{445fc4f7-03d2-4c48-98a2-ee47912d0f5d}*SharedItemsImports = 13
		Samples\Salesforce.Sample.Container\Salesforce.Sample.Container.Shared\Salesforce.Sample.Container.Shared.projitems*{975c84c9-616f-4d8c-8a80-13f8e7a4b046}*SharedItemsImports = 4
		Samples\Salesforce.Sample.Container\Salesforce.Sample.Container.Shared\Salesforce.Sample.Container.Shared.projitems*{f6f2d28c-ba6e-4937-92d5-6f99d02270d4}*SharedItemsImports = 13
		Samples\Salesforce.Sample.NativeSmartStoreSample\Salesforce.Sample.NativeSmartStoreSample.Shared\Salesforce.Sample.NativeSmartStoreSample.Shared.projitems*{dfcd6129-bc1a-44b8-9620-257f03b04dd0}*SharedItemsImports = 13
		Samples\Salesforce.Sample.NativeSmartStoreSample\Salesforce.Sample.NativeSmartStoreSample.Shared\Salesforce.Sample.NativeSmartStoreSample.Shared.projitems*{0ccc48ee-997d-4f1a-8d27-e87dbea58d93}*SharedItemsImports = 4
	EndGlobalSection
	GlobalSection(SolutionConfigurationPlatforms) = preSolution
		Debug|Any CPU = Debug|Any CPU
		Debug|ARM = Debug|ARM
		Debug|x64 = Debug|x64
		Debug|x86 = Debug|x86
		Release|Any CPU = Release|Any CPU
		Release|ARM = Release|ARM
		Release|x64 = Release|x64
		Release|x86 = Release|x86
	EndGlobalSection
	GlobalSection(ProjectConfigurationPlatforms) = postSolution
		{D6D66DE5-899D-4B9D-9A96-FD9028D1017E}.Debug|Any CPU.ActiveCfg = Debug|Any CPU
		{D6D66DE5-899D-4B9D-9A96-FD9028D1017E}.Debug|Any CPU.Build.0 = Debug|Any CPU
		{D6D66DE5-899D-4B9D-9A96-FD9028D1017E}.Debug|Any CPU.Deploy.0 = Debug|Any CPU
		{D6D66DE5-899D-4B9D-9A96-FD9028D1017E}.Debug|ARM.ActiveCfg = Debug|ARM
		{D6D66DE5-899D-4B9D-9A96-FD9028D1017E}.Debug|ARM.Build.0 = Debug|ARM
		{D6D66DE5-899D-4B9D-9A96-FD9028D1017E}.Debug|ARM.Deploy.0 = Debug|ARM
		{D6D66DE5-899D-4B9D-9A96-FD9028D1017E}.Debug|x64.ActiveCfg = Debug|Any CPU
		{D6D66DE5-899D-4B9D-9A96-FD9028D1017E}.Debug|x86.ActiveCfg = Debug|x86
		{D6D66DE5-899D-4B9D-9A96-FD9028D1017E}.Debug|x86.Build.0 = Debug|x86
		{D6D66DE5-899D-4B9D-9A96-FD9028D1017E}.Debug|x86.Deploy.0 = Debug|x86
		{D6D66DE5-899D-4B9D-9A96-FD9028D1017E}.Release|Any CPU.ActiveCfg = Release|Any CPU
		{D6D66DE5-899D-4B9D-9A96-FD9028D1017E}.Release|Any CPU.Build.0 = Release|Any CPU
		{D6D66DE5-899D-4B9D-9A96-FD9028D1017E}.Release|Any CPU.Deploy.0 = Release|Any CPU
		{D6D66DE5-899D-4B9D-9A96-FD9028D1017E}.Release|ARM.ActiveCfg = Release|ARM
		{D6D66DE5-899D-4B9D-9A96-FD9028D1017E}.Release|ARM.Build.0 = Release|ARM
		{D6D66DE5-899D-4B9D-9A96-FD9028D1017E}.Release|ARM.Deploy.0 = Release|ARM
		{D6D66DE5-899D-4B9D-9A96-FD9028D1017E}.Release|x64.ActiveCfg = Release|Any CPU
		{D6D66DE5-899D-4B9D-9A96-FD9028D1017E}.Release|x86.ActiveCfg = Release|x86
		{D6D66DE5-899D-4B9D-9A96-FD9028D1017E}.Release|x86.Build.0 = Release|x86
		{D6D66DE5-899D-4B9D-9A96-FD9028D1017E}.Release|x86.Deploy.0 = Release|x86
		{A60A0A18-A146-4777-84A1-63B839F84371}.Debug|Any CPU.ActiveCfg = Debug|Any CPU
		{A60A0A18-A146-4777-84A1-63B839F84371}.Debug|Any CPU.Build.0 = Debug|Any CPU
		{A60A0A18-A146-4777-84A1-63B839F84371}.Debug|Any CPU.Deploy.0 = Debug|Any CPU
		{A60A0A18-A146-4777-84A1-63B839F84371}.Debug|ARM.ActiveCfg = Debug|ARM
		{A60A0A18-A146-4777-84A1-63B839F84371}.Debug|ARM.Build.0 = Debug|ARM
		{A60A0A18-A146-4777-84A1-63B839F84371}.Debug|ARM.Deploy.0 = Debug|ARM
		{A60A0A18-A146-4777-84A1-63B839F84371}.Debug|x64.ActiveCfg = Debug|x64
		{A60A0A18-A146-4777-84A1-63B839F84371}.Debug|x64.Build.0 = Debug|x64
		{A60A0A18-A146-4777-84A1-63B839F84371}.Debug|x64.Deploy.0 = Debug|x64
		{A60A0A18-A146-4777-84A1-63B839F84371}.Debug|x86.ActiveCfg = Debug|x86
		{A60A0A18-A146-4777-84A1-63B839F84371}.Debug|x86.Build.0 = Debug|x86
		{A60A0A18-A146-4777-84A1-63B839F84371}.Debug|x86.Deploy.0 = Debug|x86
		{A60A0A18-A146-4777-84A1-63B839F84371}.Release|Any CPU.ActiveCfg = Release|Any CPU
		{A60A0A18-A146-4777-84A1-63B839F84371}.Release|Any CPU.Build.0 = Release|Any CPU
		{A60A0A18-A146-4777-84A1-63B839F84371}.Release|Any CPU.Deploy.0 = Release|Any CPU
		{A60A0A18-A146-4777-84A1-63B839F84371}.Release|ARM.ActiveCfg = Release|ARM
		{A60A0A18-A146-4777-84A1-63B839F84371}.Release|ARM.Build.0 = Release|ARM
		{A60A0A18-A146-4777-84A1-63B839F84371}.Release|ARM.Deploy.0 = Release|ARM
		{A60A0A18-A146-4777-84A1-63B839F84371}.Release|x64.ActiveCfg = Release|x64
		{A60A0A18-A146-4777-84A1-63B839F84371}.Release|x64.Build.0 = Release|x64
		{A60A0A18-A146-4777-84A1-63B839F84371}.Release|x64.Deploy.0 = Release|x64
		{A60A0A18-A146-4777-84A1-63B839F84371}.Release|x86.ActiveCfg = Release|x86
		{A60A0A18-A146-4777-84A1-63B839F84371}.Release|x86.Build.0 = Release|x86
		{A60A0A18-A146-4777-84A1-63B839F84371}.Release|x86.Deploy.0 = Release|x86
		{E3A104A7-6D87-40C3-9ECB-29092B97E022}.Debug|Any CPU.ActiveCfg = Debug|Any CPU
		{E3A104A7-6D87-40C3-9ECB-29092B97E022}.Debug|Any CPU.Build.0 = Debug|Any CPU
		{E3A104A7-6D87-40C3-9ECB-29092B97E022}.Debug|Any CPU.Deploy.0 = Debug|Any CPU
		{E3A104A7-6D87-40C3-9ECB-29092B97E022}.Debug|ARM.ActiveCfg = Debug|ARM
		{E3A104A7-6D87-40C3-9ECB-29092B97E022}.Debug|ARM.Build.0 = Debug|ARM
		{E3A104A7-6D87-40C3-9ECB-29092B97E022}.Debug|ARM.Deploy.0 = Debug|ARM
		{E3A104A7-6D87-40C3-9ECB-29092B97E022}.Debug|x64.ActiveCfg = Debug|x64
		{E3A104A7-6D87-40C3-9ECB-29092B97E022}.Debug|x64.Build.0 = Debug|x64
		{E3A104A7-6D87-40C3-9ECB-29092B97E022}.Debug|x64.Deploy.0 = Debug|x64
		{E3A104A7-6D87-40C3-9ECB-29092B97E022}.Debug|x86.ActiveCfg = Debug|x86
		{E3A104A7-6D87-40C3-9ECB-29092B97E022}.Debug|x86.Build.0 = Debug|x86
		{E3A104A7-6D87-40C3-9ECB-29092B97E022}.Debug|x86.Deploy.0 = Debug|x86
		{E3A104A7-6D87-40C3-9ECB-29092B97E022}.Release|Any CPU.ActiveCfg = Release|Any CPU
		{E3A104A7-6D87-40C3-9ECB-29092B97E022}.Release|Any CPU.Build.0 = Release|Any CPU
		{E3A104A7-6D87-40C3-9ECB-29092B97E022}.Release|Any CPU.Deploy.0 = Release|Any CPU
		{E3A104A7-6D87-40C3-9ECB-29092B97E022}.Release|ARM.ActiveCfg = Release|ARM
		{E3A104A7-6D87-40C3-9ECB-29092B97E022}.Release|ARM.Build.0 = Release|ARM
		{E3A104A7-6D87-40C3-9ECB-29092B97E022}.Release|ARM.Deploy.0 = Release|ARM
		{E3A104A7-6D87-40C3-9ECB-29092B97E022}.Release|x64.ActiveCfg = Release|x64
		{E3A104A7-6D87-40C3-9ECB-29092B97E022}.Release|x64.Build.0 = Release|x64
		{E3A104A7-6D87-40C3-9ECB-29092B97E022}.Release|x64.Deploy.0 = Release|x64
		{E3A104A7-6D87-40C3-9ECB-29092B97E022}.Release|x86.ActiveCfg = Release|x86
		{E3A104A7-6D87-40C3-9ECB-29092B97E022}.Release|x86.Build.0 = Release|x86
		{E3A104A7-6D87-40C3-9ECB-29092B97E022}.Release|x86.Deploy.0 = Release|x86
		{975C84C9-616F-4D8C-8A80-13F8E7A4B046}.Debug|Any CPU.ActiveCfg = Debug|Any CPU
		{975C84C9-616F-4D8C-8A80-13F8E7A4B046}.Debug|Any CPU.Build.0 = Debug|Any CPU
		{975C84C9-616F-4D8C-8A80-13F8E7A4B046}.Debug|Any CPU.Deploy.0 = Debug|Any CPU
		{975C84C9-616F-4D8C-8A80-13F8E7A4B046}.Debug|ARM.ActiveCfg = Debug|ARM
		{975C84C9-616F-4D8C-8A80-13F8E7A4B046}.Debug|ARM.Build.0 = Debug|ARM
		{975C84C9-616F-4D8C-8A80-13F8E7A4B046}.Debug|ARM.Deploy.0 = Debug|ARM
		{975C84C9-616F-4D8C-8A80-13F8E7A4B046}.Debug|x64.ActiveCfg = Debug|Any CPU
		{975C84C9-616F-4D8C-8A80-13F8E7A4B046}.Debug|x86.ActiveCfg = Debug|x86
		{975C84C9-616F-4D8C-8A80-13F8E7A4B046}.Debug|x86.Build.0 = Debug|x86
		{975C84C9-616F-4D8C-8A80-13F8E7A4B046}.Debug|x86.Deploy.0 = Debug|x86
		{975C84C9-616F-4D8C-8A80-13F8E7A4B046}.Release|Any CPU.ActiveCfg = Release|Any CPU
		{975C84C9-616F-4D8C-8A80-13F8E7A4B046}.Release|Any CPU.Build.0 = Release|Any CPU
		{975C84C9-616F-4D8C-8A80-13F8E7A4B046}.Release|Any CPU.Deploy.0 = Release|Any CPU
		{975C84C9-616F-4D8C-8A80-13F8E7A4B046}.Release|ARM.ActiveCfg = Release|ARM
		{975C84C9-616F-4D8C-8A80-13F8E7A4B046}.Release|ARM.Build.0 = Release|ARM
		{975C84C9-616F-4D8C-8A80-13F8E7A4B046}.Release|ARM.Deploy.0 = Release|ARM
		{975C84C9-616F-4D8C-8A80-13F8E7A4B046}.Release|x64.ActiveCfg = Release|Any CPU
		{975C84C9-616F-4D8C-8A80-13F8E7A4B046}.Release|x86.ActiveCfg = Release|x86
		{975C84C9-616F-4D8C-8A80-13F8E7A4B046}.Release|x86.Build.0 = Release|x86
		{975C84C9-616F-4D8C-8A80-13F8E7A4B046}.Release|x86.Deploy.0 = Release|x86
		{513E0A0A-BB9B-443B-95D7-6767BC9146FB}.Debug|Any CPU.ActiveCfg = Debug|x86
		{513E0A0A-BB9B-443B-95D7-6767BC9146FB}.Debug|Any CPU.Build.0 = Debug|x86
		{513E0A0A-BB9B-443B-95D7-6767BC9146FB}.Debug|Any CPU.Deploy.0 = Debug|x86
		{513E0A0A-BB9B-443B-95D7-6767BC9146FB}.Debug|ARM.ActiveCfg = Debug|ARM
		{513E0A0A-BB9B-443B-95D7-6767BC9146FB}.Debug|ARM.Build.0 = Debug|ARM
		{513E0A0A-BB9B-443B-95D7-6767BC9146FB}.Debug|ARM.Deploy.0 = Debug|ARM
		{513E0A0A-BB9B-443B-95D7-6767BC9146FB}.Debug|x64.ActiveCfg = Debug|x64
		{513E0A0A-BB9B-443B-95D7-6767BC9146FB}.Debug|x64.Build.0 = Debug|x64
		{513E0A0A-BB9B-443B-95D7-6767BC9146FB}.Debug|x64.Deploy.0 = Debug|x64
		{513E0A0A-BB9B-443B-95D7-6767BC9146FB}.Debug|x86.ActiveCfg = Debug|x86
		{513E0A0A-BB9B-443B-95D7-6767BC9146FB}.Debug|x86.Build.0 = Debug|x86
		{513E0A0A-BB9B-443B-95D7-6767BC9146FB}.Debug|x86.Deploy.0 = Debug|x86
		{513E0A0A-BB9B-443B-95D7-6767BC9146FB}.Release|Any CPU.ActiveCfg = Release|Any CPU
		{513E0A0A-BB9B-443B-95D7-6767BC9146FB}.Release|Any CPU.Build.0 = Release|Any CPU
		{513E0A0A-BB9B-443B-95D7-6767BC9146FB}.Release|Any CPU.Deploy.0 = Release|Any CPU
		{513E0A0A-BB9B-443B-95D7-6767BC9146FB}.Release|ARM.ActiveCfg = Release|ARM
		{513E0A0A-BB9B-443B-95D7-6767BC9146FB}.Release|ARM.Build.0 = Release|ARM
		{513E0A0A-BB9B-443B-95D7-6767BC9146FB}.Release|ARM.Deploy.0 = Release|ARM
		{513E0A0A-BB9B-443B-95D7-6767BC9146FB}.Release|x64.ActiveCfg = Release|x64
		{513E0A0A-BB9B-443B-95D7-6767BC9146FB}.Release|x64.Build.0 = Release|x64
		{513E0A0A-BB9B-443B-95D7-6767BC9146FB}.Release|x64.Deploy.0 = Release|x64
		{513E0A0A-BB9B-443B-95D7-6767BC9146FB}.Release|x86.ActiveCfg = Release|x86
		{513E0A0A-BB9B-443B-95D7-6767BC9146FB}.Release|x86.Build.0 = Release|x86
		{513E0A0A-BB9B-443B-95D7-6767BC9146FB}.Release|x86.Deploy.0 = Release|x86
		{3E1D2A5B-9956-41E2-A1FE-284E98ED3855}.Debug|Any CPU.ActiveCfg = Debug|x86
		{3E1D2A5B-9956-41E2-A1FE-284E98ED3855}.Debug|Any CPU.Build.0 = Debug|x86
		{3E1D2A5B-9956-41E2-A1FE-284E98ED3855}.Debug|Any CPU.Deploy.0 = Debug|x86
		{3E1D2A5B-9956-41E2-A1FE-284E98ED3855}.Debug|ARM.ActiveCfg = Debug|ARM
		{3E1D2A5B-9956-41E2-A1FE-284E98ED3855}.Debug|ARM.Build.0 = Debug|ARM
		{3E1D2A5B-9956-41E2-A1FE-284E98ED3855}.Debug|ARM.Deploy.0 = Debug|ARM
		{3E1D2A5B-9956-41E2-A1FE-284E98ED3855}.Debug|x64.ActiveCfg = Debug|Any CPU
		{3E1D2A5B-9956-41E2-A1FE-284E98ED3855}.Debug|x86.ActiveCfg = Debug|x86
		{3E1D2A5B-9956-41E2-A1FE-284E98ED3855}.Debug|x86.Build.0 = Debug|x86
		{3E1D2A5B-9956-41E2-A1FE-284E98ED3855}.Debug|x86.Deploy.0 = Debug|x86
		{3E1D2A5B-9956-41E2-A1FE-284E98ED3855}.Release|Any CPU.ActiveCfg = Release|Any CPU
		{3E1D2A5B-9956-41E2-A1FE-284E98ED3855}.Release|Any CPU.Build.0 = Release|Any CPU
		{3E1D2A5B-9956-41E2-A1FE-284E98ED3855}.Release|Any CPU.Deploy.0 = Release|Any CPU
		{3E1D2A5B-9956-41E2-A1FE-284E98ED3855}.Release|ARM.ActiveCfg = Release|ARM
		{3E1D2A5B-9956-41E2-A1FE-284E98ED3855}.Release|ARM.Build.0 = Release|ARM
		{3E1D2A5B-9956-41E2-A1FE-284E98ED3855}.Release|ARM.Deploy.0 = Release|ARM
		{3E1D2A5B-9956-41E2-A1FE-284E98ED3855}.Release|x64.ActiveCfg = Release|Any CPU
		{3E1D2A5B-9956-41E2-A1FE-284E98ED3855}.Release|x86.ActiveCfg = Release|x86
		{3E1D2A5B-9956-41E2-A1FE-284E98ED3855}.Release|x86.Build.0 = Release|x86
		{3E1D2A5B-9956-41E2-A1FE-284E98ED3855}.Release|x86.Deploy.0 = Release|x86
		{727A6B56-2EF7-470D-A8EC-C4FFDD5E4214}.Debug|Any CPU.ActiveCfg = Debug|x86
		{727A6B56-2EF7-470D-A8EC-C4FFDD5E4214}.Debug|Any CPU.Build.0 = Debug|x86
		{727A6B56-2EF7-470D-A8EC-C4FFDD5E4214}.Debug|Any CPU.Deploy.0 = Debug|x86
		{727A6B56-2EF7-470D-A8EC-C4FFDD5E4214}.Debug|ARM.ActiveCfg = Debug|ARM
		{727A6B56-2EF7-470D-A8EC-C4FFDD5E4214}.Debug|ARM.Build.0 = Debug|ARM
		{727A6B56-2EF7-470D-A8EC-C4FFDD5E4214}.Debug|ARM.Deploy.0 = Debug|ARM
		{727A6B56-2EF7-470D-A8EC-C4FFDD5E4214}.Debug|x64.ActiveCfg = Debug|x64
		{727A6B56-2EF7-470D-A8EC-C4FFDD5E4214}.Debug|x64.Build.0 = Debug|x64
		{727A6B56-2EF7-470D-A8EC-C4FFDD5E4214}.Debug|x64.Deploy.0 = Debug|x64
		{727A6B56-2EF7-470D-A8EC-C4FFDD5E4214}.Debug|x86.ActiveCfg = Debug|x86
		{727A6B56-2EF7-470D-A8EC-C4FFDD5E4214}.Debug|x86.Build.0 = Debug|x86
		{727A6B56-2EF7-470D-A8EC-C4FFDD5E4214}.Debug|x86.Deploy.0 = Debug|x86
		{727A6B56-2EF7-470D-A8EC-C4FFDD5E4214}.Release|Any CPU.ActiveCfg = Release|Any CPU
		{727A6B56-2EF7-470D-A8EC-C4FFDD5E4214}.Release|Any CPU.Build.0 = Release|Any CPU
		{727A6B56-2EF7-470D-A8EC-C4FFDD5E4214}.Release|Any CPU.Deploy.0 = Release|Any CPU
		{727A6B56-2EF7-470D-A8EC-C4FFDD5E4214}.Release|ARM.ActiveCfg = Release|ARM
		{727A6B56-2EF7-470D-A8EC-C4FFDD5E4214}.Release|ARM.Build.0 = Release|ARM
		{727A6B56-2EF7-470D-A8EC-C4FFDD5E4214}.Release|ARM.Deploy.0 = Release|ARM
		{727A6B56-2EF7-470D-A8EC-C4FFDD5E4214}.Release|x64.ActiveCfg = Release|x64
		{727A6B56-2EF7-470D-A8EC-C4FFDD5E4214}.Release|x64.Build.0 = Release|x64
		{727A6B56-2EF7-470D-A8EC-C4FFDD5E4214}.Release|x64.Deploy.0 = Release|x64
		{727A6B56-2EF7-470D-A8EC-C4FFDD5E4214}.Release|x86.ActiveCfg = Release|x86
		{727A6B56-2EF7-470D-A8EC-C4FFDD5E4214}.Release|x86.Build.0 = Release|x86
		{727A6B56-2EF7-470D-A8EC-C4FFDD5E4214}.Release|x86.Deploy.0 = Release|x86
		{0CCC48EE-997D-4F1A-8D27-E87DBEA58D93}.Debug|Any CPU.ActiveCfg = Debug|x86
		{0CCC48EE-997D-4F1A-8D27-E87DBEA58D93}.Debug|Any CPU.Build.0 = Debug|x86
		{0CCC48EE-997D-4F1A-8D27-E87DBEA58D93}.Debug|Any CPU.Deploy.0 = Debug|x86
		{0CCC48EE-997D-4F1A-8D27-E87DBEA58D93}.Debug|ARM.ActiveCfg = Debug|ARM
		{0CCC48EE-997D-4F1A-8D27-E87DBEA58D93}.Debug|ARM.Build.0 = Debug|ARM
		{0CCC48EE-997D-4F1A-8D27-E87DBEA58D93}.Debug|ARM.Deploy.0 = Debug|ARM
		{0CCC48EE-997D-4F1A-8D27-E87DBEA58D93}.Debug|x64.ActiveCfg = Debug|Any CPU
		{0CCC48EE-997D-4F1A-8D27-E87DBEA58D93}.Debug|x86.ActiveCfg = Debug|x86
		{0CCC48EE-997D-4F1A-8D27-E87DBEA58D93}.Debug|x86.Build.0 = Debug|x86
		{0CCC48EE-997D-4F1A-8D27-E87DBEA58D93}.Debug|x86.Deploy.0 = Debug|x86
		{0CCC48EE-997D-4F1A-8D27-E87DBEA58D93}.Release|Any CPU.ActiveCfg = Release|Any CPU
		{0CCC48EE-997D-4F1A-8D27-E87DBEA58D93}.Release|Any CPU.Build.0 = Release|Any CPU
		{0CCC48EE-997D-4F1A-8D27-E87DBEA58D93}.Release|Any CPU.Deploy.0 = Release|Any CPU
		{0CCC48EE-997D-4F1A-8D27-E87DBEA58D93}.Release|ARM.ActiveCfg = Release|ARM
		{0CCC48EE-997D-4F1A-8D27-E87DBEA58D93}.Release|ARM.Build.0 = Release|ARM
		{0CCC48EE-997D-4F1A-8D27-E87DBEA58D93}.Release|ARM.Deploy.0 = Release|ARM
		{0CCC48EE-997D-4F1A-8D27-E87DBEA58D93}.Release|x64.ActiveCfg = Release|Any CPU
		{0CCC48EE-997D-4F1A-8D27-E87DBEA58D93}.Release|x86.ActiveCfg = Release|x86
		{0CCC48EE-997D-4F1A-8D27-E87DBEA58D93}.Release|x86.Build.0 = Release|x86
		{0CCC48EE-997D-4F1A-8D27-E87DBEA58D93}.Release|x86.Deploy.0 = Release|x86
		{CD53C7B7-C3FF-4982-935B-22FB096CD559}.Debug|Any CPU.ActiveCfg = Debug|Any CPU
		{CD53C7B7-C3FF-4982-935B-22FB096CD559}.Debug|Any CPU.Build.0 = Debug|Any CPU
		{CD53C7B7-C3FF-4982-935B-22FB096CD559}.Debug|ARM.ActiveCfg = Debug|Any CPU
		{CD53C7B7-C3FF-4982-935B-22FB096CD559}.Debug|x64.ActiveCfg = Debug|Any CPU
		{CD53C7B7-C3FF-4982-935B-22FB096CD559}.Debug|x86.ActiveCfg = Debug|Any CPU
		{CD53C7B7-C3FF-4982-935B-22FB096CD559}.Debug|x86.Build.0 = Debug|Any CPU
		{CD53C7B7-C3FF-4982-935B-22FB096CD559}.Release|Any CPU.ActiveCfg = Release|Any CPU
		{CD53C7B7-C3FF-4982-935B-22FB096CD559}.Release|Any CPU.Build.0 = Release|Any CPU
		{CD53C7B7-C3FF-4982-935B-22FB096CD559}.Release|ARM.ActiveCfg = Release|Any CPU
		{CD53C7B7-C3FF-4982-935B-22FB096CD559}.Release|x64.ActiveCfg = Release|Any CPU
		{CD53C7B7-C3FF-4982-935B-22FB096CD559}.Release|x86.ActiveCfg = Release|Any CPU
		{B1D32173-8770-45B7-AEE8-1F29AF8CDC87}.Debug|Any CPU.ActiveCfg = Debug|Any CPU
		{B1D32173-8770-45B7-AEE8-1F29AF8CDC87}.Debug|Any CPU.Build.0 = Debug|Any CPU
		{B1D32173-8770-45B7-AEE8-1F29AF8CDC87}.Debug|ARM.ActiveCfg = Debug|Any CPU
		{B1D32173-8770-45B7-AEE8-1F29AF8CDC87}.Debug|x64.ActiveCfg = Debug|Any CPU
		{B1D32173-8770-45B7-AEE8-1F29AF8CDC87}.Debug|x86.ActiveCfg = Debug|Any CPU
		{B1D32173-8770-45B7-AEE8-1F29AF8CDC87}.Debug|x86.Build.0 = Debug|Any CPU
		{B1D32173-8770-45B7-AEE8-1F29AF8CDC87}.Release|Any CPU.ActiveCfg = Release|Any CPU
		{B1D32173-8770-45B7-AEE8-1F29AF8CDC87}.Release|Any CPU.Build.0 = Release|Any CPU
		{B1D32173-8770-45B7-AEE8-1F29AF8CDC87}.Release|ARM.ActiveCfg = Release|Any CPU
		{B1D32173-8770-45B7-AEE8-1F29AF8CDC87}.Release|x64.ActiveCfg = Release|Any CPU
		{B1D32173-8770-45B7-AEE8-1F29AF8CDC87}.Release|x86.ActiveCfg = Release|Any CPU
		{E0188957-3823-40A9-B90D-A8794986D74F}.Debug|Any CPU.ActiveCfg = Debug|Any CPU
		{E0188957-3823-40A9-B90D-A8794986D74F}.Debug|Any CPU.Build.0 = Debug|Any CPU
		{E0188957-3823-40A9-B90D-A8794986D74F}.Debug|ARM.ActiveCfg = Debug|ARM
		{E0188957-3823-40A9-B90D-A8794986D74F}.Debug|ARM.Build.0 = Debug|ARM
		{E0188957-3823-40A9-B90D-A8794986D74F}.Debug|x64.ActiveCfg = Debug|Any CPU
		{E0188957-3823-40A9-B90D-A8794986D74F}.Debug|x86.ActiveCfg = Debug|Any CPU
		{E0188957-3823-40A9-B90D-A8794986D74F}.Debug|x86.Build.0 = Debug|Any CPU
		{E0188957-3823-40A9-B90D-A8794986D74F}.Release|Any CPU.ActiveCfg = Release|Any CPU
		{E0188957-3823-40A9-B90D-A8794986D74F}.Release|Any CPU.Build.0 = Release|Any CPU
		{E0188957-3823-40A9-B90D-A8794986D74F}.Release|ARM.ActiveCfg = Release|ARM
		{E0188957-3823-40A9-B90D-A8794986D74F}.Release|ARM.Build.0 = Release|ARM
		{E0188957-3823-40A9-B90D-A8794986D74F}.Release|x64.ActiveCfg = Release|Any CPU
		{E0188957-3823-40A9-B90D-A8794986D74F}.Release|x86.ActiveCfg = Release|x86
		{E0188957-3823-40A9-B90D-A8794986D74F}.Release|x86.Build.0 = Release|x86
		{A107BCC2-EC81-4A4F-8EA2-AA742AFE0F01}.Debug|Any CPU.ActiveCfg = Debug|Any CPU
		{A107BCC2-EC81-4A4F-8EA2-AA742AFE0F01}.Debug|Any CPU.Build.0 = Debug|Any CPU
		{A107BCC2-EC81-4A4F-8EA2-AA742AFE0F01}.Debug|ARM.ActiveCfg = Debug|ARM
		{A107BCC2-EC81-4A4F-8EA2-AA742AFE0F01}.Debug|ARM.Build.0 = Debug|ARM
		{A107BCC2-EC81-4A4F-8EA2-AA742AFE0F01}.Debug|x64.ActiveCfg = Debug|x64
		{A107BCC2-EC81-4A4F-8EA2-AA742AFE0F01}.Debug|x64.Build.0 = Debug|x64
		{A107BCC2-EC81-4A4F-8EA2-AA742AFE0F01}.Debug|x86.ActiveCfg = Debug|Any CPU
		{A107BCC2-EC81-4A4F-8EA2-AA742AFE0F01}.Debug|x86.Build.0 = Debug|Any CPU
		{A107BCC2-EC81-4A4F-8EA2-AA742AFE0F01}.Release|Any CPU.ActiveCfg = Release|Any CPU
		{A107BCC2-EC81-4A4F-8EA2-AA742AFE0F01}.Release|Any CPU.Build.0 = Release|Any CPU
		{A107BCC2-EC81-4A4F-8EA2-AA742AFE0F01}.Release|ARM.ActiveCfg = Release|ARM
		{A107BCC2-EC81-4A4F-8EA2-AA742AFE0F01}.Release|ARM.Build.0 = Release|ARM
		{A107BCC2-EC81-4A4F-8EA2-AA742AFE0F01}.Release|x64.ActiveCfg = Release|x64
		{A107BCC2-EC81-4A4F-8EA2-AA742AFE0F01}.Release|x64.Build.0 = Release|x64
		{A107BCC2-EC81-4A4F-8EA2-AA742AFE0F01}.Release|x86.ActiveCfg = Release|x86
		{A107BCC2-EC81-4A4F-8EA2-AA742AFE0F01}.Release|x86.Build.0 = Release|x86
		{B6F95C8E-E338-4D05-A33D-81C7671A6CB3}.Debug|Any CPU.ActiveCfg = Debug|Any CPU
		{B6F95C8E-E338-4D05-A33D-81C7671A6CB3}.Debug|Any CPU.Build.0 = Debug|Any CPU
		{B6F95C8E-E338-4D05-A33D-81C7671A6CB3}.Debug|ARM.ActiveCfg = Debug|Any CPU
		{B6F95C8E-E338-4D05-A33D-81C7671A6CB3}.Debug|x64.ActiveCfg = Debug|Any CPU
		{B6F95C8E-E338-4D05-A33D-81C7671A6CB3}.Debug|x86.ActiveCfg = Debug|Any CPU
		{B6F95C8E-E338-4D05-A33D-81C7671A6CB3}.Debug|x86.Build.0 = Debug|Any CPU
		{B6F95C8E-E338-4D05-A33D-81C7671A6CB3}.Release|Any CPU.ActiveCfg = Release|Any CPU
		{B6F95C8E-E338-4D05-A33D-81C7671A6CB3}.Release|Any CPU.Build.0 = Release|Any CPU
		{B6F95C8E-E338-4D05-A33D-81C7671A6CB3}.Release|ARM.ActiveCfg = Release|Any CPU
		{B6F95C8E-E338-4D05-A33D-81C7671A6CB3}.Release|x64.ActiveCfg = Release|Any CPU
		{B6F95C8E-E338-4D05-A33D-81C7671A6CB3}.Release|x86.ActiveCfg = Release|Any CPU
		{3C768AD4-DAC5-40D5-8AB7-141780333BAF}.Debug|Any CPU.ActiveCfg = Debug|Any CPU
		{3C768AD4-DAC5-40D5-8AB7-141780333BAF}.Debug|Any CPU.Build.0 = Debug|Any CPU
		{3C768AD4-DAC5-40D5-8AB7-141780333BAF}.Debug|ARM.ActiveCfg = Debug|Any CPU
		{3C768AD4-DAC5-40D5-8AB7-141780333BAF}.Debug|x64.ActiveCfg = Debug|Any CPU
		{3C768AD4-DAC5-40D5-8AB7-141780333BAF}.Debug|x86.ActiveCfg = Debug|Any CPU
		{3C768AD4-DAC5-40D5-8AB7-141780333BAF}.Debug|x86.Build.0 = Debug|Any CPU
		{3C768AD4-DAC5-40D5-8AB7-141780333BAF}.Release|Any CPU.ActiveCfg = Release|Any CPU
		{3C768AD4-DAC5-40D5-8AB7-141780333BAF}.Release|Any CPU.Build.0 = Release|Any CPU
		{3C768AD4-DAC5-40D5-8AB7-141780333BAF}.Release|ARM.ActiveCfg = Release|Any CPU
		{3C768AD4-DAC5-40D5-8AB7-141780333BAF}.Release|x64.ActiveCfg = Release|Any CPU
		{3C768AD4-DAC5-40D5-8AB7-141780333BAF}.Release|x86.ActiveCfg = Release|Any CPU
		{B6093B0A-09A7-4DE9-BF0B-5740D2065840}.Debug|Any CPU.ActiveCfg = Debug|Any CPU
		{B6093B0A-09A7-4DE9-BF0B-5740D2065840}.Debug|Any CPU.Build.0 = Debug|Any CPU
		{B6093B0A-09A7-4DE9-BF0B-5740D2065840}.Debug|ARM.ActiveCfg = Debug|Any CPU
		{B6093B0A-09A7-4DE9-BF0B-5740D2065840}.Debug|x64.ActiveCfg = Debug|Any CPU
		{B6093B0A-09A7-4DE9-BF0B-5740D2065840}.Debug|x86.ActiveCfg = Debug|Any CPU
		{B6093B0A-09A7-4DE9-BF0B-5740D2065840}.Debug|x86.Build.0 = Debug|Any CPU
		{B6093B0A-09A7-4DE9-BF0B-5740D2065840}.Release|Any CPU.ActiveCfg = Release|Any CPU
		{B6093B0A-09A7-4DE9-BF0B-5740D2065840}.Release|Any CPU.Build.0 = Release|Any CPU
		{B6093B0A-09A7-4DE9-BF0B-5740D2065840}.Release|ARM.ActiveCfg = Release|Any CPU
		{B6093B0A-09A7-4DE9-BF0B-5740D2065840}.Release|x64.ActiveCfg = Release|Any CPU
		{B6093B0A-09A7-4DE9-BF0B-5740D2065840}.Release|x86.ActiveCfg = Release|Any CPU
		{E2E39B4C-E5E1-4163-8FBB-CD01473086D1}.Debug|Any CPU.ActiveCfg = Debug|Any CPU
		{E2E39B4C-E5E1-4163-8FBB-CD01473086D1}.Debug|Any CPU.Build.0 = Debug|Any CPU
		{E2E39B4C-E5E1-4163-8FBB-CD01473086D1}.Debug|Any CPU.Deploy.0 = Debug|Any CPU
		{E2E39B4C-E5E1-4163-8FBB-CD01473086D1}.Debug|ARM.ActiveCfg = Debug|ARM
		{E2E39B4C-E5E1-4163-8FBB-CD01473086D1}.Debug|ARM.Build.0 = Debug|ARM
		{E2E39B4C-E5E1-4163-8FBB-CD01473086D1}.Debug|ARM.Deploy.0 = Debug|ARM
		{E2E39B4C-E5E1-4163-8FBB-CD01473086D1}.Debug|x64.ActiveCfg = Debug|x64
		{E2E39B4C-E5E1-4163-8FBB-CD01473086D1}.Debug|x64.Build.0 = Debug|x64
		{E2E39B4C-E5E1-4163-8FBB-CD01473086D1}.Debug|x64.Deploy.0 = Debug|x64
		{E2E39B4C-E5E1-4163-8FBB-CD01473086D1}.Debug|x86.ActiveCfg = Debug|x86
		{E2E39B4C-E5E1-4163-8FBB-CD01473086D1}.Debug|x86.Build.0 = Debug|x86
		{E2E39B4C-E5E1-4163-8FBB-CD01473086D1}.Debug|x86.Deploy.0 = Debug|x86
		{E2E39B4C-E5E1-4163-8FBB-CD01473086D1}.Release|Any CPU.ActiveCfg = Release|x86
		{E2E39B4C-E5E1-4163-8FBB-CD01473086D1}.Release|Any CPU.Build.0 = Release|x86
		{E2E39B4C-E5E1-4163-8FBB-CD01473086D1}.Release|Any CPU.Deploy.0 = Release|x86
		{E2E39B4C-E5E1-4163-8FBB-CD01473086D1}.Release|ARM.ActiveCfg = Release|ARM
		{E2E39B4C-E5E1-4163-8FBB-CD01473086D1}.Release|ARM.Build.0 = Release|ARM
		{E2E39B4C-E5E1-4163-8FBB-CD01473086D1}.Release|ARM.Deploy.0 = Release|ARM
		{E2E39B4C-E5E1-4163-8FBB-CD01473086D1}.Release|x64.ActiveCfg = Release|x64
		{E2E39B4C-E5E1-4163-8FBB-CD01473086D1}.Release|x64.Build.0 = Release|x64
		{E2E39B4C-E5E1-4163-8FBB-CD01473086D1}.Release|x64.Deploy.0 = Release|x64
		{E2E39B4C-E5E1-4163-8FBB-CD01473086D1}.Release|x86.ActiveCfg = Release|x86
		{E2E39B4C-E5E1-4163-8FBB-CD01473086D1}.Release|x86.Build.0 = Release|x86
		{E2E39B4C-E5E1-4163-8FBB-CD01473086D1}.Release|x86.Deploy.0 = Release|x86
		{E0838498-6201-4040-B4F1-A2D0C02405A6}.Debug|Any CPU.ActiveCfg = Debug|Any CPU
		{E0838498-6201-4040-B4F1-A2D0C02405A6}.Debug|Any CPU.Build.0 = Debug|Any CPU
		{E0838498-6201-4040-B4F1-A2D0C02405A6}.Debug|ARM.ActiveCfg = Debug|Any CPU
		{E0838498-6201-4040-B4F1-A2D0C02405A6}.Debug|x64.ActiveCfg = Debug|Any CPU
		{E0838498-6201-4040-B4F1-A2D0C02405A6}.Debug|x86.ActiveCfg = Debug|Any CPU
		{E0838498-6201-4040-B4F1-A2D0C02405A6}.Debug|x86.Build.0 = Debug|Any CPU
		{E0838498-6201-4040-B4F1-A2D0C02405A6}.Release|Any CPU.ActiveCfg = Release|Any CPU
		{E0838498-6201-4040-B4F1-A2D0C02405A6}.Release|Any CPU.Build.0 = Release|Any CPU
		{E0838498-6201-4040-B4F1-A2D0C02405A6}.Release|ARM.ActiveCfg = Release|Any CPU
		{E0838498-6201-4040-B4F1-A2D0C02405A6}.Release|x64.ActiveCfg = Release|Any CPU
		{E0838498-6201-4040-B4F1-A2D0C02405A6}.Release|x86.ActiveCfg = Release|Any CPU
		{923DCD08-E0AF-4214-86B0-86E37851046B}.Debug|Any CPU.ActiveCfg = Debug|Any CPU
		{923DCD08-E0AF-4214-86B0-86E37851046B}.Debug|Any CPU.Build.0 = Debug|Any CPU
		{923DCD08-E0AF-4214-86B0-86E37851046B}.Debug|ARM.ActiveCfg = Debug|Any CPU
		{923DCD08-E0AF-4214-86B0-86E37851046B}.Debug|x64.ActiveCfg = Debug|Any CPU
		{923DCD08-E0AF-4214-86B0-86E37851046B}.Debug|x86.ActiveCfg = Debug|Any CPU
		{923DCD08-E0AF-4214-86B0-86E37851046B}.Debug|x86.Build.0 = Debug|Any CPU
		{923DCD08-E0AF-4214-86B0-86E37851046B}.Release|Any CPU.ActiveCfg = Release|Any CPU
		{923DCD08-E0AF-4214-86B0-86E37851046B}.Release|Any CPU.Build.0 = Release|Any CPU
		{923DCD08-E0AF-4214-86B0-86E37851046B}.Release|ARM.ActiveCfg = Release|Any CPU
		{923DCD08-E0AF-4214-86B0-86E37851046B}.Release|x64.ActiveCfg = Release|Any CPU
		{923DCD08-E0AF-4214-86B0-86E37851046B}.Release|x86.ActiveCfg = Release|Any CPU
	EndGlobalSection
	GlobalSection(SolutionProperties) = preSolution
		HideSolutionNode = FALSE
	EndGlobalSection
	GlobalSection(NestedProjects) = preSolution
		{D6D66DE5-899D-4B9D-9A96-FD9028D1017E} = {E56A2E69-A53A-4C0D-8131-2C5C5711992A}
		{E56A2E69-A53A-4C0D-8131-2C5C5711992A} = {806D5361-BD93-4138-BA61-D1D5D7B7791D}
		{A60A0A18-A146-4777-84A1-63B839F84371} = {E56A2E69-A53A-4C0D-8131-2C5C5711992A}
		{2DE5D60C-1262-472C-8D97-41C1D227B0B5} = {806D5361-BD93-4138-BA61-D1D5D7B7791D}
		{F6F2D28C-BA6E-4937-92D5-6F99D02270D4} = {2DE5D60C-1262-472C-8D97-41C1D227B0B5}
		{E3A104A7-6D87-40C3-9ECB-29092B97E022} = {2DE5D60C-1262-472C-8D97-41C1D227B0B5}
		{975C84C9-616F-4D8C-8A80-13F8E7A4B046} = {2DE5D60C-1262-472C-8D97-41C1D227B0B5}
		{6639B890-FCD6-497F-8696-7B5CFFF68E17} = {806D5361-BD93-4138-BA61-D1D5D7B7791D}
		{445FC4F7-03D2-4C48-98A2-EE47912D0F5D} = {6639B890-FCD6-497F-8696-7B5CFFF68E17}
		{513E0A0A-BB9B-443B-95D7-6767BC9146FB} = {6639B890-FCD6-497F-8696-7B5CFFF68E17}
		{3E1D2A5B-9956-41E2-A1FE-284E98ED3855} = {6639B890-FCD6-497F-8696-7B5CFFF68E17}
		{76C48959-4121-4E9B-A328-7090B279EA46} = {806D5361-BD93-4138-BA61-D1D5D7B7791D}
		{DFCD6129-BC1A-44B8-9620-257F03B04DD0} = {76C48959-4121-4E9B-A328-7090B279EA46}
		{727A6B56-2EF7-470D-A8EC-C4FFDD5E4214} = {76C48959-4121-4E9B-A328-7090B279EA46}
		{0CCC48EE-997D-4F1A-8D27-E87DBEA58D93} = {76C48959-4121-4E9B-A328-7090B279EA46}
		{CD53C7B7-C3FF-4982-935B-22FB096CD559} = {D999F4D2-11FF-49CD-9D40-938EE3419D07}
		{B1D32173-8770-45B7-AEE8-1F29AF8CDC87} = {D999F4D2-11FF-49CD-9D40-938EE3419D07}
		{E0188957-3823-40A9-B90D-A8794986D74F} = {D999F4D2-11FF-49CD-9D40-938EE3419D07}
		{A107BCC2-EC81-4A4F-8EA2-AA742AFE0F01} = {D999F4D2-11FF-49CD-9D40-938EE3419D07}
		{B6F95C8E-E338-4D05-A33D-81C7671A6CB3} = {D999F4D2-11FF-49CD-9D40-938EE3419D07}
		{3C768AD4-DAC5-40D5-8AB7-141780333BAF} = {D999F4D2-11FF-49CD-9D40-938EE3419D07}
		{B6093B0A-09A7-4DE9-BF0B-5740D2065840} = {D999F4D2-11FF-49CD-9D40-938EE3419D07}
		{E2E39B4C-E5E1-4163-8FBB-CD01473086D1} = {D999F4D2-11FF-49CD-9D40-938EE3419D07}
		{E0838498-6201-4040-B4F1-A2D0C02405A6} = {D999F4D2-11FF-49CD-9D40-938EE3419D07}
		{923DCD08-E0AF-4214-86B0-86E37851046B} = {D999F4D2-11FF-49CD-9D40-938EE3419D07}
	EndGlobalSection
EndGlobal
