
Microsoft Visual Studio Solution File, Format Version 12.00
# Visual Studio 14
VisualStudioVersion = 14.0.22823.1
MinimumVisualStudioVersion = 10.0.40219.1
Project("{2150E333-8FDC-42A3-9474-1A3956D46DE8}") = "Samples", "Samples", "{806D5361-BD93-4138-BA61-D1D5D7B7791D}"
EndProject
Project("{2150E333-8FDC-42A3-9474-1A3956D46DE8}") = "Salesforce.Sample.Container", "Salesforce.Sample.Container", "{2DE5D60C-1262-472C-8D97-41C1D227B0B5}"
EndProject
Project("{D954291E-2A0B-460D-934E-DC6B0785DB48}") = "Salesforce.Sample.Container.Shared", "Samples\Salesforce.Sample.Container\Salesforce.Sample.Container.Shared\Salesforce.Sample.Container.Shared.shproj", "{F6F2D28C-BA6E-4937-92D5-6F99D02270D4}"
EndProject
Project("{FAE04EC0-301F-11D3-BF4B-00C04F79EFBC}") = "Salesforce.Sample.Container.Windows", "Samples\Salesforce.Sample.Container\Salesforce.Sample.Container.Windows\Salesforce.Sample.Container.Windows.csproj", "{E3A104A7-6D87-40C3-9ECB-29092B97E022}"
EndProject
Project("{FAE04EC0-301F-11D3-BF4B-00C04F79EFBC}") = "Salesforce.Sample.Container.WindowsPhone", "Samples\Salesforce.Sample.Container\Salesforce.Sample.Container.WindowsPhone\Salesforce.Sample.Container.WindowsPhone.csproj", "{975C84C9-616F-4D8C-8A80-13F8E7A4B046}"
EndProject
Project("{2150E333-8FDC-42A3-9474-1A3956D46DE8}") = "Salesforce.Sample.SmartSyncExplorer", "Salesforce.Sample.SmartSyncExplorer", "{6639B890-FCD6-497F-8696-7B5CFFF68E17}"
EndProject
Project("{D954291E-2A0B-460D-934E-DC6B0785DB48}") = "Salesforce.Sample.SmartSyncExplorer.Shared", "Samples\Salesforce.Sample.SmartSyncExplorer\Salesforce.Sample.SmartSyncExplorer.Shared\Salesforce.Sample.SmartSyncExplorer.Shared.shproj", "{445FC4F7-03D2-4C48-98A2-EE47912D0F5D}"
EndProject
Project("{FAE04EC0-301F-11D3-BF4B-00C04F79EFBC}") = "Salesforce.Sample.SmartSyncExplorer.Windows", "Samples\Salesforce.Sample.SmartSyncExplorer\Salesforce.Sample.SmartSyncExplorer.Windows\Salesforce.Sample.SmartSyncExplorer.Windows.csproj", "{513E0A0A-BB9B-443B-95D7-6767BC9146FB}"
EndProject
Project("{FAE04EC0-301F-11D3-BF4B-00C04F79EFBC}") = "Salesforce.Sample.SmartSyncExplorer.WindowsPhone", "Samples\Salesforce.Sample.SmartSyncExplorer\Salesforce.Sample.SmartSyncExplorer.WindowsPhone\Salesforce.Sample.SmartSyncExplorer.WindowsPhone.csproj", "{3E1D2A5B-9956-41E2-A1FE-284E98ED3855}"
EndProject
Project("{2150E333-8FDC-42A3-9474-1A3956D46DE8}") = "Salesforce.Sample.NativeSmartStoreSample", "Salesforce.Sample.NativeSmartStoreSample", "{76C48959-4121-4E9B-A328-7090B279EA46}"
EndProject
Project("{D954291E-2A0B-460D-934E-DC6B0785DB48}") = "Salesforce.Sample.NativeSmartStoreSample.Shared", "Samples\Salesforce.Sample.NativeSmartStoreSample\Salesforce.Sample.NativeSmartStoreSample.Shared\Salesforce.Sample.NativeSmartStoreSample.Shared.shproj", "{DFCD6129-BC1A-44B8-9620-257F03B04DD0}"
EndProject
Project("{FAE04EC0-301F-11D3-BF4B-00C04F79EFBC}") = "Salesforce.Sample.NativeSmartStoreSample.Windows", "Samples\Salesforce.Sample.NativeSmartStoreSample\Salesforce.Sample.NativeSmartStoreSample.Windows\Salesforce.Sample.NativeSmartStoreSample.Windows.csproj", "{727A6B56-2EF7-470D-A8EC-C4FFDD5E4214}"
EndProject
Project("{FAE04EC0-301F-11D3-BF4B-00C04F79EFBC}") = "Salesforce.Sample.NativeSmartStoreSample.WindowsPhone", "Samples\Salesforce.Sample.NativeSmartStoreSample\Salesforce.Sample.NativeSmartStoreSample.WindowsPhone\Salesforce.Sample.NativeSmartStoreSample.WindowsPhone.csproj", "{0CCC48EE-997D-4F1A-8D27-E87DBEA58D93}"
EndProject
Project("{2150E333-8FDC-42A3-9474-1A3956D46DE8}") = "SDK", "SDK", "{D999F4D2-11FF-49CD-9D40-938EE3419D07}"
EndProject
Project("{FAE04EC0-301F-11D3-BF4B-00C04F79EFBC}") = "Core", "SalesforceMobileSDK-Windows\SalesforceSDK\Core\Core.csproj", "{C09CD62D-3A60-47C1-8E1D-8FEAA1DAB296}"
EndProject
Project("{FAE04EC0-301F-11D3-BF4B-00C04F79EFBC}") = "Hybrid.SmartStore", "SalesforceMobileSDK-Windows\SalesforceSDK\Hybrid.SmartStore\Hybrid.SmartStore.csproj", "{203217C4-C813-4CAA-9933-3E985971CA09}"
EndProject
Project("{FAE04EC0-301F-11D3-BF4B-00C04F79EFBC}") = "Hybrid.SmartSync", "SalesforceMobileSDK-Windows\SalesforceSDK\Hybrid.SmartSync\Hybrid.SmartSync.csproj", "{A50C9379-342A-45AF-B4F2-FB55C0517C2B}"
EndProject
Project("{FAE04EC0-301F-11D3-BF4B-00C04F79EFBC}") = "SmartStore", "SalesforceMobileSDK-Windows\SalesforceSDK\SmartStore\SmartStore.csproj", "{4F591F5C-4E74-4F58-A4C3-B20E863219A8}"
EndProject
Project("{FAE04EC0-301F-11D3-BF4B-00C04F79EFBC}") = "SmartSync", "SalesforceMobileSDK-Windows\SalesforceSDK\SmartSync\SmartSync.csproj", "{46CC6EC7-230C-4617-A747-659386099BB2}"
EndProject
Project("{2150E333-8FDC-42A3-9474-1A3956D46DE8}") = ".nuget", ".nuget", "{F93E9B4D-4127-4D56-B225-5EE081485B4A}"
	ProjectSection(SolutionItems) = preProject
		.nuget\NuGet.Config = .nuget\NuGet.Config
		.nuget\NuGet.exe = .nuget\NuGet.exe
		.nuget\NuGet.targets = .nuget\NuGet.targets
	EndProjectSection
EndProject
Project("{262852C6-CD72-467D-83FE-5EEB1973A190}") = "CordovaApp.Windows", "Samples\AccountManager\platforms\windows\CordovaApp.Windows.jsproj", "{58950FB6-2F93-4963-B9CD-637F83F3EFBF}"
EndProject
Project("{2150E333-8FDC-42A3-9474-1A3956D46DE8}") = "Salesforce.Sample.AccountManager", "Salesforce.Sample.AccountManager", "{FF00A7A7-A92F-4FC9-8C9C-DA38517667E4}"
EndProject
Project("{FAE04EC0-301F-11D3-BF4B-00C04F79EFBC}") = "Hybrid", "SalesforceMobileSDK-Windows\SalesforceSDK\Hybrid\Hybrid.csproj", "{1BB20010-2DC8-4B04-AC07-B44AB5AB9590}"
EndProject
Project("{262852C6-CD72-467D-83FE-5EEB1973A190}") = "TypeScriptLib", "SalesforceMobileSDK-Windows\SalesforceSDK\TypeScriptLib\TypeScriptLib.jsproj", "{2F78291C-22CD-410E-8B0F-98A9AF464361}"
EndProject
Project("{FAE04EC0-301F-11D3-BF4B-00C04F79EFBC}") = "Universal", "SalesforceMobileSDK-Windows\SalesforceSDK\Universal\Universal.csproj", "{4E325032-0060-4965-BCEB-E737AE088AAF}"
EndProject
Project("{FAE04EC0-301F-11D3-BF4B-00C04F79EFBC}") = "Salesforce.Sample.RestExplorer", "Samples\Salesforce.Sample.RestExplorer\Salesforce.Sample.RestExplorer.csproj", "{9ED25AE5-0302-4DFB-A292-6066388E34E5}"
EndProject
Global
	GlobalSection(SharedMSBuildProjectFiles) = preSolution
		Samples\Salesforce.Sample.SmartSyncExplorer\Salesforce.Sample.SmartSyncExplorer.Shared\Salesforce.Sample.SmartSyncExplorer.Shared.projitems*{513e0a0a-bb9b-443b-95d7-6767bc9146fb}*SharedItemsImports = 4
		Samples\Salesforce.Sample.SmartSyncExplorer\Salesforce.Sample.SmartSyncExplorer.Shared\Salesforce.Sample.SmartSyncExplorer.Shared.projitems*{3e1d2a5b-9956-41e2-a1fe-284e98ed3855}*SharedItemsImports = 4
		Samples\Salesforce.Sample.NativeSmartStoreSample\Salesforce.Sample.NativeSmartStoreSample.Shared\Salesforce.Sample.NativeSmartStoreSample.Shared.projitems*{727a6b56-2ef7-470d-a8ec-c4ffdd5e4214}*SharedItemsImports = 4
		Samples\Salesforce.Sample.Container\Salesforce.Sample.Container.Shared\Salesforce.Sample.Container.Shared.projitems*{e3a104a7-6d87-40c3-9ecb-29092b97e022}*SharedItemsImports = 4
		Samples\Salesforce.Sample.SmartSyncExplorer\Salesforce.Sample.SmartSyncExplorer.Shared\Salesforce.Sample.SmartSyncExplorer.Shared.projitems*{445fc4f7-03d2-4c48-98a2-ee47912d0f5d}*SharedItemsImports = 13
		Samples\Salesforce.Sample.Container\Salesforce.Sample.Container.Shared\Salesforce.Sample.Container.Shared.projitems*{975c84c9-616f-4d8c-8a80-13f8e7a4b046}*SharedItemsImports = 4
		Samples\AccountManager\platforms\windows\CordovaApp.projitems*{58950fb6-2f93-4963-b9cd-637f83f3efbf}*SharedItemsImports = 5
		Samples\Salesforce.Sample.Container\Salesforce.Sample.Container.Shared\Salesforce.Sample.Container.Shared.projitems*{f6f2d28c-ba6e-4937-92d5-6f99d02270d4}*SharedItemsImports = 13
		Samples\Salesforce.Sample.NativeSmartStoreSample\Salesforce.Sample.NativeSmartStoreSample.Shared\Salesforce.Sample.NativeSmartStoreSample.Shared.projitems*{dfcd6129-bc1a-44b8-9620-257f03b04dd0}*SharedItemsImports = 13
		Samples\Salesforce.Sample.NativeSmartStoreSample\Salesforce.Sample.NativeSmartStoreSample.Shared\Salesforce.Sample.NativeSmartStoreSample.Shared.projitems*{0ccc48ee-997d-4f1a-8d27-e87dbea58d93}*SharedItemsImports = 4
	EndGlobalSection
	GlobalSection(SolutionConfigurationPlatforms) = preSolution
		Debug|Any CPU = Debug|Any CPU
		Debug|ARM = Debug|ARM
		Debug|x64 = Debug|x64
		Debug|x86 = Debug|x86
		Release|Any CPU = Release|Any CPU
		Release|ARM = Release|ARM
		Release|x64 = Release|x64
		Release|x86 = Release|x86
	EndGlobalSection
	GlobalSection(ProjectConfigurationPlatforms) = postSolution
		{E3A104A7-6D87-40C3-9ECB-29092B97E022}.Debug|Any CPU.ActiveCfg = Debug|Any CPU
		{E3A104A7-6D87-40C3-9ECB-29092B97E022}.Debug|Any CPU.Build.0 = Debug|Any CPU
		{E3A104A7-6D87-40C3-9ECB-29092B97E022}.Debug|Any CPU.Deploy.0 = Debug|Any CPU
		{E3A104A7-6D87-40C3-9ECB-29092B97E022}.Debug|ARM.ActiveCfg = Debug|ARM
		{E3A104A7-6D87-40C3-9ECB-29092B97E022}.Debug|ARM.Build.0 = Debug|ARM
		{E3A104A7-6D87-40C3-9ECB-29092B97E022}.Debug|ARM.Deploy.0 = Debug|ARM
		{E3A104A7-6D87-40C3-9ECB-29092B97E022}.Debug|x64.ActiveCfg = Debug|x64
		{E3A104A7-6D87-40C3-9ECB-29092B97E022}.Debug|x64.Build.0 = Debug|x64
		{E3A104A7-6D87-40C3-9ECB-29092B97E022}.Debug|x64.Deploy.0 = Debug|x64
		{E3A104A7-6D87-40C3-9ECB-29092B97E022}.Debug|x86.ActiveCfg = Debug|x86
		{E3A104A7-6D87-40C3-9ECB-29092B97E022}.Debug|x86.Build.0 = Debug|x86
		{E3A104A7-6D87-40C3-9ECB-29092B97E022}.Debug|x86.Deploy.0 = Debug|x86
		{E3A104A7-6D87-40C3-9ECB-29092B97E022}.Release|Any CPU.ActiveCfg = Release|Any CPU
		{E3A104A7-6D87-40C3-9ECB-29092B97E022}.Release|Any CPU.Build.0 = Release|Any CPU
		{E3A104A7-6D87-40C3-9ECB-29092B97E022}.Release|Any CPU.Deploy.0 = Release|Any CPU
		{E3A104A7-6D87-40C3-9ECB-29092B97E022}.Release|ARM.ActiveCfg = Release|ARM
		{E3A104A7-6D87-40C3-9ECB-29092B97E022}.Release|ARM.Build.0 = Release|ARM
		{E3A104A7-6D87-40C3-9ECB-29092B97E022}.Release|ARM.Deploy.0 = Release|ARM
		{E3A104A7-6D87-40C3-9ECB-29092B97E022}.Release|x64.ActiveCfg = Release|x64
		{E3A104A7-6D87-40C3-9ECB-29092B97E022}.Release|x64.Build.0 = Release|x64
		{E3A104A7-6D87-40C3-9ECB-29092B97E022}.Release|x64.Deploy.0 = Release|x64
		{E3A104A7-6D87-40C3-9ECB-29092B97E022}.Release|x86.ActiveCfg = Release|x86
		{E3A104A7-6D87-40C3-9ECB-29092B97E022}.Release|x86.Build.0 = Release|x86
		{E3A104A7-6D87-40C3-9ECB-29092B97E022}.Release|x86.Deploy.0 = Release|x86
		{975C84C9-616F-4D8C-8A80-13F8E7A4B046}.Debug|Any CPU.ActiveCfg = Debug|Any CPU
		{975C84C9-616F-4D8C-8A80-13F8E7A4B046}.Debug|Any CPU.Build.0 = Debug|Any CPU
		{975C84C9-616F-4D8C-8A80-13F8E7A4B046}.Debug|Any CPU.Deploy.0 = Debug|Any CPU
		{975C84C9-616F-4D8C-8A80-13F8E7A4B046}.Debug|ARM.ActiveCfg = Debug|ARM
		{975C84C9-616F-4D8C-8A80-13F8E7A4B046}.Debug|ARM.Build.0 = Debug|ARM
		{975C84C9-616F-4D8C-8A80-13F8E7A4B046}.Debug|ARM.Deploy.0 = Debug|ARM
		{975C84C9-616F-4D8C-8A80-13F8E7A4B046}.Debug|x64.ActiveCfg = Debug|Any CPU
		{975C84C9-616F-4D8C-8A80-13F8E7A4B046}.Debug|x86.ActiveCfg = Debug|x86
		{975C84C9-616F-4D8C-8A80-13F8E7A4B046}.Debug|x86.Build.0 = Debug|x86
		{975C84C9-616F-4D8C-8A80-13F8E7A4B046}.Debug|x86.Deploy.0 = Debug|x86
		{975C84C9-616F-4D8C-8A80-13F8E7A4B046}.Release|Any CPU.ActiveCfg = Release|Any CPU
		{975C84C9-616F-4D8C-8A80-13F8E7A4B046}.Release|Any CPU.Build.0 = Release|Any CPU
		{975C84C9-616F-4D8C-8A80-13F8E7A4B046}.Release|Any CPU.Deploy.0 = Release|Any CPU
		{975C84C9-616F-4D8C-8A80-13F8E7A4B046}.Release|ARM.ActiveCfg = Release|ARM
		{975C84C9-616F-4D8C-8A80-13F8E7A4B046}.Release|ARM.Build.0 = Release|ARM
		{975C84C9-616F-4D8C-8A80-13F8E7A4B046}.Release|ARM.Deploy.0 = Release|ARM
		{975C84C9-616F-4D8C-8A80-13F8E7A4B046}.Release|x64.ActiveCfg = Release|Any CPU
		{975C84C9-616F-4D8C-8A80-13F8E7A4B046}.Release|x86.ActiveCfg = Release|x86
		{975C84C9-616F-4D8C-8A80-13F8E7A4B046}.Release|x86.Build.0 = Release|x86
		{975C84C9-616F-4D8C-8A80-13F8E7A4B046}.Release|x86.Deploy.0 = Release|x86
		{513E0A0A-BB9B-443B-95D7-6767BC9146FB}.Debug|Any CPU.ActiveCfg = Debug|x86
		{513E0A0A-BB9B-443B-95D7-6767BC9146FB}.Debug|Any CPU.Build.0 = Debug|x86
		{513E0A0A-BB9B-443B-95D7-6767BC9146FB}.Debug|Any CPU.Deploy.0 = Debug|x86
		{513E0A0A-BB9B-443B-95D7-6767BC9146FB}.Debug|ARM.ActiveCfg = Debug|ARM
		{513E0A0A-BB9B-443B-95D7-6767BC9146FB}.Debug|ARM.Build.0 = Debug|ARM
		{513E0A0A-BB9B-443B-95D7-6767BC9146FB}.Debug|ARM.Deploy.0 = Debug|ARM
		{513E0A0A-BB9B-443B-95D7-6767BC9146FB}.Debug|x64.ActiveCfg = Debug|x64
		{513E0A0A-BB9B-443B-95D7-6767BC9146FB}.Debug|x64.Build.0 = Debug|x64
		{513E0A0A-BB9B-443B-95D7-6767BC9146FB}.Debug|x64.Deploy.0 = Debug|x64
		{513E0A0A-BB9B-443B-95D7-6767BC9146FB}.Debug|x86.ActiveCfg = Debug|x86
		{513E0A0A-BB9B-443B-95D7-6767BC9146FB}.Debug|x86.Build.0 = Debug|x86
		{513E0A0A-BB9B-443B-95D7-6767BC9146FB}.Debug|x86.Deploy.0 = Debug|x86
		{513E0A0A-BB9B-443B-95D7-6767BC9146FB}.Release|Any CPU.ActiveCfg = Release|Any CPU
		{513E0A0A-BB9B-443B-95D7-6767BC9146FB}.Release|Any CPU.Build.0 = Release|Any CPU
		{513E0A0A-BB9B-443B-95D7-6767BC9146FB}.Release|Any CPU.Deploy.0 = Release|Any CPU
		{513E0A0A-BB9B-443B-95D7-6767BC9146FB}.Release|ARM.ActiveCfg = Release|ARM
		{513E0A0A-BB9B-443B-95D7-6767BC9146FB}.Release|ARM.Build.0 = Release|ARM
		{513E0A0A-BB9B-443B-95D7-6767BC9146FB}.Release|ARM.Deploy.0 = Release|ARM
		{513E0A0A-BB9B-443B-95D7-6767BC9146FB}.Release|x64.ActiveCfg = Release|x64
		{513E0A0A-BB9B-443B-95D7-6767BC9146FB}.Release|x64.Build.0 = Release|x64
		{513E0A0A-BB9B-443B-95D7-6767BC9146FB}.Release|x64.Deploy.0 = Release|x64
		{513E0A0A-BB9B-443B-95D7-6767BC9146FB}.Release|x86.ActiveCfg = Release|x86
		{513E0A0A-BB9B-443B-95D7-6767BC9146FB}.Release|x86.Build.0 = Release|x86
		{513E0A0A-BB9B-443B-95D7-6767BC9146FB}.Release|x86.Deploy.0 = Release|x86
		{3E1D2A5B-9956-41E2-A1FE-284E98ED3855}.Debug|Any CPU.ActiveCfg = Debug|x86
		{3E1D2A5B-9956-41E2-A1FE-284E98ED3855}.Debug|Any CPU.Build.0 = Debug|x86
		{3E1D2A5B-9956-41E2-A1FE-284E98ED3855}.Debug|Any CPU.Deploy.0 = Debug|x86
		{3E1D2A5B-9956-41E2-A1FE-284E98ED3855}.Debug|ARM.ActiveCfg = Debug|ARM
		{3E1D2A5B-9956-41E2-A1FE-284E98ED3855}.Debug|ARM.Build.0 = Debug|ARM
		{3E1D2A5B-9956-41E2-A1FE-284E98ED3855}.Debug|ARM.Deploy.0 = Debug|ARM
		{3E1D2A5B-9956-41E2-A1FE-284E98ED3855}.Debug|x64.ActiveCfg = Debug|Any CPU
		{3E1D2A5B-9956-41E2-A1FE-284E98ED3855}.Debug|x86.ActiveCfg = Debug|x86
		{3E1D2A5B-9956-41E2-A1FE-284E98ED3855}.Debug|x86.Build.0 = Debug|x86
		{3E1D2A5B-9956-41E2-A1FE-284E98ED3855}.Debug|x86.Deploy.0 = Debug|x86
		{3E1D2A5B-9956-41E2-A1FE-284E98ED3855}.Release|Any CPU.ActiveCfg = Release|Any CPU
		{3E1D2A5B-9956-41E2-A1FE-284E98ED3855}.Release|Any CPU.Build.0 = Release|Any CPU
		{3E1D2A5B-9956-41E2-A1FE-284E98ED3855}.Release|Any CPU.Deploy.0 = Release|Any CPU
		{3E1D2A5B-9956-41E2-A1FE-284E98ED3855}.Release|ARM.ActiveCfg = Release|ARM
		{3E1D2A5B-9956-41E2-A1FE-284E98ED3855}.Release|ARM.Build.0 = Release|ARM
		{3E1D2A5B-9956-41E2-A1FE-284E98ED3855}.Release|ARM.Deploy.0 = Release|ARM
		{3E1D2A5B-9956-41E2-A1FE-284E98ED3855}.Release|x64.ActiveCfg = Release|Any CPU
		{3E1D2A5B-9956-41E2-A1FE-284E98ED3855}.Release|x86.ActiveCfg = Release|x86
		{3E1D2A5B-9956-41E2-A1FE-284E98ED3855}.Release|x86.Build.0 = Release|x86
		{3E1D2A5B-9956-41E2-A1FE-284E98ED3855}.Release|x86.Deploy.0 = Release|x86
		{727A6B56-2EF7-470D-A8EC-C4FFDD5E4214}.Debug|Any CPU.ActiveCfg = Debug|x86
		{727A6B56-2EF7-470D-A8EC-C4FFDD5E4214}.Debug|Any CPU.Build.0 = Debug|x86
		{727A6B56-2EF7-470D-A8EC-C4FFDD5E4214}.Debug|Any CPU.Deploy.0 = Debug|x86
		{727A6B56-2EF7-470D-A8EC-C4FFDD5E4214}.Debug|ARM.ActiveCfg = Debug|ARM
		{727A6B56-2EF7-470D-A8EC-C4FFDD5E4214}.Debug|ARM.Build.0 = Debug|ARM
		{727A6B56-2EF7-470D-A8EC-C4FFDD5E4214}.Debug|ARM.Deploy.0 = Debug|ARM
		{727A6B56-2EF7-470D-A8EC-C4FFDD5E4214}.Debug|x64.ActiveCfg = Debug|x64
		{727A6B56-2EF7-470D-A8EC-C4FFDD5E4214}.Debug|x64.Build.0 = Debug|x64
		{727A6B56-2EF7-470D-A8EC-C4FFDD5E4214}.Debug|x64.Deploy.0 = Debug|x64
		{727A6B56-2EF7-470D-A8EC-C4FFDD5E4214}.Debug|x86.ActiveCfg = Debug|x86
		{727A6B56-2EF7-470D-A8EC-C4FFDD5E4214}.Debug|x86.Build.0 = Debug|x86
		{727A6B56-2EF7-470D-A8EC-C4FFDD5E4214}.Debug|x86.Deploy.0 = Debug|x86
		{727A6B56-2EF7-470D-A8EC-C4FFDD5E4214}.Release|Any CPU.ActiveCfg = Release|Any CPU
		{727A6B56-2EF7-470D-A8EC-C4FFDD5E4214}.Release|Any CPU.Build.0 = Release|Any CPU
		{727A6B56-2EF7-470D-A8EC-C4FFDD5E4214}.Release|Any CPU.Deploy.0 = Release|Any CPU
		{727A6B56-2EF7-470D-A8EC-C4FFDD5E4214}.Release|ARM.ActiveCfg = Release|ARM
		{727A6B56-2EF7-470D-A8EC-C4FFDD5E4214}.Release|ARM.Build.0 = Release|ARM
		{727A6B56-2EF7-470D-A8EC-C4FFDD5E4214}.Release|ARM.Deploy.0 = Release|ARM
		{727A6B56-2EF7-470D-A8EC-C4FFDD5E4214}.Release|x64.ActiveCfg = Release|x64
		{727A6B56-2EF7-470D-A8EC-C4FFDD5E4214}.Release|x64.Build.0 = Release|x64
		{727A6B56-2EF7-470D-A8EC-C4FFDD5E4214}.Release|x64.Deploy.0 = Release|x64
		{727A6B56-2EF7-470D-A8EC-C4FFDD5E4214}.Release|x86.ActiveCfg = Release|x86
		{727A6B56-2EF7-470D-A8EC-C4FFDD5E4214}.Release|x86.Build.0 = Release|x86
		{727A6B56-2EF7-470D-A8EC-C4FFDD5E4214}.Release|x86.Deploy.0 = Release|x86
		{0CCC48EE-997D-4F1A-8D27-E87DBEA58D93}.Debug|Any CPU.ActiveCfg = Debug|x86
		{0CCC48EE-997D-4F1A-8D27-E87DBEA58D93}.Debug|Any CPU.Build.0 = Debug|x86
		{0CCC48EE-997D-4F1A-8D27-E87DBEA58D93}.Debug|Any CPU.Deploy.0 = Debug|x86
		{0CCC48EE-997D-4F1A-8D27-E87DBEA58D93}.Debug|ARM.ActiveCfg = Debug|ARM
		{0CCC48EE-997D-4F1A-8D27-E87DBEA58D93}.Debug|ARM.Build.0 = Debug|ARM
		{0CCC48EE-997D-4F1A-8D27-E87DBEA58D93}.Debug|ARM.Deploy.0 = Debug|ARM
		{0CCC48EE-997D-4F1A-8D27-E87DBEA58D93}.Debug|x64.ActiveCfg = Debug|Any CPU
		{0CCC48EE-997D-4F1A-8D27-E87DBEA58D93}.Debug|x86.ActiveCfg = Debug|x86
		{0CCC48EE-997D-4F1A-8D27-E87DBEA58D93}.Debug|x86.Build.0 = Debug|x86
		{0CCC48EE-997D-4F1A-8D27-E87DBEA58D93}.Debug|x86.Deploy.0 = Debug|x86
		{0CCC48EE-997D-4F1A-8D27-E87DBEA58D93}.Release|Any CPU.ActiveCfg = Release|Any CPU
		{0CCC48EE-997D-4F1A-8D27-E87DBEA58D93}.Release|Any CPU.Build.0 = Release|Any CPU
		{0CCC48EE-997D-4F1A-8D27-E87DBEA58D93}.Release|Any CPU.Deploy.0 = Release|Any CPU
		{0CCC48EE-997D-4F1A-8D27-E87DBEA58D93}.Release|ARM.ActiveCfg = Release|ARM
		{0CCC48EE-997D-4F1A-8D27-E87DBEA58D93}.Release|ARM.Build.0 = Release|ARM
		{0CCC48EE-997D-4F1A-8D27-E87DBEA58D93}.Release|ARM.Deploy.0 = Release|ARM
		{0CCC48EE-997D-4F1A-8D27-E87DBEA58D93}.Release|x64.ActiveCfg = Release|Any CPU
		{0CCC48EE-997D-4F1A-8D27-E87DBEA58D93}.Release|x86.ActiveCfg = Release|x86
		{0CCC48EE-997D-4F1A-8D27-E87DBEA58D93}.Release|x86.Build.0 = Release|x86
		{0CCC48EE-997D-4F1A-8D27-E87DBEA58D93}.Release|x86.Deploy.0 = Release|x86
		{C09CD62D-3A60-47C1-8E1D-8FEAA1DAB296}.Debug|Any CPU.ActiveCfg = Debug|Any CPU
		{C09CD62D-3A60-47C1-8E1D-8FEAA1DAB296}.Debug|Any CPU.Build.0 = Debug|Any CPU
		{C09CD62D-3A60-47C1-8E1D-8FEAA1DAB296}.Debug|ARM.ActiveCfg = Debug|Any CPU
		{C09CD62D-3A60-47C1-8E1D-8FEAA1DAB296}.Debug|x64.ActiveCfg = Debug|Any CPU
		{C09CD62D-3A60-47C1-8E1D-8FEAA1DAB296}.Debug|x86.ActiveCfg = Debug|Any CPU
		{C09CD62D-3A60-47C1-8E1D-8FEAA1DAB296}.Debug|x86.Build.0 = Debug|Any CPU
		{C09CD62D-3A60-47C1-8E1D-8FEAA1DAB296}.Release|Any CPU.ActiveCfg = Release|Any CPU
		{C09CD62D-3A60-47C1-8E1D-8FEAA1DAB296}.Release|Any CPU.Build.0 = Release|Any CPU
		{C09CD62D-3A60-47C1-8E1D-8FEAA1DAB296}.Release|ARM.ActiveCfg = Release|Any CPU
		{C09CD62D-3A60-47C1-8E1D-8FEAA1DAB296}.Release|x64.ActiveCfg = Release|Any CPU
		{C09CD62D-3A60-47C1-8E1D-8FEAA1DAB296}.Release|x86.ActiveCfg = Release|Any CPU
		{203217C4-C813-4CAA-9933-3E985971CA09}.Debug|Any CPU.ActiveCfg = Debug|Any CPU
		{203217C4-C813-4CAA-9933-3E985971CA09}.Debug|Any CPU.Build.0 = Debug|Any CPU
		{203217C4-C813-4CAA-9933-3E985971CA09}.Debug|ARM.ActiveCfg = Debug|Any CPU
		{203217C4-C813-4CAA-9933-3E985971CA09}.Debug|x64.ActiveCfg = Debug|Any CPU
		{203217C4-C813-4CAA-9933-3E985971CA09}.Debug|x86.ActiveCfg = Debug|Any CPU
		{203217C4-C813-4CAA-9933-3E985971CA09}.Debug|x86.Build.0 = Debug|Any CPU
		{203217C4-C813-4CAA-9933-3E985971CA09}.Release|Any CPU.ActiveCfg = Release|Any CPU
		{203217C4-C813-4CAA-9933-3E985971CA09}.Release|Any CPU.Build.0 = Release|Any CPU
		{203217C4-C813-4CAA-9933-3E985971CA09}.Release|ARM.ActiveCfg = Release|Any CPU
		{203217C4-C813-4CAA-9933-3E985971CA09}.Release|x64.ActiveCfg = Release|Any CPU
		{203217C4-C813-4CAA-9933-3E985971CA09}.Release|x86.ActiveCfg = Release|Any CPU
		{A50C9379-342A-45AF-B4F2-FB55C0517C2B}.Debug|Any CPU.ActiveCfg = Debug|Any CPU
		{A50C9379-342A-45AF-B4F2-FB55C0517C2B}.Debug|Any CPU.Build.0 = Debug|Any CPU
		{A50C9379-342A-45AF-B4F2-FB55C0517C2B}.Debug|ARM.ActiveCfg = Debug|Any CPU
		{A50C9379-342A-45AF-B4F2-FB55C0517C2B}.Debug|x64.ActiveCfg = Debug|Any CPU
		{A50C9379-342A-45AF-B4F2-FB55C0517C2B}.Debug|x86.ActiveCfg = Debug|Any CPU
		{A50C9379-342A-45AF-B4F2-FB55C0517C2B}.Debug|x86.Build.0 = Debug|Any CPU
		{A50C9379-342A-45AF-B4F2-FB55C0517C2B}.Release|Any CPU.ActiveCfg = Release|Any CPU
		{A50C9379-342A-45AF-B4F2-FB55C0517C2B}.Release|Any CPU.Build.0 = Release|Any CPU
		{A50C9379-342A-45AF-B4F2-FB55C0517C2B}.Release|ARM.ActiveCfg = Release|Any CPU
		{A50C9379-342A-45AF-B4F2-FB55C0517C2B}.Release|x64.ActiveCfg = Release|Any CPU
		{A50C9379-342A-45AF-B4F2-FB55C0517C2B}.Release|x86.ActiveCfg = Release|Any CPU
		{4F591F5C-4E74-4F58-A4C3-B20E863219A8}.Debug|Any CPU.ActiveCfg = Debug|Any CPU
		{4F591F5C-4E74-4F58-A4C3-B20E863219A8}.Debug|Any CPU.Build.0 = Debug|Any CPU
		{4F591F5C-4E74-4F58-A4C3-B20E863219A8}.Debug|ARM.ActiveCfg = Debug|Any CPU
		{4F591F5C-4E74-4F58-A4C3-B20E863219A8}.Debug|x64.ActiveCfg = Debug|Any CPU
		{4F591F5C-4E74-4F58-A4C3-B20E863219A8}.Debug|x86.ActiveCfg = Debug|Any CPU
		{4F591F5C-4E74-4F58-A4C3-B20E863219A8}.Debug|x86.Build.0 = Debug|Any CPU
		{4F591F5C-4E74-4F58-A4C3-B20E863219A8}.Release|Any CPU.ActiveCfg = Release|Any CPU
		{4F591F5C-4E74-4F58-A4C3-B20E863219A8}.Release|Any CPU.Build.0 = Release|Any CPU
		{4F591F5C-4E74-4F58-A4C3-B20E863219A8}.Release|ARM.ActiveCfg = Release|Any CPU
		{4F591F5C-4E74-4F58-A4C3-B20E863219A8}.Release|x64.ActiveCfg = Release|Any CPU
		{4F591F5C-4E74-4F58-A4C3-B20E863219A8}.Release|x86.ActiveCfg = Release|Any CPU
		{46CC6EC7-230C-4617-A747-659386099BB2}.Debug|Any CPU.ActiveCfg = Debug|Any CPU
		{46CC6EC7-230C-4617-A747-659386099BB2}.Debug|Any CPU.Build.0 = Debug|Any CPU
		{46CC6EC7-230C-4617-A747-659386099BB2}.Debug|ARM.ActiveCfg = Debug|Any CPU
		{46CC6EC7-230C-4617-A747-659386099BB2}.Debug|x64.ActiveCfg = Debug|Any CPU
		{46CC6EC7-230C-4617-A747-659386099BB2}.Debug|x86.ActiveCfg = Debug|Any CPU
		{46CC6EC7-230C-4617-A747-659386099BB2}.Debug|x86.Build.0 = Debug|Any CPU
		{46CC6EC7-230C-4617-A747-659386099BB2}.Release|Any CPU.ActiveCfg = Release|Any CPU
		{46CC6EC7-230C-4617-A747-659386099BB2}.Release|Any CPU.Build.0 = Release|Any CPU
		{46CC6EC7-230C-4617-A747-659386099BB2}.Release|ARM.ActiveCfg = Release|Any CPU
		{46CC6EC7-230C-4617-A747-659386099BB2}.Release|x64.ActiveCfg = Release|Any CPU
		{46CC6EC7-230C-4617-A747-659386099BB2}.Release|x86.ActiveCfg = Release|Any CPU
		{58950FB6-2F93-4963-B9CD-637F83F3EFBF}.Debug|Any CPU.ActiveCfg = Debug|Any CPU
		{58950FB6-2F93-4963-B9CD-637F83F3EFBF}.Debug|Any CPU.Build.0 = Debug|Any CPU
		{58950FB6-2F93-4963-B9CD-637F83F3EFBF}.Debug|Any CPU.Deploy.0 = Debug|Any CPU
		{58950FB6-2F93-4963-B9CD-637F83F3EFBF}.Debug|ARM.ActiveCfg = Debug|ARM
		{58950FB6-2F93-4963-B9CD-637F83F3EFBF}.Debug|ARM.Build.0 = Debug|ARM
		{58950FB6-2F93-4963-B9CD-637F83F3EFBF}.Debug|ARM.Deploy.0 = Debug|ARM
		{58950FB6-2F93-4963-B9CD-637F83F3EFBF}.Debug|x64.ActiveCfg = Debug|x64
		{58950FB6-2F93-4963-B9CD-637F83F3EFBF}.Debug|x64.Build.0 = Debug|x64
		{58950FB6-2F93-4963-B9CD-637F83F3EFBF}.Debug|x64.Deploy.0 = Debug|x64
		{58950FB6-2F93-4963-B9CD-637F83F3EFBF}.Debug|x86.ActiveCfg = Debug|x86
		{58950FB6-2F93-4963-B9CD-637F83F3EFBF}.Debug|x86.Build.0 = Debug|x86
		{58950FB6-2F93-4963-B9CD-637F83F3EFBF}.Debug|x86.Deploy.0 = Debug|x86
		{58950FB6-2F93-4963-B9CD-637F83F3EFBF}.Release|Any CPU.ActiveCfg = Release|Any CPU
		{58950FB6-2F93-4963-B9CD-637F83F3EFBF}.Release|Any CPU.Build.0 = Release|Any CPU
		{58950FB6-2F93-4963-B9CD-637F83F3EFBF}.Release|Any CPU.Deploy.0 = Release|Any CPU
		{58950FB6-2F93-4963-B9CD-637F83F3EFBF}.Release|ARM.ActiveCfg = Release|ARM
		{58950FB6-2F93-4963-B9CD-637F83F3EFBF}.Release|ARM.Build.0 = Release|ARM
		{58950FB6-2F93-4963-B9CD-637F83F3EFBF}.Release|ARM.Deploy.0 = Release|ARM
		{58950FB6-2F93-4963-B9CD-637F83F3EFBF}.Release|x64.ActiveCfg = Release|x64
		{58950FB6-2F93-4963-B9CD-637F83F3EFBF}.Release|x64.Build.0 = Release|x64
		{58950FB6-2F93-4963-B9CD-637F83F3EFBF}.Release|x64.Deploy.0 = Release|x64
		{58950FB6-2F93-4963-B9CD-637F83F3EFBF}.Release|x86.ActiveCfg = Release|x86
		{58950FB6-2F93-4963-B9CD-637F83F3EFBF}.Release|x86.Build.0 = Release|x86
		{58950FB6-2F93-4963-B9CD-637F83F3EFBF}.Release|x86.Deploy.0 = Release|x86
		{1BB20010-2DC8-4B04-AC07-B44AB5AB9590}.Debug|Any CPU.ActiveCfg = Debug|Any CPU
		{1BB20010-2DC8-4B04-AC07-B44AB5AB9590}.Debug|Any CPU.Build.0 = Debug|Any CPU
		{1BB20010-2DC8-4B04-AC07-B44AB5AB9590}.Debug|ARM.ActiveCfg = Debug|ARM
		{1BB20010-2DC8-4B04-AC07-B44AB5AB9590}.Debug|ARM.Build.0 = Debug|ARM
		{1BB20010-2DC8-4B04-AC07-B44AB5AB9590}.Debug|x64.ActiveCfg = Debug|x64
		{1BB20010-2DC8-4B04-AC07-B44AB5AB9590}.Debug|x64.Build.0 = Debug|x64
		{1BB20010-2DC8-4B04-AC07-B44AB5AB9590}.Debug|x86.ActiveCfg = Debug|x86
		{1BB20010-2DC8-4B04-AC07-B44AB5AB9590}.Debug|x86.Build.0 = Debug|x86
		{1BB20010-2DC8-4B04-AC07-B44AB5AB9590}.Release|Any CPU.ActiveCfg = Release|Any CPU
		{1BB20010-2DC8-4B04-AC07-B44AB5AB9590}.Release|Any CPU.Build.0 = Release|Any CPU
		{1BB20010-2DC8-4B04-AC07-B44AB5AB9590}.Release|ARM.ActiveCfg = Release|ARM
		{1BB20010-2DC8-4B04-AC07-B44AB5AB9590}.Release|ARM.Build.0 = Release|ARM
		{1BB20010-2DC8-4B04-AC07-B44AB5AB9590}.Release|x64.ActiveCfg = Release|x64
		{1BB20010-2DC8-4B04-AC07-B44AB5AB9590}.Release|x64.Build.0 = Release|x64
		{1BB20010-2DC8-4B04-AC07-B44AB5AB9590}.Release|x86.ActiveCfg = Release|x86
		{1BB20010-2DC8-4B04-AC07-B44AB5AB9590}.Release|x86.Build.0 = Release|x86
		{2F78291C-22CD-410E-8B0F-98A9AF464361}.Debug|Any CPU.ActiveCfg = Debug|Any CPU
		{2F78291C-22CD-410E-8B0F-98A9AF464361}.Debug|Any CPU.Build.0 = Debug|Any CPU
		{2F78291C-22CD-410E-8B0F-98A9AF464361}.Debug|Any CPU.Deploy.0 = Debug|Any CPU
		{2F78291C-22CD-410E-8B0F-98A9AF464361}.Debug|ARM.ActiveCfg = Debug|ARM
		{2F78291C-22CD-410E-8B0F-98A9AF464361}.Debug|ARM.Build.0 = Debug|ARM
		{2F78291C-22CD-410E-8B0F-98A9AF464361}.Debug|ARM.Deploy.0 = Debug|ARM
		{2F78291C-22CD-410E-8B0F-98A9AF464361}.Debug|x64.ActiveCfg = Debug|x64
		{2F78291C-22CD-410E-8B0F-98A9AF464361}.Debug|x64.Build.0 = Debug|x64
		{2F78291C-22CD-410E-8B0F-98A9AF464361}.Debug|x64.Deploy.0 = Debug|x64
		{2F78291C-22CD-410E-8B0F-98A9AF464361}.Debug|x86.ActiveCfg = Debug|x86
		{2F78291C-22CD-410E-8B0F-98A9AF464361}.Debug|x86.Build.0 = Debug|x86
		{2F78291C-22CD-410E-8B0F-98A9AF464361}.Debug|x86.Deploy.0 = Debug|x86
		{2F78291C-22CD-410E-8B0F-98A9AF464361}.Release|Any CPU.ActiveCfg = Release|Any CPU
		{2F78291C-22CD-410E-8B0F-98A9AF464361}.Release|Any CPU.Build.0 = Release|Any CPU
		{2F78291C-22CD-410E-8B0F-98A9AF464361}.Release|Any CPU.Deploy.0 = Release|Any CPU
		{2F78291C-22CD-410E-8B0F-98A9AF464361}.Release|ARM.ActiveCfg = Release|ARM
		{2F78291C-22CD-410E-8B0F-98A9AF464361}.Release|ARM.Build.0 = Release|ARM
		{2F78291C-22CD-410E-8B0F-98A9AF464361}.Release|ARM.Deploy.0 = Release|ARM
		{2F78291C-22CD-410E-8B0F-98A9AF464361}.Release|x64.ActiveCfg = Release|x64
		{2F78291C-22CD-410E-8B0F-98A9AF464361}.Release|x64.Build.0 = Release|x64
		{2F78291C-22CD-410E-8B0F-98A9AF464361}.Release|x64.Deploy.0 = Release|x64
		{2F78291C-22CD-410E-8B0F-98A9AF464361}.Release|x86.ActiveCfg = Release|x86
		{2F78291C-22CD-410E-8B0F-98A9AF464361}.Release|x86.Build.0 = Release|x86
		{2F78291C-22CD-410E-8B0F-98A9AF464361}.Release|x86.Deploy.0 = Release|x86
		{4E325032-0060-4965-BCEB-E737AE088AAF}.Debug|Any CPU.ActiveCfg = Debug|Any CPU
		{4E325032-0060-4965-BCEB-E737AE088AAF}.Debug|Any CPU.Build.0 = Debug|Any CPU
		{4E325032-0060-4965-BCEB-E737AE088AAF}.Debug|ARM.ActiveCfg = Debug|ARM
		{4E325032-0060-4965-BCEB-E737AE088AAF}.Debug|ARM.Build.0 = Debug|ARM
		{4E325032-0060-4965-BCEB-E737AE088AAF}.Debug|x64.ActiveCfg = Debug|x64
		{4E325032-0060-4965-BCEB-E737AE088AAF}.Debug|x64.Build.0 = Debug|x64
		{4E325032-0060-4965-BCEB-E737AE088AAF}.Debug|x86.ActiveCfg = Debug|x86
		{4E325032-0060-4965-BCEB-E737AE088AAF}.Debug|x86.Build.0 = Debug|x86
		{4E325032-0060-4965-BCEB-E737AE088AAF}.Release|Any CPU.ActiveCfg = Release|Any CPU
		{4E325032-0060-4965-BCEB-E737AE088AAF}.Release|Any CPU.Build.0 = Release|Any CPU
		{4E325032-0060-4965-BCEB-E737AE088AAF}.Release|ARM.ActiveCfg = Release|ARM
		{4E325032-0060-4965-BCEB-E737AE088AAF}.Release|ARM.Build.0 = Release|ARM
		{4E325032-0060-4965-BCEB-E737AE088AAF}.Release|x64.ActiveCfg = Release|x64
		{4E325032-0060-4965-BCEB-E737AE088AAF}.Release|x64.Build.0 = Release|x64
		{4E325032-0060-4965-BCEB-E737AE088AAF}.Release|x86.ActiveCfg = Release|x86
		{4E325032-0060-4965-BCEB-E737AE088AAF}.Release|x86.Build.0 = Release|x86
		{9ED25AE5-0302-4DFB-A292-6066388E34E5}.Debug|Any CPU.ActiveCfg = Debug|x86
		{9ED25AE5-0302-4DFB-A292-6066388E34E5}.Debug|ARM.ActiveCfg = Debug|ARM
		{9ED25AE5-0302-4DFB-A292-6066388E34E5}.Debug|ARM.Build.0 = Debug|ARM
		{9ED25AE5-0302-4DFB-A292-6066388E34E5}.Debug|ARM.Deploy.0 = Debug|ARM
		{9ED25AE5-0302-4DFB-A292-6066388E34E5}.Debug|x64.ActiveCfg = Debug|x64
		{9ED25AE5-0302-4DFB-A292-6066388E34E5}.Debug|x64.Build.0 = Debug|x64
		{9ED25AE5-0302-4DFB-A292-6066388E34E5}.Debug|x64.Deploy.0 = Debug|x64
		{9ED25AE5-0302-4DFB-A292-6066388E34E5}.Debug|x86.ActiveCfg = Debug|x86
		{9ED25AE5-0302-4DFB-A292-6066388E34E5}.Debug|x86.Build.0 = Debug|x86
		{9ED25AE5-0302-4DFB-A292-6066388E34E5}.Debug|x86.Deploy.0 = Debug|x86
		{9ED25AE5-0302-4DFB-A292-6066388E34E5}.Release|Any CPU.ActiveCfg = Release|x86
		{9ED25AE5-0302-4DFB-A292-6066388E34E5}.Release|ARM.ActiveCfg = Release|ARM
		{9ED25AE5-0302-4DFB-A292-6066388E34E5}.Release|ARM.Build.0 = Release|ARM
		{9ED25AE5-0302-4DFB-A292-6066388E34E5}.Release|ARM.Deploy.0 = Release|ARM
		{9ED25AE5-0302-4DFB-A292-6066388E34E5}.Release|x64.ActiveCfg = Release|x64
		{9ED25AE5-0302-4DFB-A292-6066388E34E5}.Release|x64.Build.0 = Release|x64
		{9ED25AE5-0302-4DFB-A292-6066388E34E5}.Release|x64.Deploy.0 = Release|x64
		{9ED25AE5-0302-4DFB-A292-6066388E34E5}.Release|x86.ActiveCfg = Release|x86
		{9ED25AE5-0302-4DFB-A292-6066388E34E5}.Release|x86.Build.0 = Release|x86
		{9ED25AE5-0302-4DFB-A292-6066388E34E5}.Release|x86.Deploy.0 = Release|x86
	EndGlobalSection
	GlobalSection(SolutionProperties) = preSolution
		HideSolutionNode = FALSE
	EndGlobalSection
	GlobalSection(NestedProjects) = preSolution
		{2DE5D60C-1262-472C-8D97-41C1D227B0B5} = {806D5361-BD93-4138-BA61-D1D5D7B7791D}
		{F6F2D28C-BA6E-4937-92D5-6F99D02270D4} = {2DE5D60C-1262-472C-8D97-41C1D227B0B5}
		{E3A104A7-6D87-40C3-9ECB-29092B97E022} = {2DE5D60C-1262-472C-8D97-41C1D227B0B5}
		{975C84C9-616F-4D8C-8A80-13F8E7A4B046} = {2DE5D60C-1262-472C-8D97-41C1D227B0B5}
		{6639B890-FCD6-497F-8696-7B5CFFF68E17} = {806D5361-BD93-4138-BA61-D1D5D7B7791D}
		{445FC4F7-03D2-4C48-98A2-EE47912D0F5D} = {6639B890-FCD6-497F-8696-7B5CFFF68E17}
		{513E0A0A-BB9B-443B-95D7-6767BC9146FB} = {6639B890-FCD6-497F-8696-7B5CFFF68E17}
		{3E1D2A5B-9956-41E2-A1FE-284E98ED3855} = {6639B890-FCD6-497F-8696-7B5CFFF68E17}
		{76C48959-4121-4E9B-A328-7090B279EA46} = {806D5361-BD93-4138-BA61-D1D5D7B7791D}
		{DFCD6129-BC1A-44B8-9620-257F03B04DD0} = {76C48959-4121-4E9B-A328-7090B279EA46}
		{727A6B56-2EF7-470D-A8EC-C4FFDD5E4214} = {76C48959-4121-4E9B-A328-7090B279EA46}
		{0CCC48EE-997D-4F1A-8D27-E87DBEA58D93} = {76C48959-4121-4E9B-A328-7090B279EA46}
		{C09CD62D-3A60-47C1-8E1D-8FEAA1DAB296} = {D999F4D2-11FF-49CD-9D40-938EE3419D07}
		{203217C4-C813-4CAA-9933-3E985971CA09} = {D999F4D2-11FF-49CD-9D40-938EE3419D07}
		{A50C9379-342A-45AF-B4F2-FB55C0517C2B} = {D999F4D2-11FF-49CD-9D40-938EE3419D07}
		{4F591F5C-4E74-4F58-A4C3-B20E863219A8} = {D999F4D2-11FF-49CD-9D40-938EE3419D07}
		{46CC6EC7-230C-4617-A747-659386099BB2} = {D999F4D2-11FF-49CD-9D40-938EE3419D07}
		{58950FB6-2F93-4963-B9CD-637F83F3EFBF} = {FF00A7A7-A92F-4FC9-8C9C-DA38517667E4}
		{FF00A7A7-A92F-4FC9-8C9C-DA38517667E4} = {806D5361-BD93-4138-BA61-D1D5D7B7791D}
		{1BB20010-2DC8-4B04-AC07-B44AB5AB9590} = {D999F4D2-11FF-49CD-9D40-938EE3419D07}
		{2F78291C-22CD-410E-8B0F-98A9AF464361} = {D999F4D2-11FF-49CD-9D40-938EE3419D07}
		{4E325032-0060-4965-BCEB-E737AE088AAF} = {D999F4D2-11FF-49CD-9D40-938EE3419D07}
		{9ED25AE5-0302-4DFB-A292-6066388E34E5} = {806D5361-BD93-4138-BA61-D1D5D7B7791D}
	EndGlobalSection
EndGlobal
