
Microsoft Visual Studio Solution File, Format Version 12.00
# Visual Studio 14
VisualStudioVersion = 14.0.22823.1
MinimumVisualStudioVersion = 10.0.40219.1
Project("{FAE04EC0-301F-11D3-BF4B-00C04F79EFBC}") = "Salesforce.SDK.Store.Test", "Store.Test\Salesforce.SDK.Store.Test.csproj", "{EA18ADF8-C135-42E2-AED3-B90B0A5E2EA5}"
EndProject
Project("{FAE04EC0-301F-11D3-BF4B-00C04F79EFBC}") = "Core", "Core\Core.csproj", "{CD53C7B7-C3FF-4982-935B-22FB096CD559}"
	ProjectSection(ProjectDependencies) = postProject
		{B9BEBF33-3A8E-4201-A63C-40B80C47CEBE} = {B9BEBF33-3A8E-4201-A63C-40B80C47CEBE}
	EndProjectSection
EndProject
Project("{FAE04EC0-301F-11D3-BF4B-00C04F79EFBC}") = "Phone", "Phone\Phone.csproj", "{E0188957-3823-40A9-B90D-A8794986D74F}"
EndProject
Project("{FAE04EC0-301F-11D3-BF4B-00C04F79EFBC}") = "Store", "Store\Store.csproj", "{A107BCC2-EC81-4A4F-8EA2-AA742AFE0F01}"
EndProject
Project("{FAE04EC0-301F-11D3-BF4B-00C04F79EFBC}") = "TemplateWizard", "TemplateWizard\TemplateWizard.csproj", "{B9BEBF33-3A8E-4201-A63C-40B80C47CEBE}"
EndProject
Project("{2150E333-8FDC-42A3-9474-1A3956D46DE8}") = ".nuget", ".nuget", "{3B681970-704E-4253-9696-E5ED79EDB10F}"
	ProjectSection(SolutionItems) = preProject
		.nuget\NuGet.Config = .nuget\NuGet.Config
		.nuget\NuGet.exe = .nuget\NuGet.exe
		.nuget\NuGet.targets = .nuget\NuGet.targets
	EndProjectSection
EndProject
Project("{FAE04EC0-301F-11D3-BF4B-00C04F79EFBC}") = "SmartStore", "SmartStore\SmartStore.csproj", "{E0838498-6201-4040-B4F1-A2D0C02405A6}"
EndProject
Project("{2150E333-8FDC-42A3-9474-1A3956D46DE8}") = "SalesforceSDKTests", "SalesforceSDKTests", "{BDDA09DC-2E8A-4B0C-A88C-8B4558365756}"
EndProject
Project("{FAE04EC0-301F-11D3-BF4B-00C04F79EFBC}") = "SmartSync", "SmartSync\SmartSync.csproj", "{923DCD08-E0AF-4214-86B0-86E37851046B}"
	ProjectSection(ProjectDependencies) = postProject
		{B9BEBF33-3A8E-4201-A63C-40B80C47CEBE} = {B9BEBF33-3A8E-4201-A63C-40B80C47CEBE}
	EndProjectSection
EndProject
Project("{FAE04EC0-301F-11D3-BF4B-00C04F79EFBC}") = "Core.NuGet", "Core.NuGet\Core.NuGet.csproj", "{0451BAEF-DF2E-4B98-8644-94EE9415E389}"
EndProject
Project("{FAE04EC0-301F-11D3-BF4B-00C04F79EFBC}") = "App", "App\App.csproj", "{B1D32173-8770-45B7-AEE8-1F29AF8CDC87}"
EndProject
Project("{FAE04EC0-301F-11D3-BF4B-00C04F79EFBC}") = "Hybrid.Core", "Hybrid\Hybrid.Core.csproj", "{B6F95C8E-E338-4D05-A33D-81C7671A6CB3}"
EndProject
Project("{262852C6-CD72-467D-83FE-5EEB1973A190}") = "TypeScript", "TypeScriptLib\TypeScript.jsproj", "{E2E39B4C-E5E1-4163-8FBB-CD01473086D1}"
EndProject
Project("{FAE04EC0-301F-11D3-BF4B-00C04F79EFBC}") = "Hybrid.SmartStore", "Hybrid.SmartStore\Hybrid.SmartStore.csproj", "{3C768AD4-DAC5-40D5-8AB7-141780333BAF}"
EndProject
Project("{FAE04EC0-301F-11D3-BF4B-00C04F79EFBC}") = "Hybrid.SmartSync", "Hybrid.SmartSync\Hybrid.SmartSync.csproj", "{B6093B0A-09A7-4DE9-BF0B-5740D2065840}"
EndProject
Project("{FAE04EC0-301F-11D3-BF4B-00C04F79EFBC}") = "Universal", "Universal\Universal.csproj", "{4E325032-0060-4965-BCEB-E737AE088AAF}"
EndProject
Global
	GlobalSection(SolutionConfigurationPlatforms) = preSolution
		Debug|Android = Debug|Android
		Debug|Any CPU = Debug|Any CPU
		Debug|ARM = Debug|ARM
		Debug|iOS = Debug|iOS
		Debug|Mixed Platforms = Debug|Mixed Platforms
		Debug|Win32 = Debug|Win32
		Debug|Windows Phone = Debug|Windows Phone
		Debug|Windows Phone (Universal) = Debug|Windows Phone (Universal)
		Debug|Windows Phone 8 = Debug|Windows Phone 8
		Debug|Windows-AnyCPU = Debug|Windows-AnyCPU
		Debug|Windows-ARM = Debug|Windows-ARM
		Debug|Windows-x64 = Debug|Windows-x64
		Debug|Windows-x86 = Debug|Windows-x86
		Debug|x64 = Debug|x64
		Debug|x86 = Debug|x86
		Distribution|Android = Distribution|Android
		Distribution|Any CPU = Distribution|Any CPU
		Distribution|ARM = Distribution|ARM
		Distribution|iOS = Distribution|iOS
		Distribution|Mixed Platforms = Distribution|Mixed Platforms
		Distribution|Win32 = Distribution|Win32
		Distribution|Windows Phone = Distribution|Windows Phone
		Distribution|Windows Phone (Universal) = Distribution|Windows Phone (Universal)
		Distribution|Windows Phone 8 = Distribution|Windows Phone 8
		Distribution|Windows-AnyCPU = Distribution|Windows-AnyCPU
		Distribution|Windows-ARM = Distribution|Windows-ARM
		Distribution|Windows-x64 = Distribution|Windows-x64
		Distribution|Windows-x86 = Distribution|Windows-x86
		Distribution|x64 = Distribution|x64
		Distribution|x86 = Distribution|x86
		Release|Android = Release|Android
		Release|Any CPU = Release|Any CPU
		Release|ARM = Release|ARM
		Release|iOS = Release|iOS
		Release|Mixed Platforms = Release|Mixed Platforms
		Release|Win32 = Release|Win32
		Release|Windows Phone = Release|Windows Phone
		Release|Windows Phone (Universal) = Release|Windows Phone (Universal)
		Release|Windows Phone 8 = Release|Windows Phone 8
		Release|Windows-AnyCPU = Release|Windows-AnyCPU
		Release|Windows-ARM = Release|Windows-ARM
		Release|Windows-x64 = Release|Windows-x64
		Release|Windows-x86 = Release|Windows-x86
		Release|x64 = Release|x64
		Release|x86 = Release|x86
	EndGlobalSection
	GlobalSection(ProjectConfigurationPlatforms) = postSolution
		{EA18ADF8-C135-42E2-AED3-B90B0A5E2EA5}.Debug|Android.ActiveCfg = Debug|Any CPU
		{EA18ADF8-C135-42E2-AED3-B90B0A5E2EA5}.Debug|Any CPU.ActiveCfg = Debug|x86
		{EA18ADF8-C135-42E2-AED3-B90B0A5E2EA5}.Debug|Any CPU.Build.0 = Debug|x86
		{EA18ADF8-C135-42E2-AED3-B90B0A5E2EA5}.Debug|Any CPU.Deploy.0 = Debug|x86
		{EA18ADF8-C135-42E2-AED3-B90B0A5E2EA5}.Debug|ARM.ActiveCfg = Debug|ARM
		{EA18ADF8-C135-42E2-AED3-B90B0A5E2EA5}.Debug|ARM.Build.0 = Debug|ARM
		{EA18ADF8-C135-42E2-AED3-B90B0A5E2EA5}.Debug|ARM.Deploy.0 = Debug|ARM
		{EA18ADF8-C135-42E2-AED3-B90B0A5E2EA5}.Debug|iOS.ActiveCfg = Debug|Any CPU
		{EA18ADF8-C135-42E2-AED3-B90B0A5E2EA5}.Debug|Mixed Platforms.ActiveCfg = Debug|x86
		{EA18ADF8-C135-42E2-AED3-B90B0A5E2EA5}.Debug|Mixed Platforms.Build.0 = Debug|x86
		{EA18ADF8-C135-42E2-AED3-B90B0A5E2EA5}.Debug|Mixed Platforms.Deploy.0 = Debug|x86
		{EA18ADF8-C135-42E2-AED3-B90B0A5E2EA5}.Debug|Win32.ActiveCfg = Debug|x86
		{EA18ADF8-C135-42E2-AED3-B90B0A5E2EA5}.Debug|Win32.Build.0 = Debug|x86
		{EA18ADF8-C135-42E2-AED3-B90B0A5E2EA5}.Debug|Win32.Deploy.0 = Debug|x86
		{EA18ADF8-C135-42E2-AED3-B90B0A5E2EA5}.Debug|Windows Phone.ActiveCfg = Debug|Any CPU
		{EA18ADF8-C135-42E2-AED3-B90B0A5E2EA5}.Debug|Windows Phone (Universal).ActiveCfg = Debug|Any CPU
		{EA18ADF8-C135-42E2-AED3-B90B0A5E2EA5}.Debug|Windows Phone 8.ActiveCfg = Debug|Any CPU
		{EA18ADF8-C135-42E2-AED3-B90B0A5E2EA5}.Debug|Windows-AnyCPU.ActiveCfg = Debug|Any CPU
		{EA18ADF8-C135-42E2-AED3-B90B0A5E2EA5}.Debug|Windows-ARM.ActiveCfg = Debug|Any CPU
		{EA18ADF8-C135-42E2-AED3-B90B0A5E2EA5}.Debug|Windows-x64.ActiveCfg = Debug|Any CPU
		{EA18ADF8-C135-42E2-AED3-B90B0A5E2EA5}.Debug|Windows-x86.ActiveCfg = Debug|x86
		{EA18ADF8-C135-42E2-AED3-B90B0A5E2EA5}.Debug|Windows-x86.Build.0 = Debug|x86
		{EA18ADF8-C135-42E2-AED3-B90B0A5E2EA5}.Debug|x64.ActiveCfg = Debug|x64
		{EA18ADF8-C135-42E2-AED3-B90B0A5E2EA5}.Debug|x64.Build.0 = Debug|x64
		{EA18ADF8-C135-42E2-AED3-B90B0A5E2EA5}.Debug|x64.Deploy.0 = Debug|x64
		{EA18ADF8-C135-42E2-AED3-B90B0A5E2EA5}.Debug|x86.ActiveCfg = Debug|x86
		{EA18ADF8-C135-42E2-AED3-B90B0A5E2EA5}.Debug|x86.Build.0 = Debug|x86
		{EA18ADF8-C135-42E2-AED3-B90B0A5E2EA5}.Debug|x86.Deploy.0 = Debug|x86
		{EA18ADF8-C135-42E2-AED3-B90B0A5E2EA5}.Distribution|Android.ActiveCfg = Debug|Any CPU
		{EA18ADF8-C135-42E2-AED3-B90B0A5E2EA5}.Distribution|Any CPU.ActiveCfg = Debug|Any CPU
		{EA18ADF8-C135-42E2-AED3-B90B0A5E2EA5}.Distribution|Any CPU.Build.0 = Debug|Any CPU
		{EA18ADF8-C135-42E2-AED3-B90B0A5E2EA5}.Distribution|Any CPU.Deploy.0 = Debug|Any CPU
		{EA18ADF8-C135-42E2-AED3-B90B0A5E2EA5}.Distribution|ARM.ActiveCfg = Debug|ARM
		{EA18ADF8-C135-42E2-AED3-B90B0A5E2EA5}.Distribution|ARM.Build.0 = Debug|ARM
		{EA18ADF8-C135-42E2-AED3-B90B0A5E2EA5}.Distribution|ARM.Deploy.0 = Debug|ARM
		{EA18ADF8-C135-42E2-AED3-B90B0A5E2EA5}.Distribution|iOS.ActiveCfg = Debug|Any CPU
		{EA18ADF8-C135-42E2-AED3-B90B0A5E2EA5}.Distribution|Mixed Platforms.ActiveCfg = Debug|x86
		{EA18ADF8-C135-42E2-AED3-B90B0A5E2EA5}.Distribution|Mixed Platforms.Build.0 = Debug|x86
		{EA18ADF8-C135-42E2-AED3-B90B0A5E2EA5}.Distribution|Mixed Platforms.Deploy.0 = Debug|x86
		{EA18ADF8-C135-42E2-AED3-B90B0A5E2EA5}.Distribution|Win32.ActiveCfg = Debug|x86
		{EA18ADF8-C135-42E2-AED3-B90B0A5E2EA5}.Distribution|Win32.Build.0 = Debug|x86
		{EA18ADF8-C135-42E2-AED3-B90B0A5E2EA5}.Distribution|Win32.Deploy.0 = Debug|x86
		{EA18ADF8-C135-42E2-AED3-B90B0A5E2EA5}.Distribution|Windows Phone.ActiveCfg = Debug|Any CPU
		{EA18ADF8-C135-42E2-AED3-B90B0A5E2EA5}.Distribution|Windows Phone (Universal).ActiveCfg = Debug|Any CPU
		{EA18ADF8-C135-42E2-AED3-B90B0A5E2EA5}.Distribution|Windows Phone 8.ActiveCfg = Debug|Any CPU
		{EA18ADF8-C135-42E2-AED3-B90B0A5E2EA5}.Distribution|Windows-AnyCPU.ActiveCfg = Debug|Any CPU
		{EA18ADF8-C135-42E2-AED3-B90B0A5E2EA5}.Distribution|Windows-ARM.ActiveCfg = Debug|Any CPU
		{EA18ADF8-C135-42E2-AED3-B90B0A5E2EA5}.Distribution|Windows-x64.ActiveCfg = Debug|Any CPU
		{EA18ADF8-C135-42E2-AED3-B90B0A5E2EA5}.Distribution|Windows-x86.ActiveCfg = Debug|Any CPU
		{EA18ADF8-C135-42E2-AED3-B90B0A5E2EA5}.Distribution|x64.ActiveCfg = Debug|x64
		{EA18ADF8-C135-42E2-AED3-B90B0A5E2EA5}.Distribution|x64.Build.0 = Debug|x64
		{EA18ADF8-C135-42E2-AED3-B90B0A5E2EA5}.Distribution|x64.Deploy.0 = Debug|x64
		{EA18ADF8-C135-42E2-AED3-B90B0A5E2EA5}.Distribution|x86.ActiveCfg = Debug|x86
		{EA18ADF8-C135-42E2-AED3-B90B0A5E2EA5}.Distribution|x86.Build.0 = Debug|x86
		{EA18ADF8-C135-42E2-AED3-B90B0A5E2EA5}.Distribution|x86.Deploy.0 = Debug|x86
		{EA18ADF8-C135-42E2-AED3-B90B0A5E2EA5}.Release|Android.ActiveCfg = Release|Any CPU
		{EA18ADF8-C135-42E2-AED3-B90B0A5E2EA5}.Release|Any CPU.ActiveCfg = Release|Any CPU
		{EA18ADF8-C135-42E2-AED3-B90B0A5E2EA5}.Release|Any CPU.Build.0 = Release|Any CPU
		{EA18ADF8-C135-42E2-AED3-B90B0A5E2EA5}.Release|Any CPU.Deploy.0 = Release|Any CPU
		{EA18ADF8-C135-42E2-AED3-B90B0A5E2EA5}.Release|ARM.ActiveCfg = Release|ARM
		{EA18ADF8-C135-42E2-AED3-B90B0A5E2EA5}.Release|ARM.Build.0 = Release|ARM
		{EA18ADF8-C135-42E2-AED3-B90B0A5E2EA5}.Release|ARM.Deploy.0 = Release|ARM
		{EA18ADF8-C135-42E2-AED3-B90B0A5E2EA5}.Release|iOS.ActiveCfg = Release|Any CPU
		{EA18ADF8-C135-42E2-AED3-B90B0A5E2EA5}.Release|Mixed Platforms.ActiveCfg = Release|Any CPU
		{EA18ADF8-C135-42E2-AED3-B90B0A5E2EA5}.Release|Mixed Platforms.Build.0 = Release|Any CPU
		{EA18ADF8-C135-42E2-AED3-B90B0A5E2EA5}.Release|Mixed Platforms.Deploy.0 = Release|Any CPU
		{EA18ADF8-C135-42E2-AED3-B90B0A5E2EA5}.Release|Win32.ActiveCfg = Release|x86
		{EA18ADF8-C135-42E2-AED3-B90B0A5E2EA5}.Release|Win32.Build.0 = Release|x86
		{EA18ADF8-C135-42E2-AED3-B90B0A5E2EA5}.Release|Win32.Deploy.0 = Release|x86
		{EA18ADF8-C135-42E2-AED3-B90B0A5E2EA5}.Release|Windows Phone.ActiveCfg = Release|Any CPU
		{EA18ADF8-C135-42E2-AED3-B90B0A5E2EA5}.Release|Windows Phone (Universal).ActiveCfg = Release|Any CPU
		{EA18ADF8-C135-42E2-AED3-B90B0A5E2EA5}.Release|Windows Phone 8.ActiveCfg = Release|Any CPU
		{EA18ADF8-C135-42E2-AED3-B90B0A5E2EA5}.Release|Windows-AnyCPU.ActiveCfg = Release|Any CPU
		{EA18ADF8-C135-42E2-AED3-B90B0A5E2EA5}.Release|Windows-ARM.ActiveCfg = Release|Any CPU
		{EA18ADF8-C135-42E2-AED3-B90B0A5E2EA5}.Release|Windows-x64.ActiveCfg = Release|Any CPU
		{EA18ADF8-C135-42E2-AED3-B90B0A5E2EA5}.Release|Windows-x86.ActiveCfg = Release|Any CPU
		{EA18ADF8-C135-42E2-AED3-B90B0A5E2EA5}.Release|x64.ActiveCfg = Release|x64
		{EA18ADF8-C135-42E2-AED3-B90B0A5E2EA5}.Release|x64.Build.0 = Release|x64
		{EA18ADF8-C135-42E2-AED3-B90B0A5E2EA5}.Release|x64.Deploy.0 = Release|x64
		{EA18ADF8-C135-42E2-AED3-B90B0A5E2EA5}.Release|x86.ActiveCfg = Release|x86
		{EA18ADF8-C135-42E2-AED3-B90B0A5E2EA5}.Release|x86.Build.0 = Release|x86
		{EA18ADF8-C135-42E2-AED3-B90B0A5E2EA5}.Release|x86.Deploy.0 = Release|x86
		{CD53C7B7-C3FF-4982-935B-22FB096CD559}.Debug|Android.ActiveCfg = Debug|Any CPU
		{CD53C7B7-C3FF-4982-935B-22FB096CD559}.Debug|Any CPU.ActiveCfg = Debug|Any CPU
		{CD53C7B7-C3FF-4982-935B-22FB096CD559}.Debug|Any CPU.Build.0 = Debug|Any CPU
		{CD53C7B7-C3FF-4982-935B-22FB096CD559}.Debug|ARM.ActiveCfg = Debug|Any CPU
		{CD53C7B7-C3FF-4982-935B-22FB096CD559}.Debug|ARM.Build.0 = Debug|Any CPU
		{CD53C7B7-C3FF-4982-935B-22FB096CD559}.Debug|iOS.ActiveCfg = Debug|Any CPU
		{CD53C7B7-C3FF-4982-935B-22FB096CD559}.Debug|Mixed Platforms.ActiveCfg = Debug|Any CPU
		{CD53C7B7-C3FF-4982-935B-22FB096CD559}.Debug|Mixed Platforms.Build.0 = Debug|Any CPU
		{CD53C7B7-C3FF-4982-935B-22FB096CD559}.Debug|Win32.ActiveCfg = Debug|Any CPU
		{CD53C7B7-C3FF-4982-935B-22FB096CD559}.Debug|Windows Phone.ActiveCfg = Debug|Any CPU
		{CD53C7B7-C3FF-4982-935B-22FB096CD559}.Debug|Windows Phone (Universal).ActiveCfg = Debug|Any CPU
		{CD53C7B7-C3FF-4982-935B-22FB096CD559}.Debug|Windows Phone 8.ActiveCfg = Debug|Any CPU
		{CD53C7B7-C3FF-4982-935B-22FB096CD559}.Debug|Windows-AnyCPU.ActiveCfg = Debug|Any CPU
		{CD53C7B7-C3FF-4982-935B-22FB096CD559}.Debug|Windows-ARM.ActiveCfg = Debug|Any CPU
		{CD53C7B7-C3FF-4982-935B-22FB096CD559}.Debug|Windows-x64.ActiveCfg = Debug|Any CPU
		{CD53C7B7-C3FF-4982-935B-22FB096CD559}.Debug|Windows-x86.ActiveCfg = Debug|Any CPU
		{CD53C7B7-C3FF-4982-935B-22FB096CD559}.Debug|Windows-x86.Build.0 = Debug|Any CPU
		{CD53C7B7-C3FF-4982-935B-22FB096CD559}.Debug|x64.ActiveCfg = Debug|Any CPU
		{CD53C7B7-C3FF-4982-935B-22FB096CD559}.Debug|x86.ActiveCfg = Debug|Any CPU
		{CD53C7B7-C3FF-4982-935B-22FB096CD559}.Debug|x86.Build.0 = Debug|Any CPU
		{CD53C7B7-C3FF-4982-935B-22FB096CD559}.Distribution|Android.ActiveCfg = Debug|Any CPU
		{CD53C7B7-C3FF-4982-935B-22FB096CD559}.Distribution|Any CPU.ActiveCfg = Debug|Any CPU
		{CD53C7B7-C3FF-4982-935B-22FB096CD559}.Distribution|Any CPU.Build.0 = Debug|Any CPU
		{CD53C7B7-C3FF-4982-935B-22FB096CD559}.Distribution|ARM.ActiveCfg = Debug|Any CPU
		{CD53C7B7-C3FF-4982-935B-22FB096CD559}.Distribution|iOS.ActiveCfg = Debug|Any CPU
		{CD53C7B7-C3FF-4982-935B-22FB096CD559}.Distribution|Mixed Platforms.ActiveCfg = Debug|Any CPU
		{CD53C7B7-C3FF-4982-935B-22FB096CD559}.Distribution|Mixed Platforms.Build.0 = Debug|Any CPU
		{CD53C7B7-C3FF-4982-935B-22FB096CD559}.Distribution|Win32.ActiveCfg = Debug|Any CPU
		{CD53C7B7-C3FF-4982-935B-22FB096CD559}.Distribution|Windows Phone.ActiveCfg = Debug|Any CPU
		{CD53C7B7-C3FF-4982-935B-22FB096CD559}.Distribution|Windows Phone (Universal).ActiveCfg = Debug|Any CPU
		{CD53C7B7-C3FF-4982-935B-22FB096CD559}.Distribution|Windows Phone 8.ActiveCfg = Debug|Any CPU
		{CD53C7B7-C3FF-4982-935B-22FB096CD559}.Distribution|Windows-AnyCPU.ActiveCfg = Debug|Any CPU
		{CD53C7B7-C3FF-4982-935B-22FB096CD559}.Distribution|Windows-ARM.ActiveCfg = Debug|Any CPU
		{CD53C7B7-C3FF-4982-935B-22FB096CD559}.Distribution|Windows-x64.ActiveCfg = Debug|Any CPU
		{CD53C7B7-C3FF-4982-935B-22FB096CD559}.Distribution|Windows-x86.ActiveCfg = Debug|Any CPU
		{CD53C7B7-C3FF-4982-935B-22FB096CD559}.Distribution|x64.ActiveCfg = Debug|Any CPU
		{CD53C7B7-C3FF-4982-935B-22FB096CD559}.Distribution|x86.ActiveCfg = Debug|Any CPU
		{CD53C7B7-C3FF-4982-935B-22FB096CD559}.Release|Android.ActiveCfg = Release|Any CPU
		{CD53C7B7-C3FF-4982-935B-22FB096CD559}.Release|Any CPU.ActiveCfg = Release|Any CPU
		{CD53C7B7-C3FF-4982-935B-22FB096CD559}.Release|Any CPU.Build.0 = Release|Any CPU
		{CD53C7B7-C3FF-4982-935B-22FB096CD559}.Release|ARM.ActiveCfg = Release|Any CPU
		{CD53C7B7-C3FF-4982-935B-22FB096CD559}.Release|iOS.ActiveCfg = Release|Any CPU
		{CD53C7B7-C3FF-4982-935B-22FB096CD559}.Release|Mixed Platforms.ActiveCfg = Release|Any CPU
		{CD53C7B7-C3FF-4982-935B-22FB096CD559}.Release|Mixed Platforms.Build.0 = Release|Any CPU
		{CD53C7B7-C3FF-4982-935B-22FB096CD559}.Release|Win32.ActiveCfg = Release|Any CPU
		{CD53C7B7-C3FF-4982-935B-22FB096CD559}.Release|Windows Phone.ActiveCfg = Release|Any CPU
		{CD53C7B7-C3FF-4982-935B-22FB096CD559}.Release|Windows Phone (Universal).ActiveCfg = Release|Any CPU
		{CD53C7B7-C3FF-4982-935B-22FB096CD559}.Release|Windows Phone 8.ActiveCfg = Release|Any CPU
		{CD53C7B7-C3FF-4982-935B-22FB096CD559}.Release|Windows-AnyCPU.ActiveCfg = Release|Any CPU
		{CD53C7B7-C3FF-4982-935B-22FB096CD559}.Release|Windows-ARM.ActiveCfg = Release|Any CPU
		{CD53C7B7-C3FF-4982-935B-22FB096CD559}.Release|Windows-x64.ActiveCfg = Release|Any CPU
		{CD53C7B7-C3FF-4982-935B-22FB096CD559}.Release|Windows-x86.ActiveCfg = Release|Any CPU
		{CD53C7B7-C3FF-4982-935B-22FB096CD559}.Release|x64.ActiveCfg = Release|Any CPU
		{CD53C7B7-C3FF-4982-935B-22FB096CD559}.Release|x86.ActiveCfg = Release|Any CPU
		{E0188957-3823-40A9-B90D-A8794986D74F}.Debug|Android.ActiveCfg = Debug|Any CPU
		{E0188957-3823-40A9-B90D-A8794986D74F}.Debug|Any CPU.ActiveCfg = Debug|Any CPU
		{E0188957-3823-40A9-B90D-A8794986D74F}.Debug|Any CPU.Build.0 = Debug|Any CPU
		{E0188957-3823-40A9-B90D-A8794986D74F}.Debug|ARM.ActiveCfg = Debug|ARM
		{E0188957-3823-40A9-B90D-A8794986D74F}.Debug|ARM.Build.0 = Debug|ARM
		{E0188957-3823-40A9-B90D-A8794986D74F}.Debug|iOS.ActiveCfg = Debug|Any CPU
		{E0188957-3823-40A9-B90D-A8794986D74F}.Debug|Mixed Platforms.ActiveCfg = Debug|Any CPU
		{E0188957-3823-40A9-B90D-A8794986D74F}.Debug|Mixed Platforms.Build.0 = Debug|Any CPU
		{E0188957-3823-40A9-B90D-A8794986D74F}.Debug|Win32.ActiveCfg = Debug|x86
		{E0188957-3823-40A9-B90D-A8794986D74F}.Debug|Win32.Build.0 = Debug|x86
		{E0188957-3823-40A9-B90D-A8794986D74F}.Debug|Windows Phone.ActiveCfg = Debug|Any CPU
		{E0188957-3823-40A9-B90D-A8794986D74F}.Debug|Windows Phone (Universal).ActiveCfg = Debug|Any CPU
		{E0188957-3823-40A9-B90D-A8794986D74F}.Debug|Windows Phone 8.ActiveCfg = Debug|Any CPU
		{E0188957-3823-40A9-B90D-A8794986D74F}.Debug|Windows-AnyCPU.ActiveCfg = Debug|Any CPU
		{E0188957-3823-40A9-B90D-A8794986D74F}.Debug|Windows-ARM.ActiveCfg = Debug|Any CPU
		{E0188957-3823-40A9-B90D-A8794986D74F}.Debug|Windows-x64.ActiveCfg = Debug|Any CPU
		{E0188957-3823-40A9-B90D-A8794986D74F}.Debug|Windows-x86.ActiveCfg = Debug|Any CPU
		{E0188957-3823-40A9-B90D-A8794986D74F}.Debug|Windows-x86.Build.0 = Debug|Any CPU
		{E0188957-3823-40A9-B90D-A8794986D74F}.Debug|x64.ActiveCfg = Debug|Any CPU
		{E0188957-3823-40A9-B90D-A8794986D74F}.Debug|x86.ActiveCfg = Debug|x86
		{E0188957-3823-40A9-B90D-A8794986D74F}.Debug|x86.Build.0 = Debug|x86
		{E0188957-3823-40A9-B90D-A8794986D74F}.Distribution|Android.ActiveCfg = Debug|Any CPU
		{E0188957-3823-40A9-B90D-A8794986D74F}.Distribution|Any CPU.ActiveCfg = Debug|Any CPU
		{E0188957-3823-40A9-B90D-A8794986D74F}.Distribution|Any CPU.Build.0 = Debug|Any CPU
		{E0188957-3823-40A9-B90D-A8794986D74F}.Distribution|ARM.ActiveCfg = Debug|ARM
		{E0188957-3823-40A9-B90D-A8794986D74F}.Distribution|ARM.Build.0 = Debug|ARM
		{E0188957-3823-40A9-B90D-A8794986D74F}.Distribution|iOS.ActiveCfg = Debug|Any CPU
		{E0188957-3823-40A9-B90D-A8794986D74F}.Distribution|Mixed Platforms.ActiveCfg = Debug|Any CPU
		{E0188957-3823-40A9-B90D-A8794986D74F}.Distribution|Mixed Platforms.Build.0 = Debug|Any CPU
		{E0188957-3823-40A9-B90D-A8794986D74F}.Distribution|Win32.ActiveCfg = Debug|x86
		{E0188957-3823-40A9-B90D-A8794986D74F}.Distribution|Win32.Build.0 = Debug|x86
		{E0188957-3823-40A9-B90D-A8794986D74F}.Distribution|Windows Phone.ActiveCfg = Debug|Any CPU
		{E0188957-3823-40A9-B90D-A8794986D74F}.Distribution|Windows Phone (Universal).ActiveCfg = Debug|Any CPU
		{E0188957-3823-40A9-B90D-A8794986D74F}.Distribution|Windows Phone 8.ActiveCfg = Debug|Any CPU
		{E0188957-3823-40A9-B90D-A8794986D74F}.Distribution|Windows-AnyCPU.ActiveCfg = Debug|Any CPU
		{E0188957-3823-40A9-B90D-A8794986D74F}.Distribution|Windows-ARM.ActiveCfg = Debug|Any CPU
		{E0188957-3823-40A9-B90D-A8794986D74F}.Distribution|Windows-x64.ActiveCfg = Debug|Any CPU
		{E0188957-3823-40A9-B90D-A8794986D74F}.Distribution|Windows-x86.ActiveCfg = Debug|Any CPU
		{E0188957-3823-40A9-B90D-A8794986D74F}.Distribution|x64.ActiveCfg = Debug|Any CPU
		{E0188957-3823-40A9-B90D-A8794986D74F}.Distribution|x86.ActiveCfg = Debug|x86
		{E0188957-3823-40A9-B90D-A8794986D74F}.Distribution|x86.Build.0 = Debug|x86
		{E0188957-3823-40A9-B90D-A8794986D74F}.Release|Android.ActiveCfg = Release|Any CPU
		{E0188957-3823-40A9-B90D-A8794986D74F}.Release|Any CPU.ActiveCfg = Release|Any CPU
		{E0188957-3823-40A9-B90D-A8794986D74F}.Release|Any CPU.Build.0 = Release|Any CPU
		{E0188957-3823-40A9-B90D-A8794986D74F}.Release|ARM.ActiveCfg = Release|ARM
		{E0188957-3823-40A9-B90D-A8794986D74F}.Release|ARM.Build.0 = Release|ARM
		{E0188957-3823-40A9-B90D-A8794986D74F}.Release|iOS.ActiveCfg = Release|Any CPU
		{E0188957-3823-40A9-B90D-A8794986D74F}.Release|Mixed Platforms.ActiveCfg = Release|Any CPU
		{E0188957-3823-40A9-B90D-A8794986D74F}.Release|Mixed Platforms.Build.0 = Release|Any CPU
		{E0188957-3823-40A9-B90D-A8794986D74F}.Release|Win32.ActiveCfg = Release|x86
		{E0188957-3823-40A9-B90D-A8794986D74F}.Release|Win32.Build.0 = Release|x86
		{E0188957-3823-40A9-B90D-A8794986D74F}.Release|Windows Phone.ActiveCfg = Release|Any CPU
		{E0188957-3823-40A9-B90D-A8794986D74F}.Release|Windows Phone (Universal).ActiveCfg = Release|Any CPU
		{E0188957-3823-40A9-B90D-A8794986D74F}.Release|Windows Phone 8.ActiveCfg = Release|Any CPU
		{E0188957-3823-40A9-B90D-A8794986D74F}.Release|Windows-AnyCPU.ActiveCfg = Release|Any CPU
		{E0188957-3823-40A9-B90D-A8794986D74F}.Release|Windows-ARM.ActiveCfg = Release|Any CPU
		{E0188957-3823-40A9-B90D-A8794986D74F}.Release|Windows-x64.ActiveCfg = Release|Any CPU
		{E0188957-3823-40A9-B90D-A8794986D74F}.Release|Windows-x86.ActiveCfg = Release|Any CPU
		{E0188957-3823-40A9-B90D-A8794986D74F}.Release|x64.ActiveCfg = Release|Any CPU
		{E0188957-3823-40A9-B90D-A8794986D74F}.Release|x86.ActiveCfg = Release|x86
		{E0188957-3823-40A9-B90D-A8794986D74F}.Release|x86.Build.0 = Release|x86
		{A107BCC2-EC81-4A4F-8EA2-AA742AFE0F01}.Debug|Android.ActiveCfg = Debug|Any CPU
		{A107BCC2-EC81-4A4F-8EA2-AA742AFE0F01}.Debug|Any CPU.ActiveCfg = Debug|Any CPU
		{A107BCC2-EC81-4A4F-8EA2-AA742AFE0F01}.Debug|Any CPU.Build.0 = Debug|Any CPU
		{A107BCC2-EC81-4A4F-8EA2-AA742AFE0F01}.Debug|ARM.ActiveCfg = Debug|ARM
		{A107BCC2-EC81-4A4F-8EA2-AA742AFE0F01}.Debug|ARM.Build.0 = Debug|ARM
		{A107BCC2-EC81-4A4F-8EA2-AA742AFE0F01}.Debug|iOS.ActiveCfg = Debug|Any CPU
		{A107BCC2-EC81-4A4F-8EA2-AA742AFE0F01}.Debug|Mixed Platforms.ActiveCfg = Debug|Any CPU
		{A107BCC2-EC81-4A4F-8EA2-AA742AFE0F01}.Debug|Mixed Platforms.Build.0 = Debug|Any CPU
		{A107BCC2-EC81-4A4F-8EA2-AA742AFE0F01}.Debug|Win32.ActiveCfg = Debug|x86
		{A107BCC2-EC81-4A4F-8EA2-AA742AFE0F01}.Debug|Win32.Build.0 = Debug|x86
		{A107BCC2-EC81-4A4F-8EA2-AA742AFE0F01}.Debug|Windows Phone.ActiveCfg = Debug|Any CPU
		{A107BCC2-EC81-4A4F-8EA2-AA742AFE0F01}.Debug|Windows Phone (Universal).ActiveCfg = Debug|Any CPU
		{A107BCC2-EC81-4A4F-8EA2-AA742AFE0F01}.Debug|Windows Phone 8.ActiveCfg = Debug|Any CPU
		{A107BCC2-EC81-4A4F-8EA2-AA742AFE0F01}.Debug|Windows-AnyCPU.ActiveCfg = Debug|Any CPU
		{A107BCC2-EC81-4A4F-8EA2-AA742AFE0F01}.Debug|Windows-ARM.ActiveCfg = Debug|Any CPU
		{A107BCC2-EC81-4A4F-8EA2-AA742AFE0F01}.Debug|Windows-x64.ActiveCfg = Debug|Any CPU
		{A107BCC2-EC81-4A4F-8EA2-AA742AFE0F01}.Debug|Windows-x86.ActiveCfg = Debug|x86
		{A107BCC2-EC81-4A4F-8EA2-AA742AFE0F01}.Debug|Windows-x86.Build.0 = Debug|x86
		{A107BCC2-EC81-4A4F-8EA2-AA742AFE0F01}.Debug|x64.ActiveCfg = Debug|x64
		{A107BCC2-EC81-4A4F-8EA2-AA742AFE0F01}.Debug|x64.Build.0 = Debug|x64
		{A107BCC2-EC81-4A4F-8EA2-AA742AFE0F01}.Debug|x86.ActiveCfg = Debug|x86
		{A107BCC2-EC81-4A4F-8EA2-AA742AFE0F01}.Debug|x86.Build.0 = Debug|x86
		{A107BCC2-EC81-4A4F-8EA2-AA742AFE0F01}.Distribution|Android.ActiveCfg = Debug|Any CPU
		{A107BCC2-EC81-4A4F-8EA2-AA742AFE0F01}.Distribution|Any CPU.ActiveCfg = Debug|Any CPU
		{A107BCC2-EC81-4A4F-8EA2-AA742AFE0F01}.Distribution|Any CPU.Build.0 = Debug|Any CPU
		{A107BCC2-EC81-4A4F-8EA2-AA742AFE0F01}.Distribution|ARM.ActiveCfg = Debug|ARM
		{A107BCC2-EC81-4A4F-8EA2-AA742AFE0F01}.Distribution|ARM.Build.0 = Debug|ARM
		{A107BCC2-EC81-4A4F-8EA2-AA742AFE0F01}.Distribution|iOS.ActiveCfg = Debug|Any CPU
		{A107BCC2-EC81-4A4F-8EA2-AA742AFE0F01}.Distribution|Mixed Platforms.ActiveCfg = Debug|Any CPU
		{A107BCC2-EC81-4A4F-8EA2-AA742AFE0F01}.Distribution|Mixed Platforms.Build.0 = Debug|Any CPU
		{A107BCC2-EC81-4A4F-8EA2-AA742AFE0F01}.Distribution|Win32.ActiveCfg = Debug|x86
		{A107BCC2-EC81-4A4F-8EA2-AA742AFE0F01}.Distribution|Win32.Build.0 = Debug|x86
		{A107BCC2-EC81-4A4F-8EA2-AA742AFE0F01}.Distribution|Windows Phone.ActiveCfg = Debug|Any CPU
		{A107BCC2-EC81-4A4F-8EA2-AA742AFE0F01}.Distribution|Windows Phone (Universal).ActiveCfg = Debug|Any CPU
		{A107BCC2-EC81-4A4F-8EA2-AA742AFE0F01}.Distribution|Windows Phone 8.ActiveCfg = Debug|Any CPU
		{A107BCC2-EC81-4A4F-8EA2-AA742AFE0F01}.Distribution|Windows-AnyCPU.ActiveCfg = Debug|Any CPU
		{A107BCC2-EC81-4A4F-8EA2-AA742AFE0F01}.Distribution|Windows-ARM.ActiveCfg = Debug|Any CPU
		{A107BCC2-EC81-4A4F-8EA2-AA742AFE0F01}.Distribution|Windows-x64.ActiveCfg = Debug|Any CPU
		{A107BCC2-EC81-4A4F-8EA2-AA742AFE0F01}.Distribution|Windows-x86.ActiveCfg = Debug|Any CPU
		{A107BCC2-EC81-4A4F-8EA2-AA742AFE0F01}.Distribution|x64.ActiveCfg = Debug|x64
		{A107BCC2-EC81-4A4F-8EA2-AA742AFE0F01}.Distribution|x64.Build.0 = Debug|x64
		{A107BCC2-EC81-4A4F-8EA2-AA742AFE0F01}.Distribution|x86.ActiveCfg = Debug|x86
		{A107BCC2-EC81-4A4F-8EA2-AA742AFE0F01}.Distribution|x86.Build.0 = Debug|x86
		{A107BCC2-EC81-4A4F-8EA2-AA742AFE0F01}.Release|Android.ActiveCfg = Release|Any CPU
		{A107BCC2-EC81-4A4F-8EA2-AA742AFE0F01}.Release|Any CPU.ActiveCfg = Release|Any CPU
		{A107BCC2-EC81-4A4F-8EA2-AA742AFE0F01}.Release|Any CPU.Build.0 = Release|Any CPU
		{A107BCC2-EC81-4A4F-8EA2-AA742AFE0F01}.Release|ARM.ActiveCfg = Release|ARM
		{A107BCC2-EC81-4A4F-8EA2-AA742AFE0F01}.Release|ARM.Build.0 = Release|ARM
		{A107BCC2-EC81-4A4F-8EA2-AA742AFE0F01}.Release|iOS.ActiveCfg = Release|Any CPU
		{A107BCC2-EC81-4A4F-8EA2-AA742AFE0F01}.Release|Mixed Platforms.ActiveCfg = Release|Any CPU
		{A107BCC2-EC81-4A4F-8EA2-AA742AFE0F01}.Release|Mixed Platforms.Build.0 = Release|Any CPU
		{A107BCC2-EC81-4A4F-8EA2-AA742AFE0F01}.Release|Win32.ActiveCfg = Release|x86
		{A107BCC2-EC81-4A4F-8EA2-AA742AFE0F01}.Release|Win32.Build.0 = Release|x86
		{A107BCC2-EC81-4A4F-8EA2-AA742AFE0F01}.Release|Windows Phone.ActiveCfg = Release|Any CPU
		{A107BCC2-EC81-4A4F-8EA2-AA742AFE0F01}.Release|Windows Phone (Universal).ActiveCfg = Release|Any CPU
		{A107BCC2-EC81-4A4F-8EA2-AA742AFE0F01}.Release|Windows Phone 8.ActiveCfg = Release|Any CPU
		{A107BCC2-EC81-4A4F-8EA2-AA742AFE0F01}.Release|Windows-AnyCPU.ActiveCfg = Release|Any CPU
		{A107BCC2-EC81-4A4F-8EA2-AA742AFE0F01}.Release|Windows-ARM.ActiveCfg = Release|Any CPU
		{A107BCC2-EC81-4A4F-8EA2-AA742AFE0F01}.Release|Windows-x64.ActiveCfg = Release|Any CPU
		{A107BCC2-EC81-4A4F-8EA2-AA742AFE0F01}.Release|Windows-x86.ActiveCfg = Release|Any CPU
		{A107BCC2-EC81-4A4F-8EA2-AA742AFE0F01}.Release|x64.ActiveCfg = Release|x64
		{A107BCC2-EC81-4A4F-8EA2-AA742AFE0F01}.Release|x64.Build.0 = Release|x64
		{A107BCC2-EC81-4A4F-8EA2-AA742AFE0F01}.Release|x86.ActiveCfg = Release|x86
		{A107BCC2-EC81-4A4F-8EA2-AA742AFE0F01}.Release|x86.Build.0 = Release|x86
		{B9BEBF33-3A8E-4201-A63C-40B80C47CEBE}.Debug|Android.ActiveCfg = Debug|Any CPU
		{B9BEBF33-3A8E-4201-A63C-40B80C47CEBE}.Debug|Any CPU.ActiveCfg = Debug|Any CPU
		{B9BEBF33-3A8E-4201-A63C-40B80C47CEBE}.Debug|ARM.ActiveCfg = Debug|Any CPU
		{B9BEBF33-3A8E-4201-A63C-40B80C47CEBE}.Debug|iOS.ActiveCfg = Debug|Any CPU
		{B9BEBF33-3A8E-4201-A63C-40B80C47CEBE}.Debug|Mixed Platforms.ActiveCfg = Debug|Any CPU
		{B9BEBF33-3A8E-4201-A63C-40B80C47CEBE}.Debug|Win32.ActiveCfg = Debug|Any CPU
		{B9BEBF33-3A8E-4201-A63C-40B80C47CEBE}.Debug|Windows Phone.ActiveCfg = Debug|Any CPU
		{B9BEBF33-3A8E-4201-A63C-40B80C47CEBE}.Debug|Windows Phone (Universal).ActiveCfg = Debug|Any CPU
		{B9BEBF33-3A8E-4201-A63C-40B80C47CEBE}.Debug|Windows Phone 8.ActiveCfg = Debug|Any CPU
		{B9BEBF33-3A8E-4201-A63C-40B80C47CEBE}.Debug|Windows-AnyCPU.ActiveCfg = Debug|Any CPU
		{B9BEBF33-3A8E-4201-A63C-40B80C47CEBE}.Debug|Windows-ARM.ActiveCfg = Debug|Any CPU
		{B9BEBF33-3A8E-4201-A63C-40B80C47CEBE}.Debug|Windows-x64.ActiveCfg = Debug|Any CPU
		{B9BEBF33-3A8E-4201-A63C-40B80C47CEBE}.Debug|Windows-x86.ActiveCfg = Debug|Any CPU
		{B9BEBF33-3A8E-4201-A63C-40B80C47CEBE}.Debug|Windows-x86.Build.0 = Debug|Any CPU
		{B9BEBF33-3A8E-4201-A63C-40B80C47CEBE}.Debug|x64.ActiveCfg = Debug|Any CPU
		{B9BEBF33-3A8E-4201-A63C-40B80C47CEBE}.Debug|x86.ActiveCfg = Debug|Any CPU
		{B9BEBF33-3A8E-4201-A63C-40B80C47CEBE}.Distribution|Android.ActiveCfg = Debug|Any CPU
		{B9BEBF33-3A8E-4201-A63C-40B80C47CEBE}.Distribution|Any CPU.ActiveCfg = Debug|Any CPU
		{B9BEBF33-3A8E-4201-A63C-40B80C47CEBE}.Distribution|Any CPU.Build.0 = Debug|Any CPU
		{B9BEBF33-3A8E-4201-A63C-40B80C47CEBE}.Distribution|ARM.ActiveCfg = Debug|Any CPU
		{B9BEBF33-3A8E-4201-A63C-40B80C47CEBE}.Distribution|iOS.ActiveCfg = Debug|Any CPU
		{B9BEBF33-3A8E-4201-A63C-40B80C47CEBE}.Distribution|Mixed Platforms.ActiveCfg = Debug|Any CPU
		{B9BEBF33-3A8E-4201-A63C-40B80C47CEBE}.Distribution|Mixed Platforms.Build.0 = Debug|Any CPU
		{B9BEBF33-3A8E-4201-A63C-40B80C47CEBE}.Distribution|Win32.ActiveCfg = Debug|Any CPU
		{B9BEBF33-3A8E-4201-A63C-40B80C47CEBE}.Distribution|Windows Phone.ActiveCfg = Debug|Any CPU
		{B9BEBF33-3A8E-4201-A63C-40B80C47CEBE}.Distribution|Windows Phone (Universal).ActiveCfg = Debug|Any CPU
		{B9BEBF33-3A8E-4201-A63C-40B80C47CEBE}.Distribution|Windows Phone 8.ActiveCfg = Debug|Any CPU
		{B9BEBF33-3A8E-4201-A63C-40B80C47CEBE}.Distribution|Windows-AnyCPU.ActiveCfg = Debug|Any CPU
		{B9BEBF33-3A8E-4201-A63C-40B80C47CEBE}.Distribution|Windows-ARM.ActiveCfg = Debug|Any CPU
		{B9BEBF33-3A8E-4201-A63C-40B80C47CEBE}.Distribution|Windows-x64.ActiveCfg = Debug|Any CPU
		{B9BEBF33-3A8E-4201-A63C-40B80C47CEBE}.Distribution|Windows-x86.ActiveCfg = Debug|Any CPU
		{B9BEBF33-3A8E-4201-A63C-40B80C47CEBE}.Distribution|x64.ActiveCfg = Debug|Any CPU
		{B9BEBF33-3A8E-4201-A63C-40B80C47CEBE}.Distribution|x86.ActiveCfg = Debug|Any CPU
		{B9BEBF33-3A8E-4201-A63C-40B80C47CEBE}.Release|Android.ActiveCfg = Release|Any CPU
		{B9BEBF33-3A8E-4201-A63C-40B80C47CEBE}.Release|Any CPU.ActiveCfg = Release|Any CPU
		{B9BEBF33-3A8E-4201-A63C-40B80C47CEBE}.Release|Any CPU.Build.0 = Release|Any CPU
		{B9BEBF33-3A8E-4201-A63C-40B80C47CEBE}.Release|ARM.ActiveCfg = Release|Any CPU
		{B9BEBF33-3A8E-4201-A63C-40B80C47CEBE}.Release|iOS.ActiveCfg = Release|Any CPU
		{B9BEBF33-3A8E-4201-A63C-40B80C47CEBE}.Release|Mixed Platforms.ActiveCfg = Release|Any CPU
		{B9BEBF33-3A8E-4201-A63C-40B80C47CEBE}.Release|Mixed Platforms.Build.0 = Release|Any CPU
		{B9BEBF33-3A8E-4201-A63C-40B80C47CEBE}.Release|Win32.ActiveCfg = Release|Any CPU
		{B9BEBF33-3A8E-4201-A63C-40B80C47CEBE}.Release|Windows Phone.ActiveCfg = Release|Any CPU
		{B9BEBF33-3A8E-4201-A63C-40B80C47CEBE}.Release|Windows Phone (Universal).ActiveCfg = Release|Any CPU
		{B9BEBF33-3A8E-4201-A63C-40B80C47CEBE}.Release|Windows Phone 8.ActiveCfg = Release|Any CPU
		{B9BEBF33-3A8E-4201-A63C-40B80C47CEBE}.Release|Windows-AnyCPU.ActiveCfg = Release|Any CPU
		{B9BEBF33-3A8E-4201-A63C-40B80C47CEBE}.Release|Windows-ARM.ActiveCfg = Release|Any CPU
		{B9BEBF33-3A8E-4201-A63C-40B80C47CEBE}.Release|Windows-x64.ActiveCfg = Release|Any CPU
		{B9BEBF33-3A8E-4201-A63C-40B80C47CEBE}.Release|Windows-x86.ActiveCfg = Release|Any CPU
		{B9BEBF33-3A8E-4201-A63C-40B80C47CEBE}.Release|x64.ActiveCfg = Release|Any CPU
		{B9BEBF33-3A8E-4201-A63C-40B80C47CEBE}.Release|x86.ActiveCfg = Release|Any CPU
		{E0838498-6201-4040-B4F1-A2D0C02405A6}.Debug|Android.ActiveCfg = Debug|Any CPU
		{E0838498-6201-4040-B4F1-A2D0C02405A6}.Debug|Any CPU.ActiveCfg = Debug|Any CPU
		{E0838498-6201-4040-B4F1-A2D0C02405A6}.Debug|Any CPU.Build.0 = Debug|Any CPU
		{E0838498-6201-4040-B4F1-A2D0C02405A6}.Debug|ARM.ActiveCfg = Debug|Any CPU
		{E0838498-6201-4040-B4F1-A2D0C02405A6}.Debug|ARM.Build.0 = Debug|Any CPU
		{E0838498-6201-4040-B4F1-A2D0C02405A6}.Debug|iOS.ActiveCfg = Debug|Any CPU
		{E0838498-6201-4040-B4F1-A2D0C02405A6}.Debug|Mixed Platforms.ActiveCfg = Debug|Any CPU
		{E0838498-6201-4040-B4F1-A2D0C02405A6}.Debug|Mixed Platforms.Build.0 = Debug|Any CPU
		{E0838498-6201-4040-B4F1-A2D0C02405A6}.Debug|Win32.ActiveCfg = Debug|Any CPU
		{E0838498-6201-4040-B4F1-A2D0C02405A6}.Debug|Windows Phone.ActiveCfg = Debug|Any CPU
		{E0838498-6201-4040-B4F1-A2D0C02405A6}.Debug|Windows Phone (Universal).ActiveCfg = Debug|Any CPU
		{E0838498-6201-4040-B4F1-A2D0C02405A6}.Debug|Windows Phone 8.ActiveCfg = Debug|Any CPU
		{E0838498-6201-4040-B4F1-A2D0C02405A6}.Debug|Windows-AnyCPU.ActiveCfg = Debug|Any CPU
		{E0838498-6201-4040-B4F1-A2D0C02405A6}.Debug|Windows-ARM.ActiveCfg = Debug|Any CPU
		{E0838498-6201-4040-B4F1-A2D0C02405A6}.Debug|Windows-x64.ActiveCfg = Debug|Any CPU
		{E0838498-6201-4040-B4F1-A2D0C02405A6}.Debug|Windows-x86.ActiveCfg = Debug|Any CPU
		{E0838498-6201-4040-B4F1-A2D0C02405A6}.Debug|Windows-x86.Build.0 = Debug|Any CPU
		{E0838498-6201-4040-B4F1-A2D0C02405A6}.Debug|x64.ActiveCfg = Debug|Any CPU
		{E0838498-6201-4040-B4F1-A2D0C02405A6}.Debug|x86.ActiveCfg = Debug|Any CPU
		{E0838498-6201-4040-B4F1-A2D0C02405A6}.Debug|x86.Build.0 = Debug|Any CPU
		{E0838498-6201-4040-B4F1-A2D0C02405A6}.Distribution|Android.ActiveCfg = Debug|Any CPU
		{E0838498-6201-4040-B4F1-A2D0C02405A6}.Distribution|Any CPU.ActiveCfg = Debug|Any CPU
		{E0838498-6201-4040-B4F1-A2D0C02405A6}.Distribution|Any CPU.Build.0 = Debug|Any CPU
		{E0838498-6201-4040-B4F1-A2D0C02405A6}.Distribution|ARM.ActiveCfg = Debug|Any CPU
		{E0838498-6201-4040-B4F1-A2D0C02405A6}.Distribution|iOS.ActiveCfg = Debug|Any CPU
		{E0838498-6201-4040-B4F1-A2D0C02405A6}.Distribution|Mixed Platforms.ActiveCfg = Debug|Any CPU
		{E0838498-6201-4040-B4F1-A2D0C02405A6}.Distribution|Mixed Platforms.Build.0 = Debug|Any CPU
		{E0838498-6201-4040-B4F1-A2D0C02405A6}.Distribution|Win32.ActiveCfg = Debug|Any CPU
		{E0838498-6201-4040-B4F1-A2D0C02405A6}.Distribution|Windows Phone.ActiveCfg = Debug|Any CPU
		{E0838498-6201-4040-B4F1-A2D0C02405A6}.Distribution|Windows Phone (Universal).ActiveCfg = Debug|Any CPU
		{E0838498-6201-4040-B4F1-A2D0C02405A6}.Distribution|Windows Phone 8.ActiveCfg = Debug|Any CPU
		{E0838498-6201-4040-B4F1-A2D0C02405A6}.Distribution|Windows-AnyCPU.ActiveCfg = Debug|Any CPU
		{E0838498-6201-4040-B4F1-A2D0C02405A6}.Distribution|Windows-ARM.ActiveCfg = Debug|Any CPU
		{E0838498-6201-4040-B4F1-A2D0C02405A6}.Distribution|Windows-x64.ActiveCfg = Debug|Any CPU
		{E0838498-6201-4040-B4F1-A2D0C02405A6}.Distribution|Windows-x86.ActiveCfg = Debug|Any CPU
		{E0838498-6201-4040-B4F1-A2D0C02405A6}.Distribution|x64.ActiveCfg = Debug|Any CPU
		{E0838498-6201-4040-B4F1-A2D0C02405A6}.Distribution|x86.ActiveCfg = Debug|Any CPU
		{E0838498-6201-4040-B4F1-A2D0C02405A6}.Release|Android.ActiveCfg = Release|Any CPU
		{E0838498-6201-4040-B4F1-A2D0C02405A6}.Release|Any CPU.ActiveCfg = Release|Any CPU
		{E0838498-6201-4040-B4F1-A2D0C02405A6}.Release|Any CPU.Build.0 = Release|Any CPU
		{E0838498-6201-4040-B4F1-A2D0C02405A6}.Release|ARM.ActiveCfg = Release|Any CPU
		{E0838498-6201-4040-B4F1-A2D0C02405A6}.Release|iOS.ActiveCfg = Release|Any CPU
		{E0838498-6201-4040-B4F1-A2D0C02405A6}.Release|Mixed Platforms.ActiveCfg = Release|Any CPU
		{E0838498-6201-4040-B4F1-A2D0C02405A6}.Release|Mixed Platforms.Build.0 = Release|Any CPU
		{E0838498-6201-4040-B4F1-A2D0C02405A6}.Release|Win32.ActiveCfg = Release|Any CPU
		{E0838498-6201-4040-B4F1-A2D0C02405A6}.Release|Windows Phone.ActiveCfg = Release|Any CPU
		{E0838498-6201-4040-B4F1-A2D0C02405A6}.Release|Windows Phone (Universal).ActiveCfg = Release|Any CPU
		{E0838498-6201-4040-B4F1-A2D0C02405A6}.Release|Windows Phone 8.ActiveCfg = Release|Any CPU
		{E0838498-6201-4040-B4F1-A2D0C02405A6}.Release|Windows-AnyCPU.ActiveCfg = Release|Any CPU
		{E0838498-6201-4040-B4F1-A2D0C02405A6}.Release|Windows-ARM.ActiveCfg = Release|Any CPU
		{E0838498-6201-4040-B4F1-A2D0C02405A6}.Release|Windows-x64.ActiveCfg = Release|Any CPU
		{E0838498-6201-4040-B4F1-A2D0C02405A6}.Release|Windows-x86.ActiveCfg = Release|Any CPU
		{E0838498-6201-4040-B4F1-A2D0C02405A6}.Release|x64.ActiveCfg = Release|Any CPU
		{E0838498-6201-4040-B4F1-A2D0C02405A6}.Release|x86.ActiveCfg = Release|Any CPU
		{923DCD08-E0AF-4214-86B0-86E37851046B}.Debug|Android.ActiveCfg = Debug|Any CPU
		{923DCD08-E0AF-4214-86B0-86E37851046B}.Debug|Any CPU.ActiveCfg = Debug|Any CPU
		{923DCD08-E0AF-4214-86B0-86E37851046B}.Debug|Any CPU.Build.0 = Debug|Any CPU
		{923DCD08-E0AF-4214-86B0-86E37851046B}.Debug|ARM.ActiveCfg = Debug|Any CPU
		{923DCD08-E0AF-4214-86B0-86E37851046B}.Debug|iOS.ActiveCfg = Debug|Any CPU
		{923DCD08-E0AF-4214-86B0-86E37851046B}.Debug|Mixed Platforms.ActiveCfg = Debug|Any CPU
		{923DCD08-E0AF-4214-86B0-86E37851046B}.Debug|Mixed Platforms.Build.0 = Debug|Any CPU
		{923DCD08-E0AF-4214-86B0-86E37851046B}.Debug|Win32.ActiveCfg = Debug|Any CPU
		{923DCD08-E0AF-4214-86B0-86E37851046B}.Debug|Windows Phone.ActiveCfg = Debug|Any CPU
		{923DCD08-E0AF-4214-86B0-86E37851046B}.Debug|Windows Phone (Universal).ActiveCfg = Debug|Any CPU
		{923DCD08-E0AF-4214-86B0-86E37851046B}.Debug|Windows Phone 8.ActiveCfg = Debug|Any CPU
		{923DCD08-E0AF-4214-86B0-86E37851046B}.Debug|Windows-AnyCPU.ActiveCfg = Debug|Any CPU
		{923DCD08-E0AF-4214-86B0-86E37851046B}.Debug|Windows-ARM.ActiveCfg = Debug|Any CPU
		{923DCD08-E0AF-4214-86B0-86E37851046B}.Debug|Windows-x64.ActiveCfg = Debug|Any CPU
		{923DCD08-E0AF-4214-86B0-86E37851046B}.Debug|Windows-x86.ActiveCfg = Debug|Any CPU
		{923DCD08-E0AF-4214-86B0-86E37851046B}.Debug|x64.ActiveCfg = Debug|Any CPU
		{923DCD08-E0AF-4214-86B0-86E37851046B}.Debug|x86.ActiveCfg = Debug|Any CPU
		{923DCD08-E0AF-4214-86B0-86E37851046B}.Debug|x86.Build.0 = Debug|Any CPU
		{923DCD08-E0AF-4214-86B0-86E37851046B}.Distribution|Android.ActiveCfg = Debug|Any CPU
		{923DCD08-E0AF-4214-86B0-86E37851046B}.Distribution|Any CPU.ActiveCfg = Debug|Any CPU
		{923DCD08-E0AF-4214-86B0-86E37851046B}.Distribution|Any CPU.Build.0 = Debug|Any CPU
		{923DCD08-E0AF-4214-86B0-86E37851046B}.Distribution|ARM.ActiveCfg = Debug|Any CPU
		{923DCD08-E0AF-4214-86B0-86E37851046B}.Distribution|iOS.ActiveCfg = Debug|Any CPU
		{923DCD08-E0AF-4214-86B0-86E37851046B}.Distribution|Mixed Platforms.ActiveCfg = Debug|Any CPU
		{923DCD08-E0AF-4214-86B0-86E37851046B}.Distribution|Mixed Platforms.Build.0 = Debug|Any CPU
		{923DCD08-E0AF-4214-86B0-86E37851046B}.Distribution|Win32.ActiveCfg = Debug|Any CPU
		{923DCD08-E0AF-4214-86B0-86E37851046B}.Distribution|Windows Phone.ActiveCfg = Debug|Any CPU
		{923DCD08-E0AF-4214-86B0-86E37851046B}.Distribution|Windows Phone (Universal).ActiveCfg = Debug|Any CPU
		{923DCD08-E0AF-4214-86B0-86E37851046B}.Distribution|Windows Phone 8.ActiveCfg = Debug|Any CPU
		{923DCD08-E0AF-4214-86B0-86E37851046B}.Distribution|Windows-AnyCPU.ActiveCfg = Debug|Any CPU
		{923DCD08-E0AF-4214-86B0-86E37851046B}.Distribution|Windows-ARM.ActiveCfg = Debug|Any CPU
		{923DCD08-E0AF-4214-86B0-86E37851046B}.Distribution|Windows-x64.ActiveCfg = Debug|Any CPU
		{923DCD08-E0AF-4214-86B0-86E37851046B}.Distribution|Windows-x86.ActiveCfg = Debug|Any CPU
		{923DCD08-E0AF-4214-86B0-86E37851046B}.Distribution|x64.ActiveCfg = Debug|Any CPU
		{923DCD08-E0AF-4214-86B0-86E37851046B}.Distribution|x86.ActiveCfg = Debug|Any CPU
		{923DCD08-E0AF-4214-86B0-86E37851046B}.Release|Android.ActiveCfg = Release|Any CPU
		{923DCD08-E0AF-4214-86B0-86E37851046B}.Release|Any CPU.ActiveCfg = Release|Any CPU
		{923DCD08-E0AF-4214-86B0-86E37851046B}.Release|Any CPU.Build.0 = Release|Any CPU
		{923DCD08-E0AF-4214-86B0-86E37851046B}.Release|ARM.ActiveCfg = Release|Any CPU
		{923DCD08-E0AF-4214-86B0-86E37851046B}.Release|iOS.ActiveCfg = Release|Any CPU
		{923DCD08-E0AF-4214-86B0-86E37851046B}.Release|Mixed Platforms.ActiveCfg = Release|Any CPU
		{923DCD08-E0AF-4214-86B0-86E37851046B}.Release|Mixed Platforms.Build.0 = Release|Any CPU
		{923DCD08-E0AF-4214-86B0-86E37851046B}.Release|Win32.ActiveCfg = Release|Any CPU
		{923DCD08-E0AF-4214-86B0-86E37851046B}.Release|Windows Phone.ActiveCfg = Release|Any CPU
		{923DCD08-E0AF-4214-86B0-86E37851046B}.Release|Windows Phone (Universal).ActiveCfg = Release|Any CPU
		{923DCD08-E0AF-4214-86B0-86E37851046B}.Release|Windows Phone 8.ActiveCfg = Release|Any CPU
		{923DCD08-E0AF-4214-86B0-86E37851046B}.Release|Windows-AnyCPU.ActiveCfg = Release|Any CPU
		{923DCD08-E0AF-4214-86B0-86E37851046B}.Release|Windows-ARM.ActiveCfg = Release|Any CPU
		{923DCD08-E0AF-4214-86B0-86E37851046B}.Release|Windows-x64.ActiveCfg = Release|Any CPU
		{923DCD08-E0AF-4214-86B0-86E37851046B}.Release|Windows-x86.ActiveCfg = Release|Any CPU
		{923DCD08-E0AF-4214-86B0-86E37851046B}.Release|x64.ActiveCfg = Release|Any CPU
		{923DCD08-E0AF-4214-86B0-86E37851046B}.Release|x86.ActiveCfg = Release|Any CPU
		{0451BAEF-DF2E-4B98-8644-94EE9415E389}.Debug|Android.ActiveCfg = Debug|Any CPU
		{0451BAEF-DF2E-4B98-8644-94EE9415E389}.Debug|Any CPU.ActiveCfg = Debug|Any CPU
		{0451BAEF-DF2E-4B98-8644-94EE9415E389}.Debug|ARM.ActiveCfg = Debug|Any CPU
		{0451BAEF-DF2E-4B98-8644-94EE9415E389}.Debug|iOS.ActiveCfg = Debug|Any CPU
		{0451BAEF-DF2E-4B98-8644-94EE9415E389}.Debug|Mixed Platforms.ActiveCfg = Debug|Any CPU
		{0451BAEF-DF2E-4B98-8644-94EE9415E389}.Debug|Win32.ActiveCfg = Debug|Any CPU
		{0451BAEF-DF2E-4B98-8644-94EE9415E389}.Debug|Windows Phone.ActiveCfg = Debug|Any CPU
		{0451BAEF-DF2E-4B98-8644-94EE9415E389}.Debug|Windows Phone (Universal).ActiveCfg = Debug|Any CPU
		{0451BAEF-DF2E-4B98-8644-94EE9415E389}.Debug|Windows Phone 8.ActiveCfg = Debug|Any CPU
		{0451BAEF-DF2E-4B98-8644-94EE9415E389}.Debug|Windows-AnyCPU.ActiveCfg = Debug|Any CPU
		{0451BAEF-DF2E-4B98-8644-94EE9415E389}.Debug|Windows-ARM.ActiveCfg = Debug|Any CPU
		{0451BAEF-DF2E-4B98-8644-94EE9415E389}.Debug|Windows-x64.ActiveCfg = Debug|Any CPU
		{0451BAEF-DF2E-4B98-8644-94EE9415E389}.Debug|Windows-x86.ActiveCfg = Debug|Any CPU
		{0451BAEF-DF2E-4B98-8644-94EE9415E389}.Debug|x64.ActiveCfg = Debug|Any CPU
		{0451BAEF-DF2E-4B98-8644-94EE9415E389}.Debug|x86.ActiveCfg = Debug|Any CPU
		{0451BAEF-DF2E-4B98-8644-94EE9415E389}.Distribution|Android.ActiveCfg = Debug|Any CPU
		{0451BAEF-DF2E-4B98-8644-94EE9415E389}.Distribution|Any CPU.ActiveCfg = Debug|Any CPU
		{0451BAEF-DF2E-4B98-8644-94EE9415E389}.Distribution|Any CPU.Build.0 = Debug|Any CPU
		{0451BAEF-DF2E-4B98-8644-94EE9415E389}.Distribution|ARM.ActiveCfg = Debug|Any CPU
		{0451BAEF-DF2E-4B98-8644-94EE9415E389}.Distribution|iOS.ActiveCfg = Debug|Any CPU
		{0451BAEF-DF2E-4B98-8644-94EE9415E389}.Distribution|Mixed Platforms.ActiveCfg = Debug|Any CPU
		{0451BAEF-DF2E-4B98-8644-94EE9415E389}.Distribution|Mixed Platforms.Build.0 = Debug|Any CPU
		{0451BAEF-DF2E-4B98-8644-94EE9415E389}.Distribution|Win32.ActiveCfg = Debug|Any CPU
		{0451BAEF-DF2E-4B98-8644-94EE9415E389}.Distribution|Windows Phone.ActiveCfg = Debug|Any CPU
		{0451BAEF-DF2E-4B98-8644-94EE9415E389}.Distribution|Windows Phone (Universal).ActiveCfg = Debug|Any CPU
		{0451BAEF-DF2E-4B98-8644-94EE9415E389}.Distribution|Windows Phone 8.ActiveCfg = Debug|Any CPU
		{0451BAEF-DF2E-4B98-8644-94EE9415E389}.Distribution|Windows-AnyCPU.ActiveCfg = Debug|Any CPU
		{0451BAEF-DF2E-4B98-8644-94EE9415E389}.Distribution|Windows-ARM.ActiveCfg = Debug|Any CPU
		{0451BAEF-DF2E-4B98-8644-94EE9415E389}.Distribution|Windows-x64.ActiveCfg = Debug|Any CPU
		{0451BAEF-DF2E-4B98-8644-94EE9415E389}.Distribution|Windows-x86.ActiveCfg = Debug|Any CPU
		{0451BAEF-DF2E-4B98-8644-94EE9415E389}.Distribution|x64.ActiveCfg = Debug|Any CPU
		{0451BAEF-DF2E-4B98-8644-94EE9415E389}.Distribution|x86.ActiveCfg = Debug|Any CPU
		{0451BAEF-DF2E-4B98-8644-94EE9415E389}.Release|Android.ActiveCfg = Release|Any CPU
		{0451BAEF-DF2E-4B98-8644-94EE9415E389}.Release|Any CPU.ActiveCfg = Release|Any CPU
		{0451BAEF-DF2E-4B98-8644-94EE9415E389}.Release|Any CPU.Build.0 = Release|Any CPU
		{0451BAEF-DF2E-4B98-8644-94EE9415E389}.Release|ARM.ActiveCfg = Release|Any CPU
		{0451BAEF-DF2E-4B98-8644-94EE9415E389}.Release|iOS.ActiveCfg = Release|Any CPU
		{0451BAEF-DF2E-4B98-8644-94EE9415E389}.Release|Mixed Platforms.ActiveCfg = Release|Any CPU
		{0451BAEF-DF2E-4B98-8644-94EE9415E389}.Release|Mixed Platforms.Build.0 = Release|Any CPU
		{0451BAEF-DF2E-4B98-8644-94EE9415E389}.Release|Win32.ActiveCfg = Release|Any CPU
		{0451BAEF-DF2E-4B98-8644-94EE9415E389}.Release|Windows Phone.ActiveCfg = Release|Any CPU
		{0451BAEF-DF2E-4B98-8644-94EE9415E389}.Release|Windows Phone (Universal).ActiveCfg = Release|Any CPU
		{0451BAEF-DF2E-4B98-8644-94EE9415E389}.Release|Windows Phone 8.ActiveCfg = Release|Any CPU
		{0451BAEF-DF2E-4B98-8644-94EE9415E389}.Release|Windows-AnyCPU.ActiveCfg = Release|Any CPU
		{0451BAEF-DF2E-4B98-8644-94EE9415E389}.Release|Windows-ARM.ActiveCfg = Release|Any CPU
		{0451BAEF-DF2E-4B98-8644-94EE9415E389}.Release|Windows-x64.ActiveCfg = Release|Any CPU
		{0451BAEF-DF2E-4B98-8644-94EE9415E389}.Release|Windows-x86.ActiveCfg = Release|Any CPU
		{0451BAEF-DF2E-4B98-8644-94EE9415E389}.Release|x64.ActiveCfg = Release|Any CPU
		{0451BAEF-DF2E-4B98-8644-94EE9415E389}.Release|x86.ActiveCfg = Release|Any CPU
		{B1D32173-8770-45B7-AEE8-1F29AF8CDC87}.Debug|Android.ActiveCfg = Debug|Any CPU
		{B1D32173-8770-45B7-AEE8-1F29AF8CDC87}.Debug|Any CPU.ActiveCfg = Debug|Any CPU
		{B1D32173-8770-45B7-AEE8-1F29AF8CDC87}.Debug|Any CPU.Build.0 = Debug|Any CPU
		{B1D32173-8770-45B7-AEE8-1F29AF8CDC87}.Debug|ARM.ActiveCfg = Debug|Any CPU
		{B1D32173-8770-45B7-AEE8-1F29AF8CDC87}.Debug|iOS.ActiveCfg = Debug|Any CPU
		{B1D32173-8770-45B7-AEE8-1F29AF8CDC87}.Debug|Mixed Platforms.ActiveCfg = Debug|Any CPU
		{B1D32173-8770-45B7-AEE8-1F29AF8CDC87}.Debug|Mixed Platforms.Build.0 = Debug|Any CPU
		{B1D32173-8770-45B7-AEE8-1F29AF8CDC87}.Debug|Win32.ActiveCfg = Debug|Any CPU
		{B1D32173-8770-45B7-AEE8-1F29AF8CDC87}.Debug|Windows Phone.ActiveCfg = Debug|Any CPU
		{B1D32173-8770-45B7-AEE8-1F29AF8CDC87}.Debug|Windows Phone (Universal).ActiveCfg = Debug|Any CPU
		{B1D32173-8770-45B7-AEE8-1F29AF8CDC87}.Debug|Windows Phone 8.ActiveCfg = Debug|Any CPU
		{B1D32173-8770-45B7-AEE8-1F29AF8CDC87}.Debug|Windows-AnyCPU.ActiveCfg = Debug|Any CPU
		{B1D32173-8770-45B7-AEE8-1F29AF8CDC87}.Debug|Windows-ARM.ActiveCfg = Debug|Any CPU
		{B1D32173-8770-45B7-AEE8-1F29AF8CDC87}.Debug|Windows-x64.ActiveCfg = Debug|Any CPU
		{B1D32173-8770-45B7-AEE8-1F29AF8CDC87}.Debug|Windows-x86.ActiveCfg = Debug|Any CPU
		{B1D32173-8770-45B7-AEE8-1F29AF8CDC87}.Debug|x64.ActiveCfg = Debug|Any CPU
		{B1D32173-8770-45B7-AEE8-1F29AF8CDC87}.Debug|x86.ActiveCfg = Debug|Any CPU
		{B1D32173-8770-45B7-AEE8-1F29AF8CDC87}.Distribution|Android.ActiveCfg = Debug|Any CPU
		{B1D32173-8770-45B7-AEE8-1F29AF8CDC87}.Distribution|Any CPU.ActiveCfg = Debug|Any CPU
		{B1D32173-8770-45B7-AEE8-1F29AF8CDC87}.Distribution|Any CPU.Build.0 = Debug|Any CPU
		{B1D32173-8770-45B7-AEE8-1F29AF8CDC87}.Distribution|ARM.ActiveCfg = Debug|Any CPU
		{B1D32173-8770-45B7-AEE8-1F29AF8CDC87}.Distribution|iOS.ActiveCfg = Debug|Any CPU
		{B1D32173-8770-45B7-AEE8-1F29AF8CDC87}.Distribution|Mixed Platforms.ActiveCfg = Debug|Any CPU
		{B1D32173-8770-45B7-AEE8-1F29AF8CDC87}.Distribution|Mixed Platforms.Build.0 = Debug|Any CPU
		{B1D32173-8770-45B7-AEE8-1F29AF8CDC87}.Distribution|Win32.ActiveCfg = Debug|Any CPU
		{B1D32173-8770-45B7-AEE8-1F29AF8CDC87}.Distribution|Windows Phone.ActiveCfg = Debug|Any CPU
		{B1D32173-8770-45B7-AEE8-1F29AF8CDC87}.Distribution|Windows Phone (Universal).ActiveCfg = Debug|Any CPU
		{B1D32173-8770-45B7-AEE8-1F29AF8CDC87}.Distribution|Windows Phone 8.ActiveCfg = Debug|Any CPU
		{B1D32173-8770-45B7-AEE8-1F29AF8CDC87}.Distribution|Windows-AnyCPU.ActiveCfg = Debug|Any CPU
		{B1D32173-8770-45B7-AEE8-1F29AF8CDC87}.Distribution|Windows-ARM.ActiveCfg = Debug|Any CPU
		{B1D32173-8770-45B7-AEE8-1F29AF8CDC87}.Distribution|Windows-x64.ActiveCfg = Debug|Any CPU
		{B1D32173-8770-45B7-AEE8-1F29AF8CDC87}.Distribution|Windows-x86.ActiveCfg = Debug|Any CPU
		{B1D32173-8770-45B7-AEE8-1F29AF8CDC87}.Distribution|x64.ActiveCfg = Debug|Any CPU
		{B1D32173-8770-45B7-AEE8-1F29AF8CDC87}.Distribution|x86.ActiveCfg = Debug|Any CPU
		{B1D32173-8770-45B7-AEE8-1F29AF8CDC87}.Release|Android.ActiveCfg = Release|Any CPU
		{B1D32173-8770-45B7-AEE8-1F29AF8CDC87}.Release|Any CPU.ActiveCfg = Release|Any CPU
		{B1D32173-8770-45B7-AEE8-1F29AF8CDC87}.Release|Any CPU.Build.0 = Release|Any CPU
		{B1D32173-8770-45B7-AEE8-1F29AF8CDC87}.Release|ARM.ActiveCfg = Release|Any CPU
		{B1D32173-8770-45B7-AEE8-1F29AF8CDC87}.Release|iOS.ActiveCfg = Release|Any CPU
		{B1D32173-8770-45B7-AEE8-1F29AF8CDC87}.Release|Mixed Platforms.ActiveCfg = Release|Any CPU
		{B1D32173-8770-45B7-AEE8-1F29AF8CDC87}.Release|Mixed Platforms.Build.0 = Release|Any CPU
		{B1D32173-8770-45B7-AEE8-1F29AF8CDC87}.Release|Win32.ActiveCfg = Release|Any CPU
		{B1D32173-8770-45B7-AEE8-1F29AF8CDC87}.Release|Windows Phone.ActiveCfg = Release|Any CPU
		{B1D32173-8770-45B7-AEE8-1F29AF8CDC87}.Release|Windows Phone (Universal).ActiveCfg = Release|Any CPU
		{B1D32173-8770-45B7-AEE8-1F29AF8CDC87}.Release|Windows Phone 8.ActiveCfg = Release|Any CPU
		{B1D32173-8770-45B7-AEE8-1F29AF8CDC87}.Release|Windows-AnyCPU.ActiveCfg = Release|Any CPU
		{B1D32173-8770-45B7-AEE8-1F29AF8CDC87}.Release|Windows-ARM.ActiveCfg = Release|Any CPU
		{B1D32173-8770-45B7-AEE8-1F29AF8CDC87}.Release|Windows-x64.ActiveCfg = Release|Any CPU
		{B1D32173-8770-45B7-AEE8-1F29AF8CDC87}.Release|Windows-x86.ActiveCfg = Release|Any CPU
		{B1D32173-8770-45B7-AEE8-1F29AF8CDC87}.Release|x64.ActiveCfg = Release|Any CPU
		{B1D32173-8770-45B7-AEE8-1F29AF8CDC87}.Release|x86.ActiveCfg = Release|Any CPU
		{B6F95C8E-E338-4D05-A33D-81C7671A6CB3}.Debug|Android.ActiveCfg = Debug|Any CPU
		{B6F95C8E-E338-4D05-A33D-81C7671A6CB3}.Debug|Any CPU.ActiveCfg = Debug|Any CPU
		{B6F95C8E-E338-4D05-A33D-81C7671A6CB3}.Debug|Any CPU.Build.0 = Debug|Any CPU
		{B6F95C8E-E338-4D05-A33D-81C7671A6CB3}.Debug|ARM.ActiveCfg = Debug|Any CPU
		{B6F95C8E-E338-4D05-A33D-81C7671A6CB3}.Debug|iOS.ActiveCfg = Debug|Any CPU
		{B6F95C8E-E338-4D05-A33D-81C7671A6CB3}.Debug|Mixed Platforms.ActiveCfg = Debug|Any CPU
		{B6F95C8E-E338-4D05-A33D-81C7671A6CB3}.Debug|Mixed Platforms.Build.0 = Debug|Any CPU
		{B6F95C8E-E338-4D05-A33D-81C7671A6CB3}.Debug|Win32.ActiveCfg = Debug|Any CPU
		{B6F95C8E-E338-4D05-A33D-81C7671A6CB3}.Debug|Windows Phone.ActiveCfg = Debug|Any CPU
		{B6F95C8E-E338-4D05-A33D-81C7671A6CB3}.Debug|Windows Phone (Universal).ActiveCfg = Debug|Any CPU
		{B6F95C8E-E338-4D05-A33D-81C7671A6CB3}.Debug|Windows Phone 8.ActiveCfg = Debug|Any CPU
		{B6F95C8E-E338-4D05-A33D-81C7671A6CB3}.Debug|Windows-AnyCPU.ActiveCfg = Debug|Any CPU
		{B6F95C8E-E338-4D05-A33D-81C7671A6CB3}.Debug|Windows-ARM.ActiveCfg = Debug|Any CPU
		{B6F95C8E-E338-4D05-A33D-81C7671A6CB3}.Debug|Windows-x64.ActiveCfg = Debug|Any CPU
		{B6F95C8E-E338-4D05-A33D-81C7671A6CB3}.Debug|Windows-x86.ActiveCfg = Debug|Any CPU
		{B6F95C8E-E338-4D05-A33D-81C7671A6CB3}.Debug|x64.ActiveCfg = Debug|Any CPU
		{B6F95C8E-E338-4D05-A33D-81C7671A6CB3}.Debug|x86.ActiveCfg = Debug|Any CPU
		{B6F95C8E-E338-4D05-A33D-81C7671A6CB3}.Distribution|Android.ActiveCfg = Debug|Any CPU
		{B6F95C8E-E338-4D05-A33D-81C7671A6CB3}.Distribution|Any CPU.ActiveCfg = Debug|Any CPU
		{B6F95C8E-E338-4D05-A33D-81C7671A6CB3}.Distribution|Any CPU.Build.0 = Debug|Any CPU
		{B6F95C8E-E338-4D05-A33D-81C7671A6CB3}.Distribution|ARM.ActiveCfg = Debug|Any CPU
		{B6F95C8E-E338-4D05-A33D-81C7671A6CB3}.Distribution|iOS.ActiveCfg = Debug|Any CPU
		{B6F95C8E-E338-4D05-A33D-81C7671A6CB3}.Distribution|Mixed Platforms.ActiveCfg = Debug|Any CPU
		{B6F95C8E-E338-4D05-A33D-81C7671A6CB3}.Distribution|Mixed Platforms.Build.0 = Debug|Any CPU
		{B6F95C8E-E338-4D05-A33D-81C7671A6CB3}.Distribution|Win32.ActiveCfg = Debug|Any CPU
		{B6F95C8E-E338-4D05-A33D-81C7671A6CB3}.Distribution|Windows Phone.ActiveCfg = Debug|Any CPU
		{B6F95C8E-E338-4D05-A33D-81C7671A6CB3}.Distribution|Windows Phone (Universal).ActiveCfg = Debug|Any CPU
		{B6F95C8E-E338-4D05-A33D-81C7671A6CB3}.Distribution|Windows Phone 8.ActiveCfg = Debug|Any CPU
		{B6F95C8E-E338-4D05-A33D-81C7671A6CB3}.Distribution|Windows-AnyCPU.ActiveCfg = Debug|Any CPU
		{B6F95C8E-E338-4D05-A33D-81C7671A6CB3}.Distribution|Windows-ARM.ActiveCfg = Debug|Any CPU
		{B6F95C8E-E338-4D05-A33D-81C7671A6CB3}.Distribution|Windows-x64.ActiveCfg = Debug|Any CPU
		{B6F95C8E-E338-4D05-A33D-81C7671A6CB3}.Distribution|Windows-x86.ActiveCfg = Debug|Any CPU
		{B6F95C8E-E338-4D05-A33D-81C7671A6CB3}.Distribution|x64.ActiveCfg = Debug|Any CPU
		{B6F95C8E-E338-4D05-A33D-81C7671A6CB3}.Distribution|x86.ActiveCfg = Debug|Any CPU
		{B6F95C8E-E338-4D05-A33D-81C7671A6CB3}.Release|Android.ActiveCfg = Release|Any CPU
		{B6F95C8E-E338-4D05-A33D-81C7671A6CB3}.Release|Any CPU.ActiveCfg = Release|Any CPU
		{B6F95C8E-E338-4D05-A33D-81C7671A6CB3}.Release|Any CPU.Build.0 = Release|Any CPU
		{B6F95C8E-E338-4D05-A33D-81C7671A6CB3}.Release|ARM.ActiveCfg = Release|Any CPU
		{B6F95C8E-E338-4D05-A33D-81C7671A6CB3}.Release|iOS.ActiveCfg = Release|Any CPU
		{B6F95C8E-E338-4D05-A33D-81C7671A6CB3}.Release|Mixed Platforms.ActiveCfg = Release|Any CPU
		{B6F95C8E-E338-4D05-A33D-81C7671A6CB3}.Release|Mixed Platforms.Build.0 = Release|Any CPU
		{B6F95C8E-E338-4D05-A33D-81C7671A6CB3}.Release|Win32.ActiveCfg = Release|Any CPU
		{B6F95C8E-E338-4D05-A33D-81C7671A6CB3}.Release|Windows Phone.ActiveCfg = Release|Any CPU
		{B6F95C8E-E338-4D05-A33D-81C7671A6CB3}.Release|Windows Phone (Universal).ActiveCfg = Release|Any CPU
		{B6F95C8E-E338-4D05-A33D-81C7671A6CB3}.Release|Windows Phone 8.ActiveCfg = Release|Any CPU
		{B6F95C8E-E338-4D05-A33D-81C7671A6CB3}.Release|Windows-AnyCPU.ActiveCfg = Release|Any CPU
		{B6F95C8E-E338-4D05-A33D-81C7671A6CB3}.Release|Windows-ARM.ActiveCfg = Release|Any CPU
		{B6F95C8E-E338-4D05-A33D-81C7671A6CB3}.Release|Windows-x64.ActiveCfg = Release|Any CPU
		{B6F95C8E-E338-4D05-A33D-81C7671A6CB3}.Release|Windows-x86.ActiveCfg = Release|Any CPU
		{B6F95C8E-E338-4D05-A33D-81C7671A6CB3}.Release|x64.ActiveCfg = Release|Any CPU
		{B6F95C8E-E338-4D05-A33D-81C7671A6CB3}.Release|x86.ActiveCfg = Release|Any CPU
		{E2E39B4C-E5E1-4163-8FBB-CD01473086D1}.Debug|Android.ActiveCfg = Debug|Any CPU
		{E2E39B4C-E5E1-4163-8FBB-CD01473086D1}.Debug|Any CPU.ActiveCfg = Debug|Any CPU
		{E2E39B4C-E5E1-4163-8FBB-CD01473086D1}.Debug|Any CPU.Build.0 = Debug|Any CPU
		{E2E39B4C-E5E1-4163-8FBB-CD01473086D1}.Debug|Any CPU.Deploy.0 = Debug|Any CPU
		{E2E39B4C-E5E1-4163-8FBB-CD01473086D1}.Debug|ARM.ActiveCfg = Debug|ARM
		{E2E39B4C-E5E1-4163-8FBB-CD01473086D1}.Debug|ARM.Build.0 = Debug|ARM
		{E2E39B4C-E5E1-4163-8FBB-CD01473086D1}.Debug|ARM.Deploy.0 = Debug|ARM
		{E2E39B4C-E5E1-4163-8FBB-CD01473086D1}.Debug|iOS.ActiveCfg = Debug|Any CPU
		{E2E39B4C-E5E1-4163-8FBB-CD01473086D1}.Debug|Mixed Platforms.ActiveCfg = Debug|x86
		{E2E39B4C-E5E1-4163-8FBB-CD01473086D1}.Debug|Mixed Platforms.Build.0 = Debug|x86
		{E2E39B4C-E5E1-4163-8FBB-CD01473086D1}.Debug|Mixed Platforms.Deploy.0 = Debug|x86
		{E2E39B4C-E5E1-4163-8FBB-CD01473086D1}.Debug|Win32.ActiveCfg = Debug|x86
		{E2E39B4C-E5E1-4163-8FBB-CD01473086D1}.Debug|Win32.Build.0 = Debug|x86
		{E2E39B4C-E5E1-4163-8FBB-CD01473086D1}.Debug|Win32.Deploy.0 = Debug|x86
		{E2E39B4C-E5E1-4163-8FBB-CD01473086D1}.Debug|Windows Phone.ActiveCfg = Debug|Any CPU
		{E2E39B4C-E5E1-4163-8FBB-CD01473086D1}.Debug|Windows Phone (Universal).ActiveCfg = Debug|Any CPU
		{E2E39B4C-E5E1-4163-8FBB-CD01473086D1}.Debug|Windows Phone 8.ActiveCfg = Debug|Any CPU
		{E2E39B4C-E5E1-4163-8FBB-CD01473086D1}.Debug|Windows-AnyCPU.ActiveCfg = Debug|Any CPU
		{E2E39B4C-E5E1-4163-8FBB-CD01473086D1}.Debug|Windows-ARM.ActiveCfg = Debug|Any CPU
		{E2E39B4C-E5E1-4163-8FBB-CD01473086D1}.Debug|Windows-x64.ActiveCfg = Debug|Any CPU
		{E2E39B4C-E5E1-4163-8FBB-CD01473086D1}.Debug|Windows-x86.ActiveCfg = Debug|Any CPU
		{E2E39B4C-E5E1-4163-8FBB-CD01473086D1}.Debug|x64.ActiveCfg = Debug|x64
		{E2E39B4C-E5E1-4163-8FBB-CD01473086D1}.Debug|x64.Build.0 = Debug|x64
		{E2E39B4C-E5E1-4163-8FBB-CD01473086D1}.Debug|x64.Deploy.0 = Debug|x64
		{E2E39B4C-E5E1-4163-8FBB-CD01473086D1}.Debug|x86.ActiveCfg = Debug|x86
		{E2E39B4C-E5E1-4163-8FBB-CD01473086D1}.Debug|x86.Build.0 = Debug|x86
		{E2E39B4C-E5E1-4163-8FBB-CD01473086D1}.Debug|x86.Deploy.0 = Debug|x86
		{E2E39B4C-E5E1-4163-8FBB-CD01473086D1}.Distribution|Android.ActiveCfg = Debug|Any CPU
		{E2E39B4C-E5E1-4163-8FBB-CD01473086D1}.Distribution|Any CPU.ActiveCfg = Debug|Any CPU
		{E2E39B4C-E5E1-4163-8FBB-CD01473086D1}.Distribution|Any CPU.Build.0 = Debug|Any CPU
		{E2E39B4C-E5E1-4163-8FBB-CD01473086D1}.Distribution|Any CPU.Deploy.0 = Debug|Any CPU
		{E2E39B4C-E5E1-4163-8FBB-CD01473086D1}.Distribution|ARM.ActiveCfg = Debug|ARM
		{E2E39B4C-E5E1-4163-8FBB-CD01473086D1}.Distribution|ARM.Build.0 = Debug|ARM
		{E2E39B4C-E5E1-4163-8FBB-CD01473086D1}.Distribution|ARM.Deploy.0 = Debug|ARM
		{E2E39B4C-E5E1-4163-8FBB-CD01473086D1}.Distribution|iOS.ActiveCfg = Debug|Any CPU
		{E2E39B4C-E5E1-4163-8FBB-CD01473086D1}.Distribution|Mixed Platforms.ActiveCfg = Debug|x86
		{E2E39B4C-E5E1-4163-8FBB-CD01473086D1}.Distribution|Mixed Platforms.Build.0 = Debug|x86
		{E2E39B4C-E5E1-4163-8FBB-CD01473086D1}.Distribution|Mixed Platforms.Deploy.0 = Debug|x86
		{E2E39B4C-E5E1-4163-8FBB-CD01473086D1}.Distribution|Win32.ActiveCfg = Debug|x86
		{E2E39B4C-E5E1-4163-8FBB-CD01473086D1}.Distribution|Win32.Build.0 = Debug|x86
		{E2E39B4C-E5E1-4163-8FBB-CD01473086D1}.Distribution|Win32.Deploy.0 = Debug|x86
		{E2E39B4C-E5E1-4163-8FBB-CD01473086D1}.Distribution|Windows Phone.ActiveCfg = Debug|Any CPU
		{E2E39B4C-E5E1-4163-8FBB-CD01473086D1}.Distribution|Windows Phone (Universal).ActiveCfg = Debug|Any CPU
		{E2E39B4C-E5E1-4163-8FBB-CD01473086D1}.Distribution|Windows Phone 8.ActiveCfg = Debug|Any CPU
		{E2E39B4C-E5E1-4163-8FBB-CD01473086D1}.Distribution|Windows-AnyCPU.ActiveCfg = Debug|Any CPU
		{E2E39B4C-E5E1-4163-8FBB-CD01473086D1}.Distribution|Windows-ARM.ActiveCfg = Debug|Any CPU
		{E2E39B4C-E5E1-4163-8FBB-CD01473086D1}.Distribution|Windows-x64.ActiveCfg = Debug|Any CPU
		{E2E39B4C-E5E1-4163-8FBB-CD01473086D1}.Distribution|Windows-x86.ActiveCfg = Debug|Any CPU
		{E2E39B4C-E5E1-4163-8FBB-CD01473086D1}.Distribution|x64.ActiveCfg = Debug|x64
		{E2E39B4C-E5E1-4163-8FBB-CD01473086D1}.Distribution|x64.Build.0 = Debug|x64
		{E2E39B4C-E5E1-4163-8FBB-CD01473086D1}.Distribution|x64.Deploy.0 = Debug|x64
		{E2E39B4C-E5E1-4163-8FBB-CD01473086D1}.Distribution|x86.ActiveCfg = Debug|x86
		{E2E39B4C-E5E1-4163-8FBB-CD01473086D1}.Distribution|x86.Build.0 = Debug|x86
		{E2E39B4C-E5E1-4163-8FBB-CD01473086D1}.Distribution|x86.Deploy.0 = Debug|x86
		{E2E39B4C-E5E1-4163-8FBB-CD01473086D1}.Release|Android.ActiveCfg = Release|Any CPU
		{E2E39B4C-E5E1-4163-8FBB-CD01473086D1}.Release|Any CPU.ActiveCfg = Release|Any CPU
		{E2E39B4C-E5E1-4163-8FBB-CD01473086D1}.Release|Any CPU.Build.0 = Release|Any CPU
		{E2E39B4C-E5E1-4163-8FBB-CD01473086D1}.Release|Any CPU.Deploy.0 = Release|Any CPU
		{E2E39B4C-E5E1-4163-8FBB-CD01473086D1}.Release|ARM.ActiveCfg = Release|ARM
		{E2E39B4C-E5E1-4163-8FBB-CD01473086D1}.Release|ARM.Build.0 = Release|ARM
		{E2E39B4C-E5E1-4163-8FBB-CD01473086D1}.Release|ARM.Deploy.0 = Release|ARM
		{E2E39B4C-E5E1-4163-8FBB-CD01473086D1}.Release|iOS.ActiveCfg = Release|Any CPU
		{E2E39B4C-E5E1-4163-8FBB-CD01473086D1}.Release|Mixed Platforms.ActiveCfg = Release|x86
		{E2E39B4C-E5E1-4163-8FBB-CD01473086D1}.Release|Mixed Platforms.Build.0 = Release|x86
		{E2E39B4C-E5E1-4163-8FBB-CD01473086D1}.Release|Mixed Platforms.Deploy.0 = Release|x86
		{E2E39B4C-E5E1-4163-8FBB-CD01473086D1}.Release|Win32.ActiveCfg = Release|x86
		{E2E39B4C-E5E1-4163-8FBB-CD01473086D1}.Release|Win32.Build.0 = Release|x86
		{E2E39B4C-E5E1-4163-8FBB-CD01473086D1}.Release|Win32.Deploy.0 = Release|x86
		{E2E39B4C-E5E1-4163-8FBB-CD01473086D1}.Release|Windows Phone.ActiveCfg = Release|Any CPU
		{E2E39B4C-E5E1-4163-8FBB-CD01473086D1}.Release|Windows Phone (Universal).ActiveCfg = Release|Any CPU
		{E2E39B4C-E5E1-4163-8FBB-CD01473086D1}.Release|Windows Phone 8.ActiveCfg = Release|Any CPU
		{E2E39B4C-E5E1-4163-8FBB-CD01473086D1}.Release|Windows-AnyCPU.ActiveCfg = Release|Any CPU
		{E2E39B4C-E5E1-4163-8FBB-CD01473086D1}.Release|Windows-ARM.ActiveCfg = Release|Any CPU
		{E2E39B4C-E5E1-4163-8FBB-CD01473086D1}.Release|Windows-x64.ActiveCfg = Release|Any CPU
		{E2E39B4C-E5E1-4163-8FBB-CD01473086D1}.Release|Windows-x86.ActiveCfg = Release|Any CPU
		{E2E39B4C-E5E1-4163-8FBB-CD01473086D1}.Release|x64.ActiveCfg = Release|x64
		{E2E39B4C-E5E1-4163-8FBB-CD01473086D1}.Release|x64.Build.0 = Release|x64
		{E2E39B4C-E5E1-4163-8FBB-CD01473086D1}.Release|x64.Deploy.0 = Release|x64
		{E2E39B4C-E5E1-4163-8FBB-CD01473086D1}.Release|x86.ActiveCfg = Release|x86
		{E2E39B4C-E5E1-4163-8FBB-CD01473086D1}.Release|x86.Build.0 = Release|x86
		{E2E39B4C-E5E1-4163-8FBB-CD01473086D1}.Release|x86.Deploy.0 = Release|x86
		{3C768AD4-DAC5-40D5-8AB7-141780333BAF}.Debug|Android.ActiveCfg = Debug|Any CPU
		{3C768AD4-DAC5-40D5-8AB7-141780333BAF}.Debug|Any CPU.ActiveCfg = Debug|Any CPU
		{3C768AD4-DAC5-40D5-8AB7-141780333BAF}.Debug|Any CPU.Build.0 = Debug|Any CPU
		{3C768AD4-DAC5-40D5-8AB7-141780333BAF}.Debug|ARM.ActiveCfg = Debug|Any CPU
		{3C768AD4-DAC5-40D5-8AB7-141780333BAF}.Debug|iOS.ActiveCfg = Debug|Any CPU
		{3C768AD4-DAC5-40D5-8AB7-141780333BAF}.Debug|Mixed Platforms.ActiveCfg = Debug|Any CPU
		{3C768AD4-DAC5-40D5-8AB7-141780333BAF}.Debug|Mixed Platforms.Build.0 = Debug|Any CPU
		{3C768AD4-DAC5-40D5-8AB7-141780333BAF}.Debug|Win32.ActiveCfg = Debug|Any CPU
		{3C768AD4-DAC5-40D5-8AB7-141780333BAF}.Debug|Windows Phone.ActiveCfg = Debug|Any CPU
		{3C768AD4-DAC5-40D5-8AB7-141780333BAF}.Debug|Windows Phone (Universal).ActiveCfg = Debug|Any CPU
		{3C768AD4-DAC5-40D5-8AB7-141780333BAF}.Debug|Windows Phone 8.ActiveCfg = Debug|Any CPU
		{3C768AD4-DAC5-40D5-8AB7-141780333BAF}.Debug|Windows-AnyCPU.ActiveCfg = Debug|Any CPU
		{3C768AD4-DAC5-40D5-8AB7-141780333BAF}.Debug|Windows-ARM.ActiveCfg = Debug|Any CPU
		{3C768AD4-DAC5-40D5-8AB7-141780333BAF}.Debug|Windows-x64.ActiveCfg = Debug|Any CPU
		{3C768AD4-DAC5-40D5-8AB7-141780333BAF}.Debug|Windows-x86.ActiveCfg = Debug|Any CPU
		{3C768AD4-DAC5-40D5-8AB7-141780333BAF}.Debug|x64.ActiveCfg = Debug|Any CPU
		{3C768AD4-DAC5-40D5-8AB7-141780333BAF}.Debug|x86.ActiveCfg = Debug|Any CPU
		{3C768AD4-DAC5-40D5-8AB7-141780333BAF}.Distribution|Android.ActiveCfg = Debug|Any CPU
		{3C768AD4-DAC5-40D5-8AB7-141780333BAF}.Distribution|Any CPU.ActiveCfg = Debug|Any CPU
		{3C768AD4-DAC5-40D5-8AB7-141780333BAF}.Distribution|Any CPU.Build.0 = Debug|Any CPU
		{3C768AD4-DAC5-40D5-8AB7-141780333BAF}.Distribution|ARM.ActiveCfg = Debug|Any CPU
		{3C768AD4-DAC5-40D5-8AB7-141780333BAF}.Distribution|iOS.ActiveCfg = Debug|Any CPU
		{3C768AD4-DAC5-40D5-8AB7-141780333BAF}.Distribution|Mixed Platforms.ActiveCfg = Debug|Any CPU
		{3C768AD4-DAC5-40D5-8AB7-141780333BAF}.Distribution|Mixed Platforms.Build.0 = Debug|Any CPU
		{3C768AD4-DAC5-40D5-8AB7-141780333BAF}.Distribution|Win32.ActiveCfg = Debug|Any CPU
		{3C768AD4-DAC5-40D5-8AB7-141780333BAF}.Distribution|Windows Phone.ActiveCfg = Debug|Any CPU
		{3C768AD4-DAC5-40D5-8AB7-141780333BAF}.Distribution|Windows Phone (Universal).ActiveCfg = Debug|Any CPU
		{3C768AD4-DAC5-40D5-8AB7-141780333BAF}.Distribution|Windows Phone 8.ActiveCfg = Debug|Any CPU
		{3C768AD4-DAC5-40D5-8AB7-141780333BAF}.Distribution|Windows-AnyCPU.ActiveCfg = Debug|Any CPU
		{3C768AD4-DAC5-40D5-8AB7-141780333BAF}.Distribution|Windows-ARM.ActiveCfg = Debug|Any CPU
		{3C768AD4-DAC5-40D5-8AB7-141780333BAF}.Distribution|Windows-x64.ActiveCfg = Debug|Any CPU
		{3C768AD4-DAC5-40D5-8AB7-141780333BAF}.Distribution|Windows-x86.ActiveCfg = Debug|Any CPU
		{3C768AD4-DAC5-40D5-8AB7-141780333BAF}.Distribution|x64.ActiveCfg = Debug|Any CPU
		{3C768AD4-DAC5-40D5-8AB7-141780333BAF}.Distribution|x86.ActiveCfg = Debug|Any CPU
		{3C768AD4-DAC5-40D5-8AB7-141780333BAF}.Release|Android.ActiveCfg = Release|Any CPU
		{3C768AD4-DAC5-40D5-8AB7-141780333BAF}.Release|Any CPU.ActiveCfg = Release|Any CPU
		{3C768AD4-DAC5-40D5-8AB7-141780333BAF}.Release|Any CPU.Build.0 = Release|Any CPU
		{3C768AD4-DAC5-40D5-8AB7-141780333BAF}.Release|ARM.ActiveCfg = Release|Any CPU
		{3C768AD4-DAC5-40D5-8AB7-141780333BAF}.Release|iOS.ActiveCfg = Release|Any CPU
		{3C768AD4-DAC5-40D5-8AB7-141780333BAF}.Release|Mixed Platforms.ActiveCfg = Release|Any CPU
		{3C768AD4-DAC5-40D5-8AB7-141780333BAF}.Release|Mixed Platforms.Build.0 = Release|Any CPU
		{3C768AD4-DAC5-40D5-8AB7-141780333BAF}.Release|Win32.ActiveCfg = Release|Any CPU
		{3C768AD4-DAC5-40D5-8AB7-141780333BAF}.Release|Windows Phone.ActiveCfg = Release|Any CPU
		{3C768AD4-DAC5-40D5-8AB7-141780333BAF}.Release|Windows Phone (Universal).ActiveCfg = Release|Any CPU
		{3C768AD4-DAC5-40D5-8AB7-141780333BAF}.Release|Windows Phone 8.ActiveCfg = Release|Any CPU
		{3C768AD4-DAC5-40D5-8AB7-141780333BAF}.Release|Windows-AnyCPU.ActiveCfg = Release|Any CPU
		{3C768AD4-DAC5-40D5-8AB7-141780333BAF}.Release|Windows-ARM.ActiveCfg = Release|Any CPU
		{3C768AD4-DAC5-40D5-8AB7-141780333BAF}.Release|Windows-x64.ActiveCfg = Release|Any CPU
		{3C768AD4-DAC5-40D5-8AB7-141780333BAF}.Release|Windows-x86.ActiveCfg = Release|Any CPU
		{3C768AD4-DAC5-40D5-8AB7-141780333BAF}.Release|x64.ActiveCfg = Release|Any CPU
		{3C768AD4-DAC5-40D5-8AB7-141780333BAF}.Release|x86.ActiveCfg = Release|Any CPU
		{B6093B0A-09A7-4DE9-BF0B-5740D2065840}.Debug|Android.ActiveCfg = Debug|Any CPU
		{B6093B0A-09A7-4DE9-BF0B-5740D2065840}.Debug|Any CPU.ActiveCfg = Debug|Any CPU
		{B6093B0A-09A7-4DE9-BF0B-5740D2065840}.Debug|Any CPU.Build.0 = Debug|Any CPU
		{B6093B0A-09A7-4DE9-BF0B-5740D2065840}.Debug|ARM.ActiveCfg = Debug|Any CPU
		{B6093B0A-09A7-4DE9-BF0B-5740D2065840}.Debug|iOS.ActiveCfg = Debug|Any CPU
		{B6093B0A-09A7-4DE9-BF0B-5740D2065840}.Debug|Mixed Platforms.ActiveCfg = Debug|Any CPU
		{B6093B0A-09A7-4DE9-BF0B-5740D2065840}.Debug|Mixed Platforms.Build.0 = Debug|Any CPU
		{B6093B0A-09A7-4DE9-BF0B-5740D2065840}.Debug|Win32.ActiveCfg = Debug|Any CPU
		{B6093B0A-09A7-4DE9-BF0B-5740D2065840}.Debug|Windows Phone.ActiveCfg = Debug|Any CPU
		{B6093B0A-09A7-4DE9-BF0B-5740D2065840}.Debug|Windows Phone (Universal).ActiveCfg = Debug|Any CPU
		{B6093B0A-09A7-4DE9-BF0B-5740D2065840}.Debug|Windows Phone 8.ActiveCfg = Debug|Any CPU
		{B6093B0A-09A7-4DE9-BF0B-5740D2065840}.Debug|Windows-AnyCPU.ActiveCfg = Debug|Any CPU
		{B6093B0A-09A7-4DE9-BF0B-5740D2065840}.Debug|Windows-ARM.ActiveCfg = Debug|Any CPU
		{B6093B0A-09A7-4DE9-BF0B-5740D2065840}.Debug|Windows-x64.ActiveCfg = Debug|Any CPU
		{B6093B0A-09A7-4DE9-BF0B-5740D2065840}.Debug|Windows-x86.ActiveCfg = Debug|Any CPU
		{B6093B0A-09A7-4DE9-BF0B-5740D2065840}.Debug|x64.ActiveCfg = Debug|Any CPU
		{B6093B0A-09A7-4DE9-BF0B-5740D2065840}.Debug|x86.ActiveCfg = Debug|Any CPU
		{B6093B0A-09A7-4DE9-BF0B-5740D2065840}.Distribution|Android.ActiveCfg = Debug|Any CPU
		{B6093B0A-09A7-4DE9-BF0B-5740D2065840}.Distribution|Any CPU.ActiveCfg = Debug|Any CPU
		{B6093B0A-09A7-4DE9-BF0B-5740D2065840}.Distribution|Any CPU.Build.0 = Debug|Any CPU
		{B6093B0A-09A7-4DE9-BF0B-5740D2065840}.Distribution|ARM.ActiveCfg = Debug|Any CPU
		{B6093B0A-09A7-4DE9-BF0B-5740D2065840}.Distribution|iOS.ActiveCfg = Debug|Any CPU
		{B6093B0A-09A7-4DE9-BF0B-5740D2065840}.Distribution|Mixed Platforms.ActiveCfg = Debug|Any CPU
		{B6093B0A-09A7-4DE9-BF0B-5740D2065840}.Distribution|Mixed Platforms.Build.0 = Debug|Any CPU
		{B6093B0A-09A7-4DE9-BF0B-5740D2065840}.Distribution|Win32.ActiveCfg = Debug|Any CPU
		{B6093B0A-09A7-4DE9-BF0B-5740D2065840}.Distribution|Windows Phone.ActiveCfg = Debug|Any CPU
		{B6093B0A-09A7-4DE9-BF0B-5740D2065840}.Distribution|Windows Phone (Universal).ActiveCfg = Debug|Any CPU
		{B6093B0A-09A7-4DE9-BF0B-5740D2065840}.Distribution|Windows Phone 8.ActiveCfg = Debug|Any CPU
		{B6093B0A-09A7-4DE9-BF0B-5740D2065840}.Distribution|Windows-AnyCPU.ActiveCfg = Debug|Any CPU
		{B6093B0A-09A7-4DE9-BF0B-5740D2065840}.Distribution|Windows-ARM.ActiveCfg = Debug|Any CPU
		{B6093B0A-09A7-4DE9-BF0B-5740D2065840}.Distribution|Windows-x64.ActiveCfg = Debug|Any CPU
		{B6093B0A-09A7-4DE9-BF0B-5740D2065840}.Distribution|Windows-x86.ActiveCfg = Debug|Any CPU
		{B6093B0A-09A7-4DE9-BF0B-5740D2065840}.Distribution|x64.ActiveCfg = Debug|Any CPU
		{B6093B0A-09A7-4DE9-BF0B-5740D2065840}.Distribution|x86.ActiveCfg = Debug|Any CPU
		{B6093B0A-09A7-4DE9-BF0B-5740D2065840}.Release|Android.ActiveCfg = Release|Any CPU
		{B6093B0A-09A7-4DE9-BF0B-5740D2065840}.Release|Any CPU.ActiveCfg = Release|Any CPU
		{B6093B0A-09A7-4DE9-BF0B-5740D2065840}.Release|Any CPU.Build.0 = Release|Any CPU
		{B6093B0A-09A7-4DE9-BF0B-5740D2065840}.Release|ARM.ActiveCfg = Release|Any CPU
		{B6093B0A-09A7-4DE9-BF0B-5740D2065840}.Release|iOS.ActiveCfg = Release|Any CPU
		{B6093B0A-09A7-4DE9-BF0B-5740D2065840}.Release|Mixed Platforms.ActiveCfg = Release|Any CPU
		{B6093B0A-09A7-4DE9-BF0B-5740D2065840}.Release|Mixed Platforms.Build.0 = Release|Any CPU
		{B6093B0A-09A7-4DE9-BF0B-5740D2065840}.Release|Win32.ActiveCfg = Release|Any CPU
		{B6093B0A-09A7-4DE9-BF0B-5740D2065840}.Release|Windows Phone.ActiveCfg = Release|Any CPU
		{B6093B0A-09A7-4DE9-BF0B-5740D2065840}.Release|Windows Phone (Universal).ActiveCfg = Release|Any CPU
		{B6093B0A-09A7-4DE9-BF0B-5740D2065840}.Release|Windows Phone 8.ActiveCfg = Release|Any CPU
		{B6093B0A-09A7-4DE9-BF0B-5740D2065840}.Release|Windows-AnyCPU.ActiveCfg = Release|Any CPU
		{B6093B0A-09A7-4DE9-BF0B-5740D2065840}.Release|Windows-ARM.ActiveCfg = Release|Any CPU
		{B6093B0A-09A7-4DE9-BF0B-5740D2065840}.Release|Windows-x64.ActiveCfg = Release|Any CPU
		{B6093B0A-09A7-4DE9-BF0B-5740D2065840}.Release|Windows-x86.ActiveCfg = Release|Any CPU
		{B6093B0A-09A7-4DE9-BF0B-5740D2065840}.Release|x64.ActiveCfg = Release|Any CPU
		{B6093B0A-09A7-4DE9-BF0B-5740D2065840}.Release|x86.ActiveCfg = Release|Any CPU
		{4E325032-0060-4965-BCEB-E737AE088AAF}.Debug|Android.ActiveCfg = Debug|Any CPU
		{4E325032-0060-4965-BCEB-E737AE088AAF}.Debug|Android.Build.0 = Debug|Any CPU
		{4E325032-0060-4965-BCEB-E737AE088AAF}.Debug|Any CPU.ActiveCfg = Debug|Any CPU
		{4E325032-0060-4965-BCEB-E737AE088AAF}.Debug|Any CPU.Build.0 = Debug|Any CPU
		{4E325032-0060-4965-BCEB-E737AE088AAF}.Debug|ARM.ActiveCfg = Debug|ARM
		{4E325032-0060-4965-BCEB-E737AE088AAF}.Debug|ARM.Build.0 = Debug|ARM
		{4E325032-0060-4965-BCEB-E737AE088AAF}.Debug|iOS.ActiveCfg = Debug|Any CPU
		{4E325032-0060-4965-BCEB-E737AE088AAF}.Debug|iOS.Build.0 = Debug|Any CPU
		{4E325032-0060-4965-BCEB-E737AE088AAF}.Debug|Mixed Platforms.ActiveCfg = Debug|x86
		{4E325032-0060-4965-BCEB-E737AE088AAF}.Debug|Mixed Platforms.Build.0 = Debug|x86
		{4E325032-0060-4965-BCEB-E737AE088AAF}.Debug|Win32.ActiveCfg = Debug|x86
		{4E325032-0060-4965-BCEB-E737AE088AAF}.Debug|Win32.Build.0 = Debug|x86
		{4E325032-0060-4965-BCEB-E737AE088AAF}.Debug|Windows Phone.ActiveCfg = Debug|Any CPU
		{4E325032-0060-4965-BCEB-E737AE088AAF}.Debug|Windows Phone.Build.0 = Debug|Any CPU
		{4E325032-0060-4965-BCEB-E737AE088AAF}.Debug|Windows Phone (Universal).ActiveCfg = Debug|Any CPU
		{4E325032-0060-4965-BCEB-E737AE088AAF}.Debug|Windows Phone (Universal).Build.0 = Debug|Any CPU
		{4E325032-0060-4965-BCEB-E737AE088AAF}.Debug|Windows Phone 8.ActiveCfg = Debug|Any CPU
		{4E325032-0060-4965-BCEB-E737AE088AAF}.Debug|Windows Phone 8.Build.0 = Debug|Any CPU
		{4E325032-0060-4965-BCEB-E737AE088AAF}.Debug|Windows-AnyCPU.ActiveCfg = Debug|Any CPU
		{4E325032-0060-4965-BCEB-E737AE088AAF}.Debug|Windows-AnyCPU.Build.0 = Debug|Any CPU
		{4E325032-0060-4965-BCEB-E737AE088AAF}.Debug|Windows-ARM.ActiveCfg = Debug|Any CPU
		{4E325032-0060-4965-BCEB-E737AE088AAF}.Debug|Windows-ARM.Build.0 = Debug|Any CPU
		{4E325032-0060-4965-BCEB-E737AE088AAF}.Debug|Windows-x64.ActiveCfg = Debug|Any CPU
		{4E325032-0060-4965-BCEB-E737AE088AAF}.Debug|Windows-x64.Build.0 = Debug|Any CPU
		{4E325032-0060-4965-BCEB-E737AE088AAF}.Debug|Windows-x86.ActiveCfg = Debug|Any CPU
		{4E325032-0060-4965-BCEB-E737AE088AAF}.Debug|Windows-x86.Build.0 = Debug|Any CPU
		{4E325032-0060-4965-BCEB-E737AE088AAF}.Debug|x64.ActiveCfg = Debug|x64
		{4E325032-0060-4965-BCEB-E737AE088AAF}.Debug|x64.Build.0 = Debug|x64
		{4E325032-0060-4965-BCEB-E737AE088AAF}.Debug|x86.ActiveCfg = Debug|x86
		{4E325032-0060-4965-BCEB-E737AE088AAF}.Debug|x86.Build.0 = Debug|x86
		{4E325032-0060-4965-BCEB-E737AE088AAF}.Distribution|Android.ActiveCfg = Debug|Any CPU
		{4E325032-0060-4965-BCEB-E737AE088AAF}.Distribution|Android.Build.0 = Debug|Any CPU
		{4E325032-0060-4965-BCEB-E737AE088AAF}.Distribution|Any CPU.ActiveCfg = Debug|Any CPU
		{4E325032-0060-4965-BCEB-E737AE088AAF}.Distribution|Any CPU.Build.0 = Debug|Any CPU
		{4E325032-0060-4965-BCEB-E737AE088AAF}.Distribution|ARM.ActiveCfg = Debug|ARM
		{4E325032-0060-4965-BCEB-E737AE088AAF}.Distribution|ARM.Build.0 = Debug|ARM
		{4E325032-0060-4965-BCEB-E737AE088AAF}.Distribution|iOS.ActiveCfg = Debug|Any CPU
		{4E325032-0060-4965-BCEB-E737AE088AAF}.Distribution|iOS.Build.0 = Debug|Any CPU
		{4E325032-0060-4965-BCEB-E737AE088AAF}.Distribution|Mixed Platforms.ActiveCfg = Debug|x86
		{4E325032-0060-4965-BCEB-E737AE088AAF}.Distribution|Mixed Platforms.Build.0 = Debug|x86
		{4E325032-0060-4965-BCEB-E737AE088AAF}.Distribution|Win32.ActiveCfg = Debug|x86
		{4E325032-0060-4965-BCEB-E737AE088AAF}.Distribution|Win32.Build.0 = Debug|x86
		{4E325032-0060-4965-BCEB-E737AE088AAF}.Distribution|Windows Phone.ActiveCfg = Debug|Any CPU
		{4E325032-0060-4965-BCEB-E737AE088AAF}.Distribution|Windows Phone.Build.0 = Debug|Any CPU
		{4E325032-0060-4965-BCEB-E737AE088AAF}.Distribution|Windows Phone (Universal).ActiveCfg = Debug|Any CPU
		{4E325032-0060-4965-BCEB-E737AE088AAF}.Distribution|Windows Phone (Universal).Build.0 = Debug|Any CPU
		{4E325032-0060-4965-BCEB-E737AE088AAF}.Distribution|Windows Phone 8.ActiveCfg = Debug|Any CPU
		{4E325032-0060-4965-BCEB-E737AE088AAF}.Distribution|Windows Phone 8.Build.0 = Debug|Any CPU
		{4E325032-0060-4965-BCEB-E737AE088AAF}.Distribution|Windows-AnyCPU.ActiveCfg = Debug|Any CPU
		{4E325032-0060-4965-BCEB-E737AE088AAF}.Distribution|Windows-AnyCPU.Build.0 = Debug|Any CPU
		{4E325032-0060-4965-BCEB-E737AE088AAF}.Distribution|Windows-ARM.ActiveCfg = Debug|Any CPU
		{4E325032-0060-4965-BCEB-E737AE088AAF}.Distribution|Windows-ARM.Build.0 = Debug|Any CPU
		{4E325032-0060-4965-BCEB-E737AE088AAF}.Distribution|Windows-x64.ActiveCfg = Debug|Any CPU
		{4E325032-0060-4965-BCEB-E737AE088AAF}.Distribution|Windows-x64.Build.0 = Debug|Any CPU
		{4E325032-0060-4965-BCEB-E737AE088AAF}.Distribution|Windows-x86.ActiveCfg = Debug|Any CPU
		{4E325032-0060-4965-BCEB-E737AE088AAF}.Distribution|Windows-x86.Build.0 = Debug|Any CPU
		{4E325032-0060-4965-BCEB-E737AE088AAF}.Distribution|x64.ActiveCfg = Debug|x64
		{4E325032-0060-4965-BCEB-E737AE088AAF}.Distribution|x64.Build.0 = Debug|x64
		{4E325032-0060-4965-BCEB-E737AE088AAF}.Distribution|x86.ActiveCfg = Debug|x86
		{4E325032-0060-4965-BCEB-E737AE088AAF}.Distribution|x86.Build.0 = Debug|x86
		{4E325032-0060-4965-BCEB-E737AE088AAF}.Release|Android.ActiveCfg = Release|Any CPU
		{4E325032-0060-4965-BCEB-E737AE088AAF}.Release|Android.Build.0 = Release|Any CPU
		{4E325032-0060-4965-BCEB-E737AE088AAF}.Release|Any CPU.ActiveCfg = Release|Any CPU
		{4E325032-0060-4965-BCEB-E737AE088AAF}.Release|Any CPU.Build.0 = Release|Any CPU
		{4E325032-0060-4965-BCEB-E737AE088AAF}.Release|ARM.ActiveCfg = Release|ARM
		{4E325032-0060-4965-BCEB-E737AE088AAF}.Release|ARM.Build.0 = Release|ARM
		{4E325032-0060-4965-BCEB-E737AE088AAF}.Release|iOS.ActiveCfg = Release|Any CPU
		{4E325032-0060-4965-BCEB-E737AE088AAF}.Release|iOS.Build.0 = Release|Any CPU
		{4E325032-0060-4965-BCEB-E737AE088AAF}.Release|Mixed Platforms.ActiveCfg = Release|x86
		{4E325032-0060-4965-BCEB-E737AE088AAF}.Release|Mixed Platforms.Build.0 = Release|x86
		{4E325032-0060-4965-BCEB-E737AE088AAF}.Release|Win32.ActiveCfg = Release|x86
		{4E325032-0060-4965-BCEB-E737AE088AAF}.Release|Win32.Build.0 = Release|x86
		{4E325032-0060-4965-BCEB-E737AE088AAF}.Release|Windows Phone.ActiveCfg = Release|Any CPU
		{4E325032-0060-4965-BCEB-E737AE088AAF}.Release|Windows Phone.Build.0 = Release|Any CPU
		{4E325032-0060-4965-BCEB-E737AE088AAF}.Release|Windows Phone (Universal).ActiveCfg = Release|Any CPU
		{4E325032-0060-4965-BCEB-E737AE088AAF}.Release|Windows Phone (Universal).Build.0 = Release|Any CPU
		{4E325032-0060-4965-BCEB-E737AE088AAF}.Release|Windows Phone 8.ActiveCfg = Release|Any CPU
		{4E325032-0060-4965-BCEB-E737AE088AAF}.Release|Windows Phone 8.Build.0 = Release|Any CPU
		{4E325032-0060-4965-BCEB-E737AE088AAF}.Release|Windows-AnyCPU.ActiveCfg = Release|Any CPU
		{4E325032-0060-4965-BCEB-E737AE088AAF}.Release|Windows-AnyCPU.Build.0 = Release|Any CPU
		{4E325032-0060-4965-BCEB-E737AE088AAF}.Release|Windows-ARM.ActiveCfg = Release|Any CPU
		{4E325032-0060-4965-BCEB-E737AE088AAF}.Release|Windows-ARM.Build.0 = Release|Any CPU
		{4E325032-0060-4965-BCEB-E737AE088AAF}.Release|Windows-x64.ActiveCfg = Release|Any CPU
		{4E325032-0060-4965-BCEB-E737AE088AAF}.Release|Windows-x64.Build.0 = Release|Any CPU
		{4E325032-0060-4965-BCEB-E737AE088AAF}.Release|Windows-x86.ActiveCfg = Release|Any CPU
		{4E325032-0060-4965-BCEB-E737AE088AAF}.Release|Windows-x86.Build.0 = Release|Any CPU
		{4E325032-0060-4965-BCEB-E737AE088AAF}.Release|x64.ActiveCfg = Release|x64
		{4E325032-0060-4965-BCEB-E737AE088AAF}.Release|x64.Build.0 = Release|x64
		{4E325032-0060-4965-BCEB-E737AE088AAF}.Release|x86.ActiveCfg = Release|x86
		{4E325032-0060-4965-BCEB-E737AE088AAF}.Release|x86.Build.0 = Release|x86
	EndGlobalSection
	GlobalSection(SolutionProperties) = preSolution
		HideSolutionNode = FALSE
	EndGlobalSection
	GlobalSection(NestedProjects) = preSolution
		{EA18ADF8-C135-42E2-AED3-B90B0A5E2EA5} = {BDDA09DC-2E8A-4B0C-A88C-8B4558365756}
	EndGlobalSection
EndGlobal
